<?xml version="1.0" encoding="utf-8"?>
<Project ToolsVersion="4.0" xmlns="http://schemas.microsoft.com/developer/msbuild/2003">
  <ItemGroup>
    <ClInclude Include="pch.h" />
    <ClInclude Include="android_native_app_glue.h" />
    <ClInclude Include="..\..\..\ZUI\ZUI.h">
      <Filter>头文件</Filter>
    </ClInclude>
    <ClInclude Include="..\..\..\ZUI\control\Browser.h">
      <Filter>头文件\control</Filter>
    </ClInclude>
    <ClInclude Include="..\..\..\ZUI\control\Button.h">
      <Filter>头文件\control</Filter>
    </ClInclude>
    <ClInclude Include="..\..\..\ZUI\control\CheckBox.h">
      <Filter>头文件\control</Filter>
    </ClInclude>
    <ClInclude Include="..\..\..\ZUI\control\Edit.h">
      <Filter>头文件\control</Filter>
    </ClInclude>
    <ClInclude Include="..\..\..\ZUI\control\Html.h">
      <Filter>头文件\control</Filter>
    </ClInclude>
    <ClInclude Include="..\..\..\ZUI\control\Label.h">
      <Filter>头文件\control</Filter>
    </ClInclude>
    <ClInclude Include="..\..\..\ZUI\control\List.h">
      <Filter>头文件\control</Filter>
    </ClInclude>
    <ClInclude Include="..\..\..\ZUI\control\Menu.h">
      <Filter>头文件\control</Filter>
    </ClInclude>
    <ClInclude Include="..\..\..\ZUI\control\MenuBar.h">
      <Filter>头文件\control</Filter>
    </ClInclude>
    <ClInclude Include="..\..\..\ZUI\control\Option.h">
      <Filter>头文件\control</Filter>
    </ClInclude>
    <ClInclude Include="..\..\..\ZUI\control\ProgressBar.h">
      <Filter>头文件\control</Filter>
    </ClInclude>
    <ClInclude Include="..\..\..\ZUI\control\Register.h">
      <Filter>头文件\control</Filter>
    </ClInclude>
    <ClInclude Include="..\..\..\ZUI\control\ScrollBar.h">
      <Filter>头文件\control</Filter>
    </ClInclude>
    <ClInclude Include="..\..\..\ZUI\control\SplitterBar.h">
      <Filter>头文件\control</Filter>
    </ClInclude>
    <ClInclude Include="..\..\..\ZUI\control\TreeView.h">
      <Filter>头文件\control</Filter>
    </ClInclude>
    <ClInclude Include="..\..\..\ZUI\control\Virtual.h">
      <Filter>头文件\control</Filter>
    </ClInclude>
    <ClInclude Include="..\..\..\ZUI\control\Window.h">
      <Filter>头文件\control</Filter>
    </ClInclude>
    <ClInclude Include="..\..\..\ZUI\core\animation.h">
      <Filter>头文件\core</Filter>
    </ClInclude>
    <ClInclude Include="..\..\..\ZUI\core\builder.h">
      <Filter>头文件\core</Filter>
    </ClInclude>
    <ClInclude Include="..\..\..\ZUI\core\carray.h">
      <Filter>头文件\core</Filter>
    </ClInclude>
    <ClInclude Include="..\..\..\ZUI\core\control.h">
      <Filter>头文件\core</Filter>
    </ClInclude>
    <ClInclude Include="..\..\..\ZUI\core\debug.h">
      <Filter>头文件\core</Filter>
    </ClInclude>
    <ClInclude Include="..\..\..\ZUI\core\function.h">
      <Filter>头文件\core</Filter>
    </ClInclude>
    <ClInclude Include="..\..\..\ZUI\core\global.h">
      <Filter>头文件\core</Filter>
    </ClInclude>
    <ClInclude Include="..\..\..\ZUI\core\manager.h">
      <Filter>头文件\core</Filter>
    </ClInclude>
    <ClInclude Include="..\..\..\ZUI\core\memory.h">
      <Filter>头文件\core</Filter>
    </ClInclude>
    <ClInclude Include="..\..\..\ZUI\core\mxml.h">
      <Filter>头文件\core</Filter>
    </ClInclude>
    <ClInclude Include="..\..\..\ZUI\core\resdb.h">
      <Filter>头文件\core</Filter>
    </ClInclude>
    <ClInclude Include="..\..\..\ZUI\core\string.h">
      <Filter>头文件\core</Filter>
    </ClInclude>
    <ClInclude Include="..\..\..\ZUI\core\template.h">
      <Filter>头文件\core</Filter>
    </ClInclude>
    <ClInclude Include="..\..\..\ZUI\core\tree.h">
      <Filter>头文件\core</Filter>
    </ClInclude>
    <ClInclude Include="..\..\..\ZUI\dukluv\src\duv.h">
      <Filter>头文件\dukluv\src</Filter>
    </ClInclude>
    <ClInclude Include="..\..\..\ZUI\dukluv\src\duv_callbacks.h">
      <Filter>头文件\dukluv\src</Filter>
    </ClInclude>
    <ClInclude Include="..\..\..\ZUI\dukluv\src\duv_fs.h">
      <Filter>头文件\dukluv\src</Filter>
    </ClInclude>
    <ClInclude Include="..\..\..\ZUI\dukluv\src\duv_handle.h">
      <Filter>头文件\dukluv\src</Filter>
    </ClInclude>
    <ClInclude Include="..\..\..\ZUI\dukluv\src\duv_misc.h">
      <Filter>头文件\dukluv\src</Filter>
    </ClInclude>
    <ClInclude Include="..\..\..\ZUI\dukluv\src\duv_pipe.h">
      <Filter>头文件\dukluv\src</Filter>
    </ClInclude>
    <ClInclude Include="..\..\..\ZUI\dukluv\src\duv_refs.h">
      <Filter>头文件\dukluv\src</Filter>
    </ClInclude>
    <ClInclude Include="..\..\..\ZUI\dukluv\src\duv_req.h">
      <Filter>头文件\dukluv\src</Filter>
    </ClInclude>
    <ClInclude Include="..\..\..\ZUI\dukluv\src\duv_schema.h">
      <Filter>头文件\dukluv\src</Filter>
    </ClInclude>
    <ClInclude Include="..\..\..\ZUI\dukluv\src\duv_stream.h">
      <Filter>头文件\dukluv\src</Filter>
    </ClInclude>
    <ClInclude Include="..\..\..\ZUI\dukluv\src\duv_tcp.h">
      <Filter>头文件\dukluv\src</Filter>
    </ClInclude>
    <ClInclude Include="..\..\..\ZUI\dukluv\src\duv_timer.h">
      <Filter>头文件\dukluv\src</Filter>
    </ClInclude>
    <ClInclude Include="..\..\..\ZUI\dukluv\src\duv_udp.h">
      <Filter>头文件\dukluv\src</Filter>
    </ClInclude>
    <ClInclude Include="..\..\..\ZUI\dukluv\src\duv_utils.h">
      <Filter>头文件\dukluv\src</Filter>
    </ClInclude>
    <ClInclude Include="..\..\..\ZUI\dukluv\src\miniz.h">
      <Filter>头文件\dukluv\src</Filter>
    </ClInclude>
    <ClInclude Include="..\..\..\ZUI\dukluv\src\uv_schema.h">
      <Filter>头文件\dukluv\src</Filter>
    </ClInclude>
    <ClInclude Include="..\..\..\ZUI\duktape\duk_api_internal.h">
      <Filter>头文件\duktape</Filter>
    </ClInclude>
    <ClInclude Include="..\..\..\ZUI\duktape\duk_bi_protos.h">
      <Filter>头文件\duktape</Filter>
    </ClInclude>
    <ClInclude Include="..\..\..\ZUI\duktape\duk_builtins.h">
      <Filter>头文件\duktape</Filter>
    </ClInclude>
    <ClInclude Include="..\..\..\ZUI\duktape\duk_config.h">
      <Filter>头文件\duktape</Filter>
    </ClInclude>
    <ClInclude Include="..\..\..\ZUI\duktape\duk_debug.h">
      <Filter>头文件\duktape</Filter>
    </ClInclude>
    <ClInclude Include="..\..\..\ZUI\duktape\duk_debugger.h">
      <Filter>头文件\duktape</Filter>
    </ClInclude>
    <ClInclude Include="..\..\..\ZUI\duktape\duk_error.h">
      <Filter>头文件\duktape</Filter>
    </ClInclude>
    <ClInclude Include="..\..\..\ZUI\duktape\duk_exception.h">
      <Filter>头文件\duktape</Filter>
    </ClInclude>
    <ClInclude Include="..\..\..\ZUI\duktape\duk_forwdecl.h">
      <Filter>头文件\duktape</Filter>
    </ClInclude>
    <ClInclude Include="..\..\..\ZUI\duktape\duk_harray.h">
      <Filter>头文件\duktape</Filter>
    </ClInclude>
    <ClInclude Include="..\..\..\ZUI\duktape\duk_hbuffer.h">
      <Filter>头文件\duktape</Filter>
    </ClInclude>
    <ClInclude Include="..\..\..\ZUI\duktape\duk_hbufobj.h">
      <Filter>头文件\duktape</Filter>
    </ClInclude>
    <ClInclude Include="..\..\..\ZUI\duktape\duk_hcompfunc.h">
      <Filter>头文件\duktape</Filter>
    </ClInclude>
    <ClInclude Include="..\..\..\ZUI\duktape\duk_heap.h">
      <Filter>头文件\duktape</Filter>
    </ClInclude>
    <ClInclude Include="..\..\..\ZUI\duktape\duk_heaphdr.h">
      <Filter>头文件\duktape</Filter>
    </ClInclude>
    <ClInclude Include="..\..\..\ZUI\duktape\duk_hnatfunc.h">
      <Filter>头文件\duktape</Filter>
    </ClInclude>
    <ClInclude Include="..\..\..\ZUI\duktape\duk_hobject.h">
      <Filter>头文件\duktape</Filter>
    </ClInclude>
    <ClInclude Include="..\..\..\ZUI\duktape\duk_hstring.h">
      <Filter>头文件\duktape</Filter>
    </ClInclude>
    <ClInclude Include="..\..\..\ZUI\duktape\duk_hthread.h">
      <Filter>头文件\duktape</Filter>
    </ClInclude>
    <ClInclude Include="..\..\..\ZUI\duktape\duk_internal.h">
      <Filter>头文件\duktape</Filter>
    </ClInclude>
    <ClInclude Include="..\..\..\ZUI\duktape\duk_jmpbuf.h">
      <Filter>头文件\duktape</Filter>
    </ClInclude>
    <ClInclude Include="..\..\..\ZUI\duktape\duk_js.h">
      <Filter>头文件\duktape</Filter>
    </ClInclude>
    <ClInclude Include="..\..\..\ZUI\duktape\duk_js_bytecode.h">
      <Filter>头文件\duktape</Filter>
    </ClInclude>
    <ClInclude Include="..\..\..\ZUI\duktape\duk_js_compiler.h">
      <Filter>头文件\duktape</Filter>
    </ClInclude>
    <ClInclude Include="..\..\..\ZUI\duktape\duk_json.h">
      <Filter>头文件\duktape</Filter>
    </ClInclude>
    <ClInclude Include="..\..\..\ZUI\duktape\duk_lexer.h">
      <Filter>头文件\duktape</Filter>
    </ClInclude>
    <ClInclude Include="..\..\..\ZUI\duktape\duk_numconv.h">
      <Filter>头文件\duktape</Filter>
    </ClInclude>
    <ClInclude Include="..\..\..\ZUI\duktape\duk_regexp.h">
      <Filter>头文件\duktape</Filter>
    </ClInclude>
    <ClInclude Include="..\..\..\ZUI\duktape\duk_replacements.h">
      <Filter>头文件\duktape</Filter>
    </ClInclude>
    <ClInclude Include="..\..\..\ZUI\duktape\duk_selftest.h">
      <Filter>头文件\duktape</Filter>
    </ClInclude>
    <ClInclude Include="..\..\..\ZUI\duktape\duk_strings.h">
      <Filter>头文件\duktape</Filter>
    </ClInclude>
    <ClInclude Include="..\..\..\ZUI\duktape\duk_trans_dvalue.h">
      <Filter>头文件\duktape</Filter>
    </ClInclude>
    <ClInclude Include="..\..\..\ZUI\duktape\duk_tval.h">
      <Filter>头文件\duktape</Filter>
    </ClInclude>
    <ClInclude Include="..\..\..\ZUI\duktape\duk_unicode.h">
      <Filter>头文件\duktape</Filter>
    </ClInclude>
    <ClInclude Include="..\..\..\ZUI\duktape\duk_util.h">
      <Filter>头文件\duktape</Filter>
    </ClInclude>
    <ClInclude Include="..\..\..\ZUI\duktape\duktape.h">
      <Filter>头文件\duktape</Filter>
    </ClInclude>
    <ClInclude Include="..\..\..\ZUI\layout\HorizontalLayout.h">
      <Filter>头文件\layout</Filter>
    </ClInclude>
    <ClInclude Include="..\..\..\ZUI\layout\Layout.h">
      <Filter>头文件\layout</Filter>
    </ClInclude>
    <ClInclude Include="..\..\..\ZUI\layout\TabLayout.h">
      <Filter>头文件\layout</Filter>
    </ClInclude>
    <ClInclude Include="..\..\..\ZUI\layout\TileLayout.h">
      <Filter>头文件\layout</Filter>
    </ClInclude>
    <ClInclude Include="..\..\..\ZUI\layout\VerticalLayout.h">
      <Filter>头文件\layout</Filter>
    </ClInclude>
    <ClInclude Include="..\..\..\ZUI\libuv\include\android-ifaddrs.h">
      <Filter>头文件\libuv</Filter>
    </ClInclude>
    <ClInclude Include="..\..\..\ZUI\libuv\include\pthread-barrier.h">
      <Filter>头文件\libuv</Filter>
    </ClInclude>
    <ClInclude Include="..\..\..\ZUI\libuv\include\stdint-msvc2008.h">
      <Filter>头文件\libuv</Filter>
    </ClInclude>
    <ClInclude Include="..\..\..\ZUI\libuv\include\tree.h">
      <Filter>头文件\libuv</Filter>
    </ClInclude>
    <ClInclude Include="..\..\..\ZUI\libuv\include\uv.h">
      <Filter>头文件\libuv</Filter>
    </ClInclude>
    <ClInclude Include="..\..\..\ZUI\libuv\include\uv-aix.h">
      <Filter>头文件\libuv</Filter>
    </ClInclude>
    <ClInclude Include="..\..\..\ZUI\libuv\include\uv-bsd.h">
      <Filter>头文件\libuv</Filter>
    </ClInclude>
    <ClInclude Include="..\..\..\ZUI\libuv\include\uv-darwin.h">
      <Filter>头文件\libuv</Filter>
    </ClInclude>
    <ClInclude Include="..\..\..\ZUI\libuv\include\uv-errno.h">
      <Filter>头文件\libuv</Filter>
    </ClInclude>
    <ClInclude Include="..\..\..\ZUI\libuv\include\uv-linux.h">
      <Filter>头文件\libuv</Filter>
    </ClInclude>
    <ClInclude Include="..\..\..\ZUI\libuv\include\uv-sunos.h">
      <Filter>头文件\libuv</Filter>
    </ClInclude>
    <ClInclude Include="..\..\..\ZUI\libuv\include\uv-threadpool.h">
      <Filter>头文件\libuv</Filter>
    </ClInclude>
    <ClInclude Include="..\..\..\ZUI\libuv\include\uv-unix.h">
      <Filter>头文件\libuv</Filter>
    </ClInclude>
    <ClInclude Include="..\..\..\ZUI\libuv\include\uv-version.h">
      <Filter>头文件\libuv</Filter>
    </ClInclude>
    <ClInclude Include="..\..\..\ZUI\libuv\include\uv-win.h">
      <Filter>头文件\libuv</Filter>
    </ClInclude>
    <ClInclude Include="..\..\..\ZUI\zlib\crc32.h">
      <Filter>头文件\zlib</Filter>
    </ClInclude>
    <ClInclude Include="..\..\..\ZUI\zlib\deflate.h">
      <Filter>头文件\zlib</Filter>
    </ClInclude>
    <ClInclude Include="..\..\..\ZUI\zlib\inffast.h">
      <Filter>头文件\zlib</Filter>
    </ClInclude>
    <ClInclude Include="..\..\..\ZUI\zlib\inffixed.h">
      <Filter>头文件\zlib</Filter>
    </ClInclude>
    <ClInclude Include="..\..\..\ZUI\zlib\inflate.h">
      <Filter>头文件\zlib</Filter>
    </ClInclude>
    <ClInclude Include="..\..\..\ZUI\zlib\inftrees.h">
      <Filter>头文件\zlib</Filter>
    </ClInclude>
    <ClInclude Include="..\..\..\ZUI\zlib\trees.h">
      <Filter>头文件\zlib</Filter>
    </ClInclude>
    <ClInclude Include="..\..\..\ZUI\zlib\unzip.h">
      <Filter>头文件\zlib</Filter>
    </ClInclude>
    <ClInclude Include="..\..\..\ZUI\zlib\zconf.h">
      <Filter>头文件\zlib</Filter>
    </ClInclude>
    <ClInclude Include="..\..\..\ZUI\zlib\zlib.h">
      <Filter>头文件\zlib</Filter>
    </ClInclude>
    <ClInclude Include="..\..\..\ZUI\zlib\zutil.h">
      <Filter>头文件\zlib</Filter>
    </ClInclude>
    <ClInclude Include="..\..\..\ZUI\platform\platform.h">
      <Filter>头文件\platform</Filter>
    </ClInclude>
    <ClInclude Include="..\..\..\ZUI\platform\os\os.h">
      <Filter>头文件\platform\os</Filter>
    </ClInclude>
    <ClInclude Include="..\..\..\ZUI\platform\graph\graph.h">
      <Filter>头文件\platform\graph</Filter>
    </ClInclude>
    <ClInclude Include="..\..\..\ZUI\platform\graph\skia.h">
      <Filter>头文件\platform\graph</Filter>
    </ClInclude>
    <ClInclude Include="..\..\..\ZUI\platform\os\android.h">
      <Filter>头文件\platform\os</Filter>
    </ClInclude>
  </ItemGroup>
  <ItemGroup>
    <ClCompile Include="android_native_app_glue.c" />
    <ClCompile Include="main.cpp" />
    <ClCompile Include="..\..\..\ZUI\duktape\duk_alloc_default.c">
      <Filter>源文件\duktape</Filter>
    </ClCompile>
    <ClCompile Include="..\..\..\ZUI\duktape\duk_api_buffer.c">
      <Filter>源文件\duktape</Filter>
    </ClCompile>
    <ClCompile Include="..\..\..\ZUI\duktape\duk_api_bytecode.c">
      <Filter>源文件\duktape</Filter>
    </ClCompile>
    <ClCompile Include="..\..\..\ZUI\duktape\duk_api_call.c">
      <Filter>源文件\duktape</Filter>
    </ClCompile>
    <ClCompile Include="..\..\..\ZUI\duktape\duk_api_codec.c">
      <Filter>源文件\duktape</Filter>
    </ClCompile>
    <ClCompile Include="..\..\..\ZUI\duktape\duk_api_compile.c">
      <Filter>源文件\duktape</Filter>
    </ClCompile>
    <ClCompile Include="..\..\..\ZUI\duktape\duk_api_debug.c">
      <Filter>源文件\duktape</Filter>
    </ClCompile>
    <ClCompile Include="..\..\..\ZUI\duktape\duk_api_heap.c">
      <Filter>源文件\duktape</Filter>
    </ClCompile>
    <ClCompile Include="..\..\..\ZUI\duktape\duk_api_inspect.c">
      <Filter>源文件\duktape</Filter>
    </ClCompile>
    <ClCompile Include="..\..\..\ZUI\duktape\duk_api_memory.c">
      <Filter>源文件\duktape</Filter>
    </ClCompile>
    <ClCompile Include="..\..\..\ZUI\duktape\duk_api_object.c">
      <Filter>源文件\duktape</Filter>
    </ClCompile>
    <ClCompile Include="..\..\..\ZUI\duktape\duk_api_stack.c">
      <Filter>源文件\duktape</Filter>
    </ClCompile>
    <ClCompile Include="..\..\..\ZUI\duktape\duk_api_string.c">
      <Filter>源文件\duktape</Filter>
    </ClCompile>
    <ClCompile Include="..\..\..\ZUI\duktape\duk_api_time.c">
      <Filter>源文件\duktape</Filter>
    </ClCompile>
    <ClCompile Include="..\..\..\ZUI\duktape\duk_bi_array.c">
      <Filter>源文件\duktape</Filter>
    </ClCompile>
    <ClCompile Include="..\..\..\ZUI\duktape\duk_bi_boolean.c">
      <Filter>源文件\duktape</Filter>
    </ClCompile>
    <ClCompile Include="..\..\..\ZUI\duktape\duk_bi_buffer.c">
      <Filter>源文件\duktape</Filter>
    </ClCompile>
    <ClCompile Include="..\..\..\ZUI\duktape\duk_bi_date.c">
      <Filter>源文件\duktape</Filter>
    </ClCompile>
    <ClCompile Include="..\..\..\ZUI\duktape\duk_bi_date_unix.c">
      <Filter>源文件\duktape</Filter>
    </ClCompile>
    <ClCompile Include="..\..\..\ZUI\duktape\duk_bi_date_windows.c">
      <Filter>源文件\duktape</Filter>
    </ClCompile>
    <ClCompile Include="..\..\..\ZUI\duktape\duk_bi_duktape.c">
      <Filter>源文件\duktape</Filter>
    </ClCompile>
    <ClCompile Include="..\..\..\ZUI\duktape\duk_bi_encoding.c">
      <Filter>源文件\duktape</Filter>
    </ClCompile>
    <ClCompile Include="..\..\..\ZUI\duktape\duk_bi_error.c">
      <Filter>源文件\duktape</Filter>
    </ClCompile>
    <ClCompile Include="..\..\..\ZUI\duktape\duk_bi_function.c">
      <Filter>源文件\duktape</Filter>
    </ClCompile>
    <ClCompile Include="..\..\..\ZUI\duktape\duk_bi_global.c">
      <Filter>源文件\duktape</Filter>
    </ClCompile>
    <ClCompile Include="..\..\..\ZUI\duktape\duk_bi_json.c">
      <Filter>源文件\duktape</Filter>
    </ClCompile>
    <ClCompile Include="..\..\..\ZUI\duktape\duk_bi_math.c">
      <Filter>源文件\duktape</Filter>
    </ClCompile>
    <ClCompile Include="..\..\..\ZUI\duktape\duk_bi_number.c">
      <Filter>源文件\duktape</Filter>
    </ClCompile>
    <ClCompile Include="..\..\..\ZUI\duktape\duk_bi_object.c">
      <Filter>源文件\duktape</Filter>
    </ClCompile>
    <ClCompile Include="..\..\..\ZUI\duktape\duk_bi_pointer.c">
      <Filter>源文件\duktape</Filter>
    </ClCompile>
    <ClCompile Include="..\..\..\ZUI\duktape\duk_bi_proxy.c">
      <Filter>源文件\duktape</Filter>
    </ClCompile>
    <ClCompile Include="..\..\..\ZUI\duktape\duk_bi_reflect.c">
      <Filter>源文件\duktape</Filter>
    </ClCompile>
    <ClCompile Include="..\..\..\ZUI\duktape\duk_bi_regexp.c">
      <Filter>源文件\duktape</Filter>
    </ClCompile>
    <ClCompile Include="..\..\..\ZUI\duktape\duk_bi_string.c">
      <Filter>源文件\duktape</Filter>
    </ClCompile>
    <ClCompile Include="..\..\..\ZUI\duktape\duk_bi_symbol.c">
      <Filter>源文件\duktape</Filter>
    </ClCompile>
    <ClCompile Include="..\..\..\ZUI\duktape\duk_bi_thread.c">
      <Filter>源文件\duktape</Filter>
    </ClCompile>
    <ClCompile Include="..\..\..\ZUI\duktape\duk_bi_thrower.c">
      <Filter>源文件\duktape</Filter>
    </ClCompile>
    <ClCompile Include="..\..\..\ZUI\duktape\duk_builtins.c">
      <Filter>源文件\duktape</Filter>
    </ClCompile>
    <ClCompile Include="..\..\..\ZUI\duktape\duk_debug_fixedbuffer.c">
      <Filter>源文件\duktape</Filter>
    </ClCompile>
    <ClCompile Include="..\..\..\ZUI\duktape\duk_debug_macros.c">
      <Filter>源文件\duktape</Filter>
    </ClCompile>
    <ClCompile Include="..\..\..\ZUI\duktape\duk_debug_vsnprintf.c">
      <Filter>源文件\duktape</Filter>
    </ClCompile>
    <ClCompile Include="..\..\..\ZUI\duktape\duk_debugger.c">
      <Filter>源文件\duktape</Filter>
    </ClCompile>
    <ClCompile Include="..\..\..\ZUI\duktape\duk_error_augment.c">
      <Filter>源文件\duktape</Filter>
    </ClCompile>
    <ClCompile Include="..\..\..\ZUI\duktape\duk_error_longjmp.c">
      <Filter>源文件\duktape</Filter>
    </ClCompile>
    <ClCompile Include="..\..\..\ZUI\duktape\duk_error_macros.c">
      <Filter>源文件\duktape</Filter>
    </ClCompile>
    <ClCompile Include="..\..\..\ZUI\duktape\duk_error_misc.c">
      <Filter>源文件\duktape</Filter>
    </ClCompile>
    <ClCompile Include="..\..\..\ZUI\duktape\duk_error_throw.c">
      <Filter>源文件\duktape</Filter>
    </ClCompile>
    <ClCompile Include="..\..\..\ZUI\duktape\duk_hbuffer_alloc.c">
      <Filter>源文件\duktape</Filter>
    </ClCompile>
    <ClCompile Include="..\..\..\ZUI\duktape\duk_hbuffer_ops.c">
      <Filter>源文件\duktape</Filter>
    </ClCompile>
    <ClCompile Include="..\..\..\ZUI\duktape\duk_hbufobj_misc.c">
      <Filter>源文件\duktape</Filter>
    </ClCompile>
    <ClCompile Include="..\..\..\ZUI\duktape\duk_heap_alloc.c">
      <Filter>源文件\duktape</Filter>
    </ClCompile>
    <ClCompile Include="..\..\..\ZUI\duktape\duk_heap_hashstring.c">
      <Filter>源文件\duktape</Filter>
    </ClCompile>
    <ClCompile Include="..\..\..\ZUI\duktape\duk_heap_markandsweep.c">
      <Filter>源文件\duktape</Filter>
    </ClCompile>
    <ClCompile Include="..\..\..\ZUI\duktape\duk_heap_memory.c">
      <Filter>源文件\duktape</Filter>
    </ClCompile>
    <ClCompile Include="..\..\..\ZUI\duktape\duk_heap_misc.c">
      <Filter>源文件\duktape</Filter>
    </ClCompile>
    <ClCompile Include="..\..\..\ZUI\duktape\duk_heap_refcount.c">
      <Filter>源文件\duktape</Filter>
    </ClCompile>
    <ClCompile Include="..\..\..\ZUI\duktape\duk_heap_stringcache.c">
      <Filter>源文件\duktape</Filter>
    </ClCompile>
    <ClCompile Include="..\..\..\ZUI\duktape\duk_heap_stringtable.c">
      <Filter>源文件\duktape</Filter>
    </ClCompile>
    <ClCompile Include="..\..\..\ZUI\duktape\duk_hobject_alloc.c">
      <Filter>源文件\duktape</Filter>
    </ClCompile>
    <ClCompile Include="..\..\..\ZUI\duktape\duk_hobject_class.c">
      <Filter>源文件\duktape</Filter>
    </ClCompile>
    <ClCompile Include="..\..\..\ZUI\duktape\duk_hobject_enum.c">
      <Filter>源文件\duktape</Filter>
    </ClCompile>
    <ClCompile Include="..\..\..\ZUI\duktape\duk_hobject_finalizer.c">
      <Filter>源文件\duktape</Filter>
    </ClCompile>
    <ClCompile Include="..\..\..\ZUI\duktape\duk_hobject_misc.c">
      <Filter>源文件\duktape</Filter>
    </ClCompile>
    <ClCompile Include="..\..\..\ZUI\duktape\duk_hobject_pc2line.c">
      <Filter>源文件\duktape</Filter>
    </ClCompile>
    <ClCompile Include="..\..\..\ZUI\duktape\duk_hobject_props.c">
      <Filter>源文件\duktape</Filter>
    </ClCompile>
    <ClCompile Include="..\..\..\ZUI\duktape\duk_hstring_misc.c">
      <Filter>源文件\duktape</Filter>
    </ClCompile>
    <ClCompile Include="..\..\..\ZUI\duktape\duk_hthread_alloc.c">
      <Filter>源文件\duktape</Filter>
    </ClCompile>
    <ClCompile Include="..\..\..\ZUI\duktape\duk_hthread_builtins.c">
      <Filter>源文件\duktape</Filter>
    </ClCompile>
    <ClCompile Include="..\..\..\ZUI\duktape\duk_hthread_misc.c">
      <Filter>源文件\duktape</Filter>
    </ClCompile>
    <ClCompile Include="..\..\..\ZUI\duktape\duk_hthread_stacks.c">
      <Filter>源文件\duktape</Filter>
    </ClCompile>
    <ClCompile Include="..\..\..\ZUI\duktape\duk_js_arith.c">
      <Filter>源文件\duktape</Filter>
    </ClCompile>
    <ClCompile Include="..\..\..\ZUI\duktape\duk_js_call.c">
      <Filter>源文件\duktape</Filter>
    </ClCompile>
    <ClCompile Include="..\..\..\ZUI\duktape\duk_js_compiler.c">
      <Filter>源文件\duktape</Filter>
    </ClCompile>
    <ClCompile Include="..\..\..\ZUI\duktape\duk_js_executor.c">
      <Filter>源文件\duktape</Filter>
    </ClCompile>
    <ClCompile Include="..\..\..\ZUI\duktape\duk_js_ops.c">
      <Filter>源文件\duktape</Filter>
    </ClCompile>
    <ClCompile Include="..\..\..\ZUI\duktape\duk_js_var.c">
      <Filter>源文件\duktape</Filter>
    </ClCompile>
    <ClCompile Include="..\..\..\ZUI\duktape\duk_lexer.c">
      <Filter>源文件\duktape</Filter>
    </ClCompile>
    <ClCompile Include="..\..\..\ZUI\duktape\duk_numconv.c">
      <Filter>源文件\duktape</Filter>
    </ClCompile>
    <ClCompile Include="..\..\..\ZUI\duktape\duk_regexp_compiler.c">
      <Filter>源文件\duktape</Filter>
    </ClCompile>
    <ClCompile Include="..\..\..\ZUI\duktape\duk_regexp_executor.c">
      <Filter>源文件\duktape</Filter>
    </ClCompile>
    <ClCompile Include="..\..\..\ZUI\duktape\duk_replacements.c">
      <Filter>源文件\duktape</Filter>
    </ClCompile>
    <ClCompile Include="..\..\..\ZUI\duktape\duk_selftest.c">
      <Filter>源文件\duktape</Filter>
    </ClCompile>
    <ClCompile Include="..\..\..\ZUI\duktape\duk_trans_dvalue.c">
      <Filter>源文件\duktape</Filter>
    </ClCompile>
    <ClCompile Include="..\..\..\ZUI\duktape\duk_tval.c">
      <Filter>源文件\duktape</Filter>
    </ClCompile>
    <ClCompile Include="..\..\..\ZUI\duktape\duk_unicode_support.c">
      <Filter>源文件\duktape</Filter>
    </ClCompile>
    <ClCompile Include="..\..\..\ZUI\duktape\duk_unicode_tables.c">
      <Filter>源文件\duktape</Filter>
    </ClCompile>
    <ClCompile Include="..\..\..\ZUI\duktape\duk_util_bitdecoder.c">
      <Filter>源文件\duktape</Filter>
    </ClCompile>
    <ClCompile Include="..\..\..\ZUI\duktape\duk_util_bitencoder.c">
      <Filter>源文件\duktape</Filter>
    </ClCompile>
    <ClCompile Include="..\..\..\ZUI\duktape\duk_util_bufwriter.c">
      <Filter>源文件\duktape</Filter>
    </ClCompile>
    <ClCompile Include="..\..\..\ZUI\duktape\duk_util_hashbytes.c">
      <Filter>源文件\duktape</Filter>
    </ClCompile>
    <ClCompile Include="..\..\..\ZUI\duktape\duk_util_hashprime.c">
      <Filter>源文件\duktape</Filter>
    </ClCompile>
    <ClCompile Include="..\..\..\ZUI\duktape\duk_util_misc.c">
      <Filter>源文件\duktape</Filter>
    </ClCompile>
    <ClCompile Include="..\..\..\ZUI\duktape\duk_util_tinyrandom.c">
      <Filter>源文件\duktape</Filter>
    </ClCompile>
    <ClCompile Include="..\..\..\ZUI\control\Browser.c">
      <Filter>源文件\control</Filter>
    </ClCompile>
    <ClCompile Include="..\..\..\ZUI\control\Button.c">
      <Filter>源文件\control</Filter>
    </ClCompile>
    <ClCompile Include="..\..\..\ZUI\control\CheckBox.c">
      <Filter>源文件\control</Filter>
    </ClCompile>
    <ClCompile Include="..\..\..\ZUI\control\Edit.c">
      <Filter>源文件\control</Filter>
    </ClCompile>
    <ClCompile Include="..\..\..\ZUI\control\Label.c">
      <Filter>源文件\control</Filter>
    </ClCompile>
    <ClCompile Include="..\..\..\ZUI\control\List.c">
      <Filter>源文件\control</Filter>
    </ClCompile>
    <ClCompile Include="..\..\..\ZUI\control\Menu.c">
      <Filter>源文件\control</Filter>
    </ClCompile>
    <ClCompile Include="..\..\..\ZUI\control\MenuBar.c">
      <Filter>源文件\control</Filter>
    </ClCompile>
    <ClCompile Include="..\..\..\ZUI\control\Option.c">
      <Filter>源文件\control</Filter>
    </ClCompile>
    <ClCompile Include="..\..\..\ZUI\control\ProgressBar.c">
      <Filter>源文件\control</Filter>
    </ClCompile>
    <ClCompile Include="..\..\..\ZUI\control\Register.c">
      <Filter>源文件\control</Filter>
    </ClCompile>
    <ClCompile Include="..\..\..\ZUI\control\ScrollBar.c">
      <Filter>源文件\control</Filter>
    </ClCompile>
    <ClCompile Include="..\..\..\ZUI\control\SplitterBar.c">
      <Filter>源文件\control</Filter>
    </ClCompile>
    <ClCompile Include="..\..\..\ZUI\control\TreeView.c">
      <Filter>源文件\control</Filter>
    </ClCompile>
    <ClCompile Include="..\..\..\ZUI\control\Virtual.c">
      <Filter>源文件\control</Filter>
    </ClCompile>
    <ClCompile Include="..\..\..\ZUI\control\window.c">
      <Filter>源文件\control</Filter>
    </ClCompile>
    <ClCompile Include="..\..\..\ZUI\core\animation.c">
      <Filter>源文件\core</Filter>
    </ClCompile>
    <ClCompile Include="..\..\..\ZUI\core\builder.c">
      <Filter>源文件\core</Filter>
    </ClCompile>
    <ClCompile Include="..\..\..\ZUI\core\carray.c">
      <Filter>源文件\core</Filter>
    </ClCompile>
    <ClCompile Include="..\..\..\ZUI\core\control.c">
      <Filter>源文件\core</Filter>
    </ClCompile>
    <ClCompile Include="..\..\..\ZUI\core\debug.c">
      <Filter>源文件\core</Filter>
    </ClCompile>
    <ClCompile Include="..\..\..\ZUI\core\function.c">
      <Filter>源文件\core</Filter>
    </ClCompile>
    <ClCompile Include="..\..\..\ZUI\core\global.c">
      <Filter>源文件\core</Filter>
    </ClCompile>
    <ClCompile Include="..\..\..\ZUI\core\manager.c">
      <Filter>源文件\core</Filter>
    </ClCompile>
    <ClCompile Include="..\..\..\ZUI\core\memory.c">
      <Filter>源文件\core</Filter>
    </ClCompile>
    <ClCompile Include="..\..\..\ZUI\core\mxml.c">
      <Filter>源文件\core</Filter>
    </ClCompile>
    <ClCompile Include="..\..\..\ZUI\core\resdb.c">
      <Filter>源文件\core</Filter>
    </ClCompile>
    <ClCompile Include="..\..\..\ZUI\core\string.c">
      <Filter>源文件\core</Filter>
    </ClCompile>
    <ClCompile Include="..\..\..\ZUI\core\template.c">
      <Filter>源文件\core</Filter>
    </ClCompile>
    <ClCompile Include="..\..\..\ZUI\core\tree.c">
      <Filter>源文件\core</Filter>
    </ClCompile>
    <ClCompile Include="..\..\..\ZUI\dukluv\src\duv.c">
      <Filter>源文件\dukluv\src</Filter>
    </ClCompile>
    <ClCompile Include="..\..\..\ZUI\dukluv\src\duv_callbacks.c">
      <Filter>源文件\dukluv\src</Filter>
    </ClCompile>
    <ClCompile Include="..\..\..\ZUI\dukluv\src\duv_fs.c">
      <Filter>源文件\dukluv\src</Filter>
    </ClCompile>
    <ClCompile Include="..\..\..\ZUI\dukluv\src\duv_handle.c">
      <Filter>源文件\dukluv\src</Filter>
    </ClCompile>
    <ClCompile Include="..\..\..\ZUI\dukluv\src\duv_main.c">
      <Filter>源文件\dukluv\src</Filter>
    </ClCompile>
    <ClCompile Include="..\..\..\ZUI\dukluv\src\duv_misc.c">
      <Filter>源文件\dukluv\src</Filter>
    </ClCompile>
    <ClCompile Include="..\..\..\ZUI\dukluv\src\duv_pipe.c">
      <Filter>源文件\dukluv\src</Filter>
    </ClCompile>
    <ClCompile Include="..\..\..\ZUI\dukluv\src\duv_refs.c">
      <Filter>源文件\dukluv\src</Filter>
    </ClCompile>
    <ClCompile Include="..\..\..\ZUI\dukluv\src\duv_req.c">
      <Filter>源文件\dukluv\src</Filter>
    </ClCompile>
    <ClCompile Include="..\..\..\ZUI\dukluv\src\duv_schema.c">
      <Filter>源文件\dukluv\src</Filter>
    </ClCompile>
    <ClCompile Include="..\..\..\ZUI\dukluv\src\duv_stream.c">
      <Filter>源文件\dukluv\src</Filter>
    </ClCompile>
    <ClCompile Include="..\..\..\ZUI\dukluv\src\duv_tcp.c">
      <Filter>源文件\dukluv\src</Filter>
    </ClCompile>
    <ClCompile Include="..\..\..\ZUI\dukluv\src\duv_timer.c">
      <Filter>源文件\dukluv\src</Filter>
    </ClCompile>
    <ClCompile Include="..\..\..\ZUI\dukluv\src\duv_udp.c">
      <Filter>源文件\dukluv\src</Filter>
    </ClCompile>
    <ClCompile Include="..\..\..\ZUI\dukluv\src\duv_utils.c">
      <Filter>源文件\dukluv\src</Filter>
    </ClCompile>
    <ClCompile Include="..\..\..\ZUI\dukluv\src\uv_schema.c">
      <Filter>源文件\dukluv\src</Filter>
    </ClCompile>
    <ClCompile Include="..\..\..\ZUI\libuv\src\fs-poll.c">
      <Filter>源文件\libuv</Filter>
    </ClCompile>
    <ClCompile Include="..\..\..\ZUI\libuv\src\inet.c">
      <Filter>源文件\libuv</Filter>
    </ClCompile>
    <ClCompile Include="..\..\..\ZUI\libuv\src\threadpool.c">
      <Filter>源文件\libuv</Filter>
    </ClCompile>
    <ClCompile Include="..\..\..\ZUI\libuv\src\uv-common.c">
      <Filter>源文件\libuv</Filter>
    </ClCompile>
    <ClCompile Include="..\..\..\ZUI\libuv\src\version.c">
      <Filter>源文件\libuv</Filter>
    </ClCompile>
    <ClCompile Include="..\..\..\ZUI\libuv\src\unix\android-ifaddrs.c">
      <Filter>源文件\libuv\unix</Filter>
    </ClCompile>
    <ClCompile Include="..\..\..\ZUI\libuv\src\unix\async.c">
      <Filter>源文件\libuv\unix</Filter>
    </ClCompile>
    <ClCompile Include="..\..\..\ZUI\libuv\src\unix\core.c">
      <Filter>源文件\libuv\unix</Filter>
    </ClCompile>
    <ClCompile Include="..\..\..\ZUI\libuv\src\unix\dl.c">
      <Filter>源文件\libuv\unix</Filter>
    </ClCompile>
    <ClCompile Include="..\..\..\ZUI\libuv\src\unix\fs.c">
      <Filter>源文件\libuv\unix</Filter>
    </ClCompile>
    <ClCompile Include="..\..\..\ZUI\libuv\src\unix\getaddrinfo.c">
      <Filter>源文件\libuv\unix</Filter>
    </ClCompile>
    <ClCompile Include="..\..\..\ZUI\libuv\src\unix\getnameinfo.c">
      <Filter>源文件\libuv\unix</Filter>
    </ClCompile>
    <ClCompile Include="..\..\..\ZUI\libuv\src\unix\linux-core.c">
      <Filter>源文件\libuv\unix</Filter>
    </ClCompile>
    <ClCompile Include="..\..\..\ZUI\libuv\src\unix\linux-inotify.c">
      <Filter>源文件\libuv\unix</Filter>
    </ClCompile>
    <ClCompile Include="..\..\..\ZUI\libuv\src\unix\linux-syscalls.c">
      <Filter>源文件\libuv\unix</Filter>
    </ClCompile>
    <ClCompile Include="..\..\..\ZUI\libuv\src\unix\loop.c">
      <Filter>源文件\libuv\unix</Filter>
    </ClCompile>
    <ClCompile Include="..\..\..\ZUI\libuv\src\unix\loop-watcher.c">
      <Filter>源文件\libuv\unix</Filter>
    </ClCompile>
    <ClCompile Include="..\..\..\ZUI\libuv\src\unix\pipe.c">
      <Filter>源文件\libuv\unix</Filter>
    </ClCompile>
    <ClCompile Include="..\..\..\ZUI\libuv\src\unix\poll.c">
      <Filter>源文件\libuv\unix</Filter>
    </ClCompile>
    <ClCompile Include="..\..\..\ZUI\libuv\src\unix\process.c">
      <Filter>源文件\libuv\unix</Filter>
    </ClCompile>
    <ClCompile Include="..\..\..\ZUI\libuv\src\unix\proctitle.c">
      <Filter>源文件\libuv\unix</Filter>
    </ClCompile>
    <ClCompile Include="..\..\..\ZUI\libuv\src\unix\pthread-barrier.c">
      <Filter>源文件\libuv\unix</Filter>
    </ClCompile>
    <ClCompile Include="..\..\..\ZUI\libuv\src\unix\pthread-fixes.c">
      <Filter>源文件\libuv\unix</Filter>
    </ClCompile>
    <ClCompile Include="..\..\..\ZUI\libuv\src\unix\signal.c">
      <Filter>源文件\libuv\unix</Filter>
    </ClCompile>
    <ClCompile Include="..\..\..\ZUI\libuv\src\unix\stream.c">
      <Filter>源文件\libuv\unix</Filter>
    </ClCompile>
    <ClCompile Include="..\..\..\ZUI\libuv\src\unix\tcp.c">
      <Filter>源文件\libuv\unix</Filter>
    </ClCompile>
    <ClCompile Include="..\..\..\ZUI\libuv\src\unix\thread.c">
      <Filter>源文件\libuv\unix</Filter>
    </ClCompile>
    <ClCompile Include="..\..\..\ZUI\libuv\src\unix\timer.c">
      <Filter>源文件\libuv\unix</Filter>
    </ClCompile>
    <ClCompile Include="..\..\..\ZUI\libuv\src\unix\udp.c">
      <Filter>源文件\libuv\unix</Filter>
    </ClCompile>
    <ClCompile Include="..\..\..\ZUI\zlib\adler32.c">
      <Filter>源文件\zlib</Filter>
    </ClCompile>
    <ClCompile Include="..\..\..\ZUI\zlib\crc32.c">
      <Filter>源文件\zlib</Filter>
    </ClCompile>
    <ClCompile Include="..\..\..\ZUI\zlib\deflate.c">
      <Filter>源文件\zlib</Filter>
    </ClCompile>
    <ClCompile Include="..\..\..\ZUI\zlib\inffast.c">
      <Filter>源文件\zlib</Filter>
    </ClCompile>
    <ClCompile Include="..\..\..\ZUI\zlib\inflate.c">
      <Filter>源文件\zlib</Filter>
    </ClCompile>
    <ClCompile Include="..\..\..\ZUI\zlib\inftrees.c">
      <Filter>源文件\zlib</Filter>
    </ClCompile>
    <ClCompile Include="..\..\..\ZUI\zlib\trees.c">
      <Filter>源文件\zlib</Filter>
    </ClCompile>
    <ClCompile Include="..\..\..\ZUI\zlib\unzip.c">
      <Filter>源文件\zlib</Filter>
    </ClCompile>
    <ClCompile Include="..\..\..\ZUI\zlib\zutil.c">
      <Filter>源文件\zlib</Filter>
    </ClCompile>
    <ClCompile Include="..\..\..\ZUI\platform\graph\skia.c">
      <Filter>源文件\platform\graph</Filter>
    </ClCompile>
    <ClCompile Include="..\..\..\ZUI\layout\HorizontalLayout.c">
      <Filter>源文件\layout</Filter>
    </ClCompile>
    <ClCompile Include="..\..\..\ZUI\layout\Layout.c">
      <Filter>源文件\layout</Filter>
    </ClCompile>
    <ClCompile Include="..\..\..\ZUI\layout\TabLayout.c">
      <Filter>源文件\layout</Filter>
    </ClCompile>
    <ClCompile Include="..\..\..\ZUI\layout\TileLayout.c">
      <Filter>源文件\layout</Filter>
    </ClCompile>
    <ClCompile Include="..\..\..\ZUI\layout\VerticalLayout.c">
      <Filter>源文件\layout</Filter>
    </ClCompile>
    <ClCompile Include="..\..\..\ZUI\platform\os\android.c">
      <Filter>源文件\platform\os</Filter>
    </ClCompile>
  </ItemGroup>
  <ItemGroup>
    <Filter Include="头文件">
      <UniqueIdentifier>{c964c4f8-a1cc-44da-95ee-2aebdb5f9324}</UniqueIdentifier>
    </Filter>
    <Filter Include="源文件">
      <UniqueIdentifier>{faf1bfda-403b-46c0-b25f-30604192a711}</UniqueIdentifier>
    </Filter>
    <Filter Include="源文件\control">
      <UniqueIdentifier>{f04cc07e-ec0d-4d59-831b-2018e3d6a2c1}</UniqueIdentifier>
    </Filter>
    <Filter Include="源文件\core">
      <UniqueIdentifier>{1458ecbe-68da-46a5-951f-33b579d818f0}</UniqueIdentifier>
    </Filter>
    <Filter Include="源文件\dukluv">
      <UniqueIdentifier>{07f84a2d-e759-4d77-87ed-3dec5092893c}</UniqueIdentifier>
    </Filter>
    <Filter Include="源文件\duktape">
      <UniqueIdentifier>{1760665c-90d0-429e-92ef-ce6010ac95a0}</UniqueIdentifier>
    </Filter>
    <Filter Include="源文件\layout">
      <UniqueIdentifier>{761c97ae-4e11-467f-8d34-d41fe29dfc00}</UniqueIdentifier>
    </Filter>
    <Filter Include="源文件\libuv">
      <UniqueIdentifier>{65a191a1-863f-4caf-8ae1-9ecf337d9176}</UniqueIdentifier>
    </Filter>
    <Filter Include="源文件\platform">
      <UniqueIdentifier>{383c9179-c04d-4779-a5b7-f3b7762e3698}</UniqueIdentifier>
    </Filter>
    <Filter Include="源文件\zlib">
      <UniqueIdentifier>{3beda6e0-67f1-473b-8665-4ea1b0f6340b}</UniqueIdentifier>
    </Filter>
    <Filter Include="源文件\dukluv\src">
      <UniqueIdentifier>{c105bc93-2e81-4b19-946f-50d9aa8d2fca}</UniqueIdentifier>
    </Filter>
    <Filter Include="源文件\libuv\unix">
      <UniqueIdentifier>{12f20ce2-62c8-465b-9ed9-ad0dedab3959}</UniqueIdentifier>
    </Filter>
    <Filter Include="源文件\platform\graph">
      <UniqueIdentifier>{543155ba-437c-4517-a316-4c9f96608b61}</UniqueIdentifier>
    </Filter>
    <Filter Include="源文件\platform\os">
      <UniqueIdentifier>{8eae1662-fdf3-41d0-b865-2d405a1be87a}</UniqueIdentifier>
    </Filter>
    <Filter Include="头文件\control">
      <UniqueIdentifier>{3d0bc99b-b80a-434c-a655-b02220d8c0fb}</UniqueIdentifier>
    </Filter>
    <Filter Include="头文件\core">
      <UniqueIdentifier>{ab3c8339-b7df-4ea4-9743-14e5c28c26db}</UniqueIdentifier>
    </Filter>
    <Filter Include="头文件\dukluv">
      <UniqueIdentifier>{3c33f780-e21b-423a-b11f-b3235a643b53}</UniqueIdentifier>
    </Filter>
    <Filter Include="头文件\dukluv\src">
      <UniqueIdentifier>{d290ec6a-2dae-4730-adf1-4c46bee7d320}</UniqueIdentifier>
    </Filter>
    <Filter Include="头文件\duktape">
      <UniqueIdentifier>{784564b4-6a33-417c-a66a-ed7677704aa4}</UniqueIdentifier>
    </Filter>
    <Filter Include="头文件\layout">
      <UniqueIdentifier>{abff6ac9-d153-4aa5-b439-b7c9c39b48f0}</UniqueIdentifier>
    </Filter>
    <Filter Include="头文件\libuv">
      <UniqueIdentifier>{176f21d3-4d0d-4178-80ec-1d603f5ecafc}</UniqueIdentifier>
    </Filter>
    <Filter Include="头文件\zlib">
      <UniqueIdentifier>{66f4c533-cd2a-4af0-b644-e210afe9d2a1}</UniqueIdentifier>
    </Filter>
    <Filter Include="头文件\platform">
      <UniqueIdentifier>{969e1160-8433-47a6-a237-d2a432155d0f}</UniqueIdentifier>
    </Filter>
    <Filter Include="头文件\platform\graph">
      <UniqueIdentifier>{1fc9ffee-b7b5-49e9-91ac-d4659578f006}</UniqueIdentifier>
    </Filter>
    <Filter Include="头文件\platform\os">
      <UniqueIdentifier>{de4937c7-506b-4661-a37e-3048e5b405be}</UniqueIdentifier>
    </Filter>
  </ItemGroup>
</Project>