<?xml version="1.0" encoding="utf-8"?>
<Project ToolsVersion="4.0" xmlns="http://schemas.microsoft.com/developer/msbuild/2003">
  <ItemGroup>
    <Filter Include="源文件">
      <UniqueIdentifier>{4FC737F1-C7A5-4376-A066-2A32D752A2FF}</UniqueIdentifier>
      <Extensions>cpp;c;cc;cxx;def;odl;idl;hpj;bat;asm;asmx</Extensions>
    </Filter>
    <Filter Include="头文件">
      <UniqueIdentifier>{93995380-89BD-4b04-88EB-625FBE52EBFB}</UniqueIdentifier>
      <Extensions>h;hh;hpp;hxx;hm;inl;inc;xsd</Extensions>
    </Filter>
    <Filter Include="资源文件">
      <UniqueIdentifier>{67DA6AB6-F800-4c08-8B7A-83BB121AAD01}</UniqueIdentifier>
      <Extensions>rc;ico;cur;bmp;dlg;rc2;rct;bin;rgs;gif;jpg;jpeg;jpe;resx;tiff;tif;png;wav;mfcribbon-ms</Extensions>
    </Filter>
    <Filter Include="源文件\zlib">
      <UniqueIdentifier>{967023e6-8536-4252-a8a4-817c3825fd11}</UniqueIdentifier>
    </Filter>
    <Filter Include="头文件\zlib">
      <UniqueIdentifier>{58d9feae-40ec-49f7-ba9c-49a08e79bf55}</UniqueIdentifier>
    </Filter>
    <Filter Include="头文件\core">
      <UniqueIdentifier>{4cc4b7e4-3873-458c-9c94-55880b4d9d7b}</UniqueIdentifier>
    </Filter>
    <Filter Include="源文件\core">
      <UniqueIdentifier>{9a255cb2-1369-4899-89a6-5e6c33caa6d7}</UniqueIdentifier>
    </Filter>
    <Filter Include="头文件\layout">
      <UniqueIdentifier>{44e2db9c-3e8b-4dc9-8410-1f194a3cc1e1}</UniqueIdentifier>
    </Filter>
    <Filter Include="源文件\layout">
      <UniqueIdentifier>{197418c8-ebb8-48b0-8930-eafb2742cbbd}</UniqueIdentifier>
    </Filter>
    <Filter Include="头文件\control">
      <UniqueIdentifier>{9d532de3-8ad7-4c94-a703-e208913ea29b}</UniqueIdentifier>
    </Filter>
    <Filter Include="源文件\control">
      <UniqueIdentifier>{001350cb-58cc-48cf-9b30-e8316f91daa3}</UniqueIdentifier>
    </Filter>
    <Filter Include="源文件\libpng">
      <UniqueIdentifier>{19f6ccd9-fe4b-4ac7-bf16-6807ac1e67fa}</UniqueIdentifier>
    </Filter>
    <Filter Include="源文件\libjpeg">
      <UniqueIdentifier>{57c14423-de2e-4488-9873-48b04b4df8e1}</UniqueIdentifier>
    </Filter>
    <Filter Include="源文件\control\html">
      <UniqueIdentifier>{df80dd9d-3c08-4da3-bd52-11861925b1f1}</UniqueIdentifier>
    </Filter>
    <Filter Include="源文件\control\html\dw">
      <UniqueIdentifier>{5c5efdbe-ff45-4f3a-8b05-732d30d0838c}</UniqueIdentifier>
    </Filter>
    <Filter Include="源文件\control\html\lout">
      <UniqueIdentifier>{8f6c0a57-3855-46c8-b3a4-1a52fd44ae2e}</UniqueIdentifier>
    </Filter>
    <Filter Include="头文件\control\html">
      <UniqueIdentifier>{795fdb1f-a606-4194-821a-68ea7528fe8d}</UniqueIdentifier>
    </Filter>
    <Filter Include="头文件\control\html\lout">
      <UniqueIdentifier>{058493f7-332e-4f67-b5c9-b9470a8baff3}</UniqueIdentifier>
    </Filter>
    <Filter Include="源文件\control\html\dw_ok">
      <UniqueIdentifier>{a737d0b0-2eee-46a7-8280-b53ce6afd6ef}</UniqueIdentifier>
    </Filter>
    <Filter Include="头文件\control\html\dw">
      <UniqueIdentifier>{bff60bc4-f767-4483-bd2a-439736c59178}</UniqueIdentifier>
    </Filter>
    <Filter Include="源文件\control\html\dw\NewFilter1">
      <UniqueIdentifier>{391fbb00-4846-461c-8b23-284f3ce9eb4d}</UniqueIdentifier>
    </Filter>
    <Filter Include="源文件\platform">
      <UniqueIdentifier>{d85332cf-a553-4ec1-aa1f-7cbf33bc6a3e}</UniqueIdentifier>
    </Filter>
    <Filter Include="头文件\platform">
      <UniqueIdentifier>{d8f3aff9-5062-4d5b-b165-b614d0c9b732}</UniqueIdentifier>
    </Filter>
    <Filter Include="源文件\platform\os">
      <UniqueIdentifier>{dd18049f-090d-4d3e-a370-70deb1fd3e55}</UniqueIdentifier>
    </Filter>
    <Filter Include="头文件\platform\os">
      <UniqueIdentifier>{7e188294-2ea9-46ce-a864-cba056cc6ecc}</UniqueIdentifier>
    </Filter>
    <Filter Include="头文件\platform\graph">
      <UniqueIdentifier>{6626e0bf-5a5d-4f33-84ae-74c5a0c1dcf3}</UniqueIdentifier>
    </Filter>
    <Filter Include="源文件\platform\graph">
      <UniqueIdentifier>{d48a0dee-fd25-4158-b580-70a8f9338fe9}</UniqueIdentifier>
    </Filter>
    <Filter Include="源文件\platform\graph\AGG">
      <UniqueIdentifier>{63d6dc0e-9e0b-4f4b-865d-a62b9f251af1}</UniqueIdentifier>
    </Filter>
    <Filter Include="源文件\platform\graph\AGG\src">
      <UniqueIdentifier>{95cabec8-b0bb-4bdf-9a5b-d868697bf3a4}</UniqueIdentifier>
    </Filter>
    <Filter Include="res">
      <UniqueIdentifier>{0b5dbccf-0f84-4ad9-8d64-5ec18d95ea84}</UniqueIdentifier>
    </Filter>
    <Filter Include="res\default">
      <UniqueIdentifier>{007214d0-191f-45bd-873d-b67ee434595f}</UniqueIdentifier>
    </Filter>
    <Filter Include="源文件\duktape">
      <UniqueIdentifier>{a149be62-6453-4211-8e69-e86df1420784}</UniqueIdentifier>
    </Filter>
    <Filter Include="头文件\duktape">
      <UniqueIdentifier>{e5efa697-dfd4-4ad0-88a0-7ccec9b13113}</UniqueIdentifier>
    </Filter>
    <Filter Include="源文件\libuv">
      <UniqueIdentifier>{0bb92df5-8f7a-4b55-aee4-d8be0285e264}</UniqueIdentifier>
    </Filter>
    <Filter Include="源文件\dukluv">
      <UniqueIdentifier>{27eede43-af35-41ce-a2dd-82c9dd389069}</UniqueIdentifier>
    </Filter>
    <Filter Include="源文件\libuv\win">
      <UniqueIdentifier>{b5edeae7-2b6b-4152-a08f-50f027568e2c}</UniqueIdentifier>
    </Filter>
    <Filter Include="头文件\libuv">
      <UniqueIdentifier>{b5e82b2a-0dd2-4414-a56a-cb557d3e63fa}</UniqueIdentifier>
    </Filter>
    <Filter Include="头文件\libuv\win">
      <UniqueIdentifier>{4d2c92d8-2ed5-49b2-8b00-4409e8842628}</UniqueIdentifier>
    </Filter>
    <Filter Include="头文件\libuv\include">
      <UniqueIdentifier>{c40db1f0-d5ad-467f-ac81-931fc768faa5}</UniqueIdentifier>
    </Filter>
    <Filter Include="源文件\dukluv\src">
      <UniqueIdentifier>{86d3cd1f-bfea-418d-a1f8-aff34af89031}</UniqueIdentifier>
    </Filter>
  </ItemGroup>
  <ItemGroup>
    <ClCompile Include="control\html\lout\container.cc">
      <Filter>源文件\control\html\lout</Filter>
    </ClCompile>
    <ClCompile Include="control\html\lout\identity.cc">
      <Filter>源文件\control\html\lout</Filter>
    </ClCompile>
    <ClCompile Include="control\html\lout\lmisc.cc">
      <Filter>源文件\control\html\lout</Filter>
    </ClCompile>
    <ClCompile Include="control\html\lout\object.cc">
      <Filter>源文件\control\html\lout</Filter>
    </ClCompile>
    <ClCompile Include="control\html\lout\signal.cc">
      <Filter>源文件\control\html\lout</Filter>
    </ClCompile>
    <ClCompile Include="control\html\Html.cpp">
      <Filter>源文件\control\html</Filter>
    </ClCompile>
    <ClCompile Include="control\html\dw\zuiplatform.cc">
      <Filter>源文件\control\html\dw</Filter>
    </ClCompile>
    <ClCompile Include="control\html\dw\zuiviewport.cc">
      <Filter>源文件\control\html\dw</Filter>
    </ClCompile>
    <ClCompile Include="control\html\dw\zuiviewbase.cc">
      <Filter>源文件\control\html\dw</Filter>
    </ClCompile>
    <ClCompile Include="control\html\dw\alignedtextblock.cc">
      <Filter>源文件\control\html\dw_ok</Filter>
    </ClCompile>
    <ClCompile Include="control\html\dw\bullet.cc">
      <Filter>源文件\control\html\dw_ok</Filter>
    </ClCompile>
    <ClCompile Include="control\html\dw\dwimage.cc">
      <Filter>源文件\control\html\dw_ok</Filter>
    </ClCompile>
    <ClCompile Include="control\html\dw\dwlayout.cc">
      <Filter>源文件\control\html\dw_ok</Filter>
    </ClCompile>
    <ClCompile Include="control\html\dw\dwtable.cc">
      <Filter>源文件\control\html\dw_ok</Filter>
    </ClCompile>
    <ClCompile Include="control\html\dw\dwui.cc">
      <Filter>源文件\control\html\dw_ok</Filter>
    </ClCompile>
    <ClCompile Include="control\html\dw\findtext.cc">
      <Filter>源文件\control\html\dw_ok</Filter>
    </ClCompile>
    <ClCompile Include="control\html\dw\iterator.cc">
      <Filter>源文件\control\html\dw_ok</Filter>
    </ClCompile>
    <ClCompile Include="control\html\dw\listitem.cc">
      <Filter>源文件\control\html\dw_ok</Filter>
    </ClCompile>
    <ClCompile Include="control\html\dw\ruler.cc">
      <Filter>源文件\control\html\dw_ok</Filter>
    </ClCompile>
    <ClCompile Include="control\html\dw\selection.cc">
      <Filter>源文件\control\html\dw_ok</Filter>
    </ClCompile>
    <ClCompile Include="control\html\dw\style.cc">
      <Filter>源文件\control\html\dw_ok</Filter>
    </ClCompile>
    <ClCompile Include="control\html\dw\tablecell.cc">
      <Filter>源文件\control\html\dw_ok</Filter>
    </ClCompile>
    <ClCompile Include="control\html\dw\textblock.cc">
      <Filter>源文件\control\html\dw_ok</Filter>
    </ClCompile>
    <ClCompile Include="control\html\dw\types.cc">
      <Filter>源文件\control\html\dw_ok</Filter>
    </ClCompile>
    <ClCompile Include="control\html\dw\widget.cc">
      <Filter>源文件\control\html\dw_ok</Filter>
    </ClCompile>
    <ClCompile Include="..\..\ZUI\control\window.c">
      <Filter>源文件\control</Filter>
    </ClCompile>
    <ClCompile Include="..\..\ZUI\control\Virtual.c">
      <Filter>源文件\control</Filter>
    </ClCompile>
    <ClCompile Include="..\..\ZUI\control\SplitterBar.c">
      <Filter>源文件\control</Filter>
    </ClCompile>
    <ClCompile Include="..\..\ZUI\control\ScrollBar.c">
      <Filter>源文件\control</Filter>
    </ClCompile>
    <ClCompile Include="..\..\ZUI\control\Register.c">
      <Filter>源文件\control</Filter>
    </ClCompile>
    <ClCompile Include="..\..\ZUI\control\Option.c">
      <Filter>源文件\control</Filter>
    </ClCompile>
    <ClCompile Include="..\..\ZUI\control\MenuBar.c">
      <Filter>源文件\control</Filter>
    </ClCompile>
    <ClCompile Include="..\..\ZUI\control\Menu.c">
      <Filter>源文件\control</Filter>
    </ClCompile>
    <ClCompile Include="..\..\ZUI\control\List.c">
      <Filter>源文件\control</Filter>
    </ClCompile>
    <ClCompile Include="..\..\ZUI\control\Label.c">
      <Filter>源文件\control</Filter>
    </ClCompile>
    <ClCompile Include="..\..\ZUI\control\Edit.c">
      <Filter>源文件\control</Filter>
    </ClCompile>
    <ClCompile Include="..\..\ZUI\control\Button.c">
      <Filter>源文件\control</Filter>
    </ClCompile>
    <ClCompile Include="..\..\ZUI\control\Browser.c">
      <Filter>源文件\control</Filter>
    </ClCompile>
    <ClCompile Include="..\..\ZUI\core\animation.c">
      <Filter>源文件\core</Filter>
    </ClCompile>
    <ClCompile Include="..\..\ZUI\core\builder.c">
      <Filter>源文件\core</Filter>
    </ClCompile>
    <ClCompile Include="..\..\ZUI\core\carray.c">
      <Filter>源文件\core</Filter>
    </ClCompile>
    <ClCompile Include="..\..\ZUI\core\control.c">
      <Filter>源文件\core</Filter>
    </ClCompile>
    <ClCompile Include="..\..\ZUI\core\debug.c">
      <Filter>源文件\core</Filter>
    </ClCompile>
    <ClCompile Include="..\..\ZUI\core\function.c">
      <Filter>源文件\core</Filter>
    </ClCompile>
    <ClCompile Include="..\..\ZUI\core\global.c">
      <Filter>源文件\core</Filter>
    </ClCompile>
    <ClCompile Include="..\..\ZUI\core\manager.c">
      <Filter>源文件\core</Filter>
    </ClCompile>
    <ClCompile Include="..\..\ZUI\core\memory.c">
      <Filter>源文件\core</Filter>
    </ClCompile>
    <ClCompile Include="..\..\ZUI\core\mxml.c">
      <Filter>源文件\core</Filter>
    </ClCompile>
    <ClCompile Include="..\..\ZUI\core\resdb.c">
      <Filter>源文件\core</Filter>
    </ClCompile>
    <ClCompile Include="..\..\ZUI\core\string.c">
      <Filter>源文件\core</Filter>
    </ClCompile>
    <ClCompile Include="..\..\ZUI\core\template.c">
      <Filter>源文件\core</Filter>
    </ClCompile>
    <ClCompile Include="..\..\ZUI\core\tree.c">
      <Filter>源文件\core</Filter>
    </ClCompile>
    <ClCompile Include="..\..\ZUI\layout\HorizontalLayout.c">
      <Filter>源文件\layout</Filter>
    </ClCompile>
    <ClCompile Include="..\..\ZUI\layout\Layout.c">
      <Filter>源文件\layout</Filter>
    </ClCompile>
    <ClCompile Include="..\..\ZUI\layout\TabLayout.c">
      <Filter>源文件\layout</Filter>
    </ClCompile>
    <ClCompile Include="..\..\ZUI\layout\TileLayout.c">
      <Filter>源文件\layout</Filter>
    </ClCompile>
    <ClCompile Include="..\..\ZUI\layout\VerticalLayout.c">
      <Filter>源文件\layout</Filter>
    </ClCompile>
    <ClCompile Include="..\..\ZUI\platform\graph\cario.c">
      <Filter>源文件\platform\graph</Filter>
    </ClCompile>
    <ClCompile Include="..\..\ZUI\platform\graph\gdi.c">
      <Filter>源文件\platform\graph</Filter>
    </ClCompile>
    <ClCompile Include="..\..\ZUI\platform\graph\skia.c">
      <Filter>源文件\platform\graph</Filter>
    </ClCompile>
    <ClCompile Include="..\..\ZUI\platform\graph\agg.cpp">
      <Filter>源文件\platform\graph</Filter>
    </ClCompile>
    <ClCompile Include="..\..\ZUI\platform\os\win.c">
      <Filter>源文件\platform\os</Filter>
    </ClCompile>
    <ClCompile Include="..\..\ZUI\platform\os\linux.c">
      <Filter>源文件\platform\os</Filter>
    </ClCompile>
    <ClCompile Include="..\..\ZUI\zlib\adler32.c">
      <Filter>源文件\zlib</Filter>
    </ClCompile>
    <ClCompile Include="..\..\ZUI\zlib\crc32.c">
      <Filter>源文件\zlib</Filter>
    </ClCompile>
    <ClCompile Include="..\..\ZUI\zlib\deflate.c">
      <Filter>源文件\zlib</Filter>
    </ClCompile>
    <ClCompile Include="..\..\ZUI\zlib\inffast.c">
      <Filter>源文件\zlib</Filter>
    </ClCompile>
    <ClCompile Include="..\..\ZUI\zlib\inflate.c">
      <Filter>源文件\zlib</Filter>
    </ClCompile>
    <ClCompile Include="..\..\ZUI\zlib\inftrees.c">
      <Filter>源文件\zlib</Filter>
    </ClCompile>
    <ClCompile Include="..\..\ZUI\zlib\trees.c">
      <Filter>源文件\zlib</Filter>
    </ClCompile>
    <ClCompile Include="..\..\ZUI\zlib\unzip.c">
      <Filter>源文件\zlib</Filter>
    </ClCompile>
    <ClCompile Include="..\..\ZUI\zlib\zutil.c">
      <Filter>源文件\zlib</Filter>
    </ClCompile>
    <ClCompile Include="..\..\ZUI\vc6.cpp">
      <Filter>源文件</Filter>
    </ClCompile>
    <ClCompile Include="..\..\ZUI\zuidebug.c">
      <Filter>源文件</Filter>
    </ClCompile>
    <ClCompile Include="..\..\ZUI\platform\graph\agg\agg_font_win32_tt.cpp">
      <Filter>源文件\platform\graph\AGG</Filter>
    </ClCompile>
    <ClCompile Include="..\..\ZUI\platform\graph\agg\src\agg_curves.cpp">
      <Filter>源文件\platform\graph\AGG\src</Filter>
    </ClCompile>
    <ClCompile Include="..\..\ZUI\platform\graph\agg\src\agg_trans_affine.cpp">
      <Filter>源文件\platform\graph\AGG\src</Filter>
    </ClCompile>
    <ClCompile Include="..\..\ZUI\platform\graph\agg\src\agg_vcgen_stroke.cpp">
      <Filter>源文件\platform\graph\AGG\src</Filter>
    </ClCompile>
    <ClCompile Include="..\..\ZUI\control\TreeView.c">
      <Filter>源文件\control</Filter>
    </ClCompile>
    <ClCompile Include="..\..\ZUI\duktape\duk_alloc_default.c">
      <Filter>源文件\duktape</Filter>
    </ClCompile>
    <ClCompile Include="..\..\ZUI\duktape\duk_api_buffer.c">
      <Filter>源文件\duktape</Filter>
    </ClCompile>
    <ClCompile Include="..\..\ZUI\duktape\duk_api_bytecode.c">
      <Filter>源文件\duktape</Filter>
    </ClCompile>
    <ClCompile Include="..\..\ZUI\duktape\duk_api_call.c">
      <Filter>源文件\duktape</Filter>
    </ClCompile>
    <ClCompile Include="..\..\ZUI\duktape\duk_api_codec.c">
      <Filter>源文件\duktape</Filter>
    </ClCompile>
    <ClCompile Include="..\..\ZUI\duktape\duk_api_compile.c">
      <Filter>源文件\duktape</Filter>
    </ClCompile>
    <ClCompile Include="..\..\ZUI\duktape\duk_api_debug.c">
      <Filter>源文件\duktape</Filter>
    </ClCompile>
    <ClCompile Include="..\..\ZUI\duktape\duk_api_heap.c">
      <Filter>源文件\duktape</Filter>
    </ClCompile>
    <ClCompile Include="..\..\ZUI\duktape\duk_api_inspect.c">
      <Filter>源文件\duktape</Filter>
    </ClCompile>
    <ClCompile Include="..\..\ZUI\duktape\duk_api_memory.c">
      <Filter>源文件\duktape</Filter>
    </ClCompile>
    <ClCompile Include="..\..\ZUI\duktape\duk_api_object.c">
      <Filter>源文件\duktape</Filter>
    </ClCompile>
    <ClCompile Include="..\..\ZUI\duktape\duk_api_stack.c">
      <Filter>源文件\duktape</Filter>
    </ClCompile>
    <ClCompile Include="..\..\ZUI\duktape\duk_api_string.c">
      <Filter>源文件\duktape</Filter>
    </ClCompile>
    <ClCompile Include="..\..\ZUI\duktape\duk_api_time.c">
      <Filter>源文件\duktape</Filter>
    </ClCompile>
    <ClCompile Include="..\..\ZUI\duktape\duk_bi_array.c">
      <Filter>源文件\duktape</Filter>
    </ClCompile>
    <ClCompile Include="..\..\ZUI\duktape\duk_bi_boolean.c">
      <Filter>源文件\duktape</Filter>
    </ClCompile>
    <ClCompile Include="..\..\ZUI\duktape\duk_bi_buffer.c">
      <Filter>源文件\duktape</Filter>
    </ClCompile>
    <ClCompile Include="..\..\ZUI\duktape\duk_bi_date.c">
      <Filter>源文件\duktape</Filter>
    </ClCompile>
    <ClCompile Include="..\..\ZUI\duktape\duk_bi_date_unix.c">
      <Filter>源文件\duktape</Filter>
    </ClCompile>
    <ClCompile Include="..\..\ZUI\duktape\duk_bi_date_windows.c">
      <Filter>源文件\duktape</Filter>
    </ClCompile>
    <ClCompile Include="..\..\ZUI\duktape\duk_bi_duktape.c">
      <Filter>源文件\duktape</Filter>
    </ClCompile>
    <ClCompile Include="..\..\ZUI\duktape\duk_bi_encoding.c">
      <Filter>源文件\duktape</Filter>
    </ClCompile>
    <ClCompile Include="..\..\ZUI\duktape\duk_bi_error.c">
      <Filter>源文件\duktape</Filter>
    </ClCompile>
    <ClCompile Include="..\..\ZUI\duktape\duk_bi_function.c">
      <Filter>源文件\duktape</Filter>
    </ClCompile>
    <ClCompile Include="..\..\ZUI\duktape\duk_bi_global.c">
      <Filter>源文件\duktape</Filter>
    </ClCompile>
    <ClCompile Include="..\..\ZUI\duktape\duk_bi_json.c">
      <Filter>源文件\duktape</Filter>
    </ClCompile>
    <ClCompile Include="..\..\ZUI\duktape\duk_bi_math.c">
      <Filter>源文件\duktape</Filter>
    </ClCompile>
    <ClCompile Include="..\..\ZUI\duktape\duk_bi_number.c">
      <Filter>源文件\duktape</Filter>
    </ClCompile>
    <ClCompile Include="..\..\ZUI\duktape\duk_bi_object.c">
      <Filter>源文件\duktape</Filter>
    </ClCompile>
    <ClCompile Include="..\..\ZUI\duktape\duk_bi_pointer.c">
      <Filter>源文件\duktape</Filter>
    </ClCompile>
    <ClCompile Include="..\..\ZUI\duktape\duk_bi_proxy.c">
      <Filter>源文件\duktape</Filter>
    </ClCompile>
    <ClCompile Include="..\..\ZUI\duktape\duk_bi_reflect.c">
      <Filter>源文件\duktape</Filter>
    </ClCompile>
    <ClCompile Include="..\..\ZUI\duktape\duk_bi_regexp.c">
      <Filter>源文件\duktape</Filter>
    </ClCompile>
    <ClCompile Include="..\..\ZUI\duktape\duk_bi_string.c">
      <Filter>源文件\duktape</Filter>
    </ClCompile>
    <ClCompile Include="..\..\ZUI\duktape\duk_bi_symbol.c">
      <Filter>源文件\duktape</Filter>
    </ClCompile>
    <ClCompile Include="..\..\ZUI\duktape\duk_bi_thread.c">
      <Filter>源文件\duktape</Filter>
    </ClCompile>
    <ClCompile Include="..\..\ZUI\duktape\duk_bi_thrower.c">
      <Filter>源文件\duktape</Filter>
    </ClCompile>
    <ClCompile Include="..\..\ZUI\duktape\duk_builtins.c">
      <Filter>源文件\duktape</Filter>
    </ClCompile>
    <ClCompile Include="..\..\ZUI\duktape\duk_debug_fixedbuffer.c">
      <Filter>源文件\duktape</Filter>
    </ClCompile>
    <ClCompile Include="..\..\ZUI\duktape\duk_debug_macros.c">
      <Filter>源文件\duktape</Filter>
    </ClCompile>
    <ClCompile Include="..\..\ZUI\duktape\duk_debug_vsnprintf.c">
      <Filter>源文件\duktape</Filter>
    </ClCompile>
    <ClCompile Include="..\..\ZUI\duktape\duk_debugger.c">
      <Filter>源文件\duktape</Filter>
    </ClCompile>
    <ClCompile Include="..\..\ZUI\duktape\duk_error_augment.c">
      <Filter>源文件\duktape</Filter>
    </ClCompile>
    <ClCompile Include="..\..\ZUI\duktape\duk_error_longjmp.c">
      <Filter>源文件\duktape</Filter>
    </ClCompile>
    <ClCompile Include="..\..\ZUI\duktape\duk_error_macros.c">
      <Filter>源文件\duktape</Filter>
    </ClCompile>
    <ClCompile Include="..\..\ZUI\duktape\duk_error_misc.c">
      <Filter>源文件\duktape</Filter>
    </ClCompile>
    <ClCompile Include="..\..\ZUI\duktape\duk_error_throw.c">
      <Filter>源文件\duktape</Filter>
    </ClCompile>
    <ClCompile Include="..\..\ZUI\duktape\duk_hbuffer_alloc.c">
      <Filter>源文件\duktape</Filter>
    </ClCompile>
    <ClCompile Include="..\..\ZUI\duktape\duk_hbuffer_ops.c">
      <Filter>源文件\duktape</Filter>
    </ClCompile>
    <ClCompile Include="..\..\ZUI\duktape\duk_hbufobj_misc.c">
      <Filter>源文件\duktape</Filter>
    </ClCompile>
    <ClCompile Include="..\..\ZUI\duktape\duk_heap_alloc.c">
      <Filter>源文件\duktape</Filter>
    </ClCompile>
    <ClCompile Include="..\..\ZUI\duktape\duk_heap_hashstring.c">
      <Filter>源文件\duktape</Filter>
    </ClCompile>
    <ClCompile Include="..\..\ZUI\duktape\duk_heap_markandsweep.c">
      <Filter>源文件\duktape</Filter>
    </ClCompile>
    <ClCompile Include="..\..\ZUI\duktape\duk_heap_memory.c">
      <Filter>源文件\duktape</Filter>
    </ClCompile>
    <ClCompile Include="..\..\ZUI\duktape\duk_heap_misc.c">
      <Filter>源文件\duktape</Filter>
    </ClCompile>
    <ClCompile Include="..\..\ZUI\duktape\duk_heap_refcount.c">
      <Filter>源文件\duktape</Filter>
    </ClCompile>
    <ClCompile Include="..\..\ZUI\duktape\duk_heap_stringcache.c">
      <Filter>源文件\duktape</Filter>
    </ClCompile>
    <ClCompile Include="..\..\ZUI\duktape\duk_heap_stringtable.c">
      <Filter>源文件\duktape</Filter>
    </ClCompile>
    <ClCompile Include="..\..\ZUI\duktape\duk_hobject_alloc.c">
      <Filter>源文件\duktape</Filter>
    </ClCompile>
    <ClCompile Include="..\..\ZUI\duktape\duk_hobject_class.c">
      <Filter>源文件\duktape</Filter>
    </ClCompile>
    <ClCompile Include="..\..\ZUI\duktape\duk_hobject_enum.c">
      <Filter>源文件\duktape</Filter>
    </ClCompile>
    <ClCompile Include="..\..\ZUI\duktape\duk_hobject_finalizer.c">
      <Filter>源文件\duktape</Filter>
    </ClCompile>
    <ClCompile Include="..\..\ZUI\duktape\duk_hobject_misc.c">
      <Filter>源文件\duktape</Filter>
    </ClCompile>
    <ClCompile Include="..\..\ZUI\duktape\duk_hobject_pc2line.c">
      <Filter>源文件\duktape</Filter>
    </ClCompile>
    <ClCompile Include="..\..\ZUI\duktape\duk_hobject_props.c">
      <Filter>源文件\duktape</Filter>
    </ClCompile>
    <ClCompile Include="..\..\ZUI\duktape\duk_hstring_misc.c">
      <Filter>源文件\duktape</Filter>
    </ClCompile>
    <ClCompile Include="..\..\ZUI\duktape\duk_hthread_alloc.c">
      <Filter>源文件\duktape</Filter>
    </ClCompile>
    <ClCompile Include="..\..\ZUI\duktape\duk_hthread_builtins.c">
      <Filter>源文件\duktape</Filter>
    </ClCompile>
    <ClCompile Include="..\..\ZUI\duktape\duk_hthread_misc.c">
      <Filter>源文件\duktape</Filter>
    </ClCompile>
    <ClCompile Include="..\..\ZUI\duktape\duk_hthread_stacks.c">
      <Filter>源文件\duktape</Filter>
    </ClCompile>
    <ClCompile Include="..\..\ZUI\duktape\duk_js_arith.c">
      <Filter>源文件\duktape</Filter>
    </ClCompile>
    <ClCompile Include="..\..\ZUI\duktape\duk_js_call.c">
      <Filter>源文件\duktape</Filter>
    </ClCompile>
    <ClCompile Include="..\..\ZUI\duktape\duk_js_compiler.c">
      <Filter>源文件\duktape</Filter>
    </ClCompile>
    <ClCompile Include="..\..\ZUI\duktape\duk_js_executor.c">
      <Filter>源文件\duktape</Filter>
    </ClCompile>
    <ClCompile Include="..\..\ZUI\duktape\duk_js_ops.c">
      <Filter>源文件\duktape</Filter>
    </ClCompile>
    <ClCompile Include="..\..\ZUI\duktape\duk_js_var.c">
      <Filter>源文件\duktape</Filter>
    </ClCompile>
    <ClCompile Include="..\..\ZUI\duktape\duk_lexer.c">
      <Filter>源文件\duktape</Filter>
    </ClCompile>
    <ClCompile Include="..\..\ZUI\duktape\duk_numconv.c">
      <Filter>源文件\duktape</Filter>
    </ClCompile>
    <ClCompile Include="..\..\ZUI\duktape\duk_regexp_compiler.c">
      <Filter>源文件\duktape</Filter>
    </ClCompile>
    <ClCompile Include="..\..\ZUI\duktape\duk_regexp_executor.c">
      <Filter>源文件\duktape</Filter>
    </ClCompile>
    <ClCompile Include="..\..\ZUI\duktape\duk_replacements.c">
      <Filter>源文件\duktape</Filter>
    </ClCompile>
    <ClCompile Include="..\..\ZUI\duktape\duk_selftest.c">
      <Filter>源文件\duktape</Filter>
    </ClCompile>
    <ClCompile Include="..\..\ZUI\duktape\duk_tval.c">
      <Filter>源文件\duktape</Filter>
    </ClCompile>
    <ClCompile Include="..\..\ZUI\duktape\duk_unicode_support.c">
      <Filter>源文件\duktape</Filter>
    </ClCompile>
    <ClCompile Include="..\..\ZUI\duktape\duk_unicode_tables.c">
      <Filter>源文件\duktape</Filter>
    </ClCompile>
    <ClCompile Include="..\..\ZUI\duktape\duk_util_bitdecoder.c">
      <Filter>源文件\duktape</Filter>
    </ClCompile>
    <ClCompile Include="..\..\ZUI\duktape\duk_util_bitencoder.c">
      <Filter>源文件\duktape</Filter>
    </ClCompile>
    <ClCompile Include="..\..\ZUI\duktape\duk_util_bufwriter.c">
      <Filter>源文件\duktape</Filter>
    </ClCompile>
    <ClCompile Include="..\..\ZUI\duktape\duk_util_hashbytes.c">
      <Filter>源文件\duktape</Filter>
    </ClCompile>
    <ClCompile Include="..\..\ZUI\duktape\duk_util_hashprime.c">
      <Filter>源文件\duktape</Filter>
    </ClCompile>
    <ClCompile Include="..\..\ZUI\duktape\duk_util_misc.c">
      <Filter>源文件\duktape</Filter>
    </ClCompile>
    <ClCompile Include="..\..\ZUI\duktape\duk_util_tinyrandom.c">
      <Filter>源文件\duktape</Filter>
    </ClCompile>
    <ClCompile Include="..\..\ZUI\libuv\src\fs-poll.c">
      <Filter>源文件\libuv</Filter>
    </ClCompile>
    <ClCompile Include="..\..\ZUI\libuv\src\inet.c">
      <Filter>源文件\libuv</Filter>
    </ClCompile>
    <ClCompile Include="..\..\ZUI\libuv\src\threadpool.c">
      <Filter>源文件\libuv</Filter>
    </ClCompile>
    <ClCompile Include="..\..\ZUI\libuv\src\uv-common.c">
      <Filter>源文件\libuv</Filter>
    </ClCompile>
    <ClCompile Include="..\..\ZUI\libuv\src\version.c">
      <Filter>源文件\libuv</Filter>
    </ClCompile>
    <ClCompile Include="..\..\ZUI\libuv\src\win\async.c">
      <Filter>源文件\libuv\win</Filter>
    </ClCompile>
    <ClCompile Include="..\..\ZUI\libuv\src\win\core.c">
      <Filter>源文件\libuv\win</Filter>
    </ClCompile>
    <ClCompile Include="..\..\ZUI\libuv\src\win\dl.c">
      <Filter>源文件\libuv\win</Filter>
    </ClCompile>
    <ClCompile Include="..\..\ZUI\libuv\src\win\error.c">
      <Filter>源文件\libuv\win</Filter>
    </ClCompile>
    <ClCompile Include="..\..\ZUI\libuv\src\win\fs.c">
      <Filter>源文件\libuv\win</Filter>
    </ClCompile>
    <ClCompile Include="..\..\ZUI\libuv\src\win\fs-event.c">
      <Filter>源文件\libuv\win</Filter>
    </ClCompile>
    <ClCompile Include="..\..\ZUI\libuv\src\win\getaddrinfo.c">
      <Filter>源文件\libuv\win</Filter>
    </ClCompile>
    <ClCompile Include="..\..\ZUI\libuv\src\win\getnameinfo.c">
      <Filter>源文件\libuv\win</Filter>
    </ClCompile>
    <ClCompile Include="..\..\ZUI\libuv\src\win\handle.c">
      <Filter>源文件\libuv\win</Filter>
    </ClCompile>
    <ClCompile Include="..\..\ZUI\libuv\src\win\loop-watcher.c">
      <Filter>源文件\libuv\win</Filter>
    </ClCompile>
    <ClCompile Include="..\..\ZUI\libuv\src\win\pipe.c">
      <Filter>源文件\libuv\win</Filter>
    </ClCompile>
    <ClCompile Include="..\..\ZUI\libuv\src\win\poll.c">
      <Filter>源文件\libuv\win</Filter>
    </ClCompile>
    <ClCompile Include="..\..\ZUI\libuv\src\win\process.c">
      <Filter>源文件\libuv\win</Filter>
    </ClCompile>
    <ClCompile Include="..\..\ZUI\libuv\src\win\process-stdio.c">
      <Filter>源文件\libuv\win</Filter>
    </ClCompile>
    <ClCompile Include="..\..\ZUI\libuv\src\win\req.c">
      <Filter>源文件\libuv\win</Filter>
    </ClCompile>
    <ClCompile Include="..\..\ZUI\libuv\src\win\signal.c">
      <Filter>源文件\libuv\win</Filter>
    </ClCompile>
    <ClCompile Include="..\..\ZUI\libuv\src\win\snprintf.c">
      <Filter>源文件\libuv\win</Filter>
    </ClCompile>
    <ClCompile Include="..\..\ZUI\libuv\src\win\stream.c">
      <Filter>源文件\libuv\win</Filter>
    </ClCompile>
    <ClCompile Include="..\..\ZUI\libuv\src\win\tcp.c">
      <Filter>源文件\libuv\win</Filter>
    </ClCompile>
    <ClCompile Include="..\..\ZUI\libuv\src\win\thread.c">
      <Filter>源文件\libuv\win</Filter>
    </ClCompile>
    <ClCompile Include="..\..\ZUI\libuv\src\win\timer.c">
      <Filter>源文件\libuv\win</Filter>
    </ClCompile>
    <ClCompile Include="..\..\ZUI\libuv\src\win\tty.c">
      <Filter>源文件\libuv\win</Filter>
    </ClCompile>
    <ClCompile Include="..\..\ZUI\libuv\src\win\udp.c">
      <Filter>源文件\libuv\win</Filter>
    </ClCompile>
    <ClCompile Include="..\..\ZUI\libuv\src\win\util.c">
      <Filter>源文件\libuv\win</Filter>
    </ClCompile>
    <ClCompile Include="..\..\ZUI\libuv\src\win\winapi.c">
      <Filter>源文件\libuv\win</Filter>
    </ClCompile>
    <ClCompile Include="..\..\ZUI\libuv\src\win\winsock.c">
      <Filter>源文件\libuv\win</Filter>
    </ClCompile>
    <ClCompile Include="..\..\ZUI\dukluv\src\callbacks.c">
      <Filter>源文件\dukluv\src</Filter>
    </ClCompile>
    <ClCompile Include="..\..\ZUI\dukluv\src\duv.c">
      <Filter>源文件\dukluv\src</Filter>
    </ClCompile>
    <ClCompile Include="..\..\ZUI\dukluv\src\loop.c">
      <Filter>源文件\dukluv\src</Filter>
    </ClCompile>
    <ClCompile Include="..\..\ZUI\dukluv\src\main.c">
      <Filter>源文件\dukluv\src</Filter>
    </ClCompile>
    <ClCompile Include="..\..\ZUI\dukluv\src\misc.c">
      <Filter>源文件\dukluv\src</Filter>
    </ClCompile>
    <ClCompile Include="..\..\ZUI\dukluv\src\refs.c">
      <Filter>源文件\dukluv\src</Filter>
    </ClCompile>
    <ClCompile Include="..\..\ZUI\dukluv\src\schema.c">
      <Filter>源文件\dukluv\src</Filter>
    </ClCompile>
    <ClCompile Include="..\..\ZUI\dukluv\src\utils.c">
      <Filter>源文件\dukluv\src</Filter>
    </ClCompile>
    <ClCompile Include="..\..\ZUI\dukluv\src\uv_schema.c">
      <Filter>源文件\dukluv\src</Filter>
    </ClCompile>
    <ClCompile Include="..\..\ZUI\dukluv\src\duv_fs.c">
      <Filter>源文件\dukluv\src</Filter>
    </ClCompile>
    <ClCompile Include="..\..\ZUI\dukluv\src\duv_pipe.c">
      <Filter>源文件\dukluv\src</Filter>
    </ClCompile>
    <ClCompile Include="..\..\ZUI\dukluv\src\duv_tcp.c">
      <Filter>源文件\dukluv\src</Filter>
    </ClCompile>
    <ClCompile Include="..\..\ZUI\dukluv\src\duv_tty.c">
      <Filter>源文件\dukluv\src</Filter>
    </ClCompile>
    <ClCompile Include="..\..\ZUI\dukluv\src\duv_req.c">
      <Filter>源文件\dukluv\src</Filter>
    </ClCompile>
    <ClCompile Include="..\..\ZUI\dukluv\src\duv_handle.c">
      <Filter>源文件\dukluv\src</Filter>
    </ClCompile>
    <ClCompile Include="..\..\ZUI\dukluv\src\duv_stream.c">
      <Filter>源文件\dukluv\src</Filter>
    </ClCompile>
    <ClCompile Include="..\..\ZUI\dukluv\src\duv_timer.c">
      <Filter>源文件\dukluv\src</Filter>
    </ClCompile>
  </ItemGroup>
  <ItemGroup>
    <ClInclude Include="control\html\lout\container.hh">
      <Filter>头文件\control\html\lout</Filter>
    </ClInclude>
    <ClInclude Include="control\html\lout\debug.hh">
      <Filter>头文件\control\html\lout</Filter>
    </ClInclude>
    <ClInclude Include="control\html\lout\identity.hh">
      <Filter>头文件\control\html\lout</Filter>
    </ClInclude>
    <ClInclude Include="control\html\lout\misc.hh">
      <Filter>头文件\control\html\lout</Filter>
    </ClInclude>
    <ClInclude Include="control\html\lout\msg.h">
      <Filter>头文件\control\html\lout</Filter>
    </ClInclude>
    <ClInclude Include="control\html\lout\object.hh">
      <Filter>头文件\control\html\lout</Filter>
    </ClInclude>
    <ClInclude Include="control\html\lout\signal.hh">
      <Filter>头文件\control\html\lout</Filter>
    </ClInclude>
    <ClInclude Include="control\html\dw\alignedtextblock.hh">
      <Filter>头文件\control\html\dw</Filter>
    </ClInclude>
    <ClInclude Include="control\html\dw\iterator.hh">
      <Filter>头文件\control\html\dw</Filter>
    </ClInclude>
    <ClInclude Include="control\html\dw\layout.hh">
      <Filter>头文件\control\html\dw</Filter>
    </ClInclude>
    <ClInclude Include="control\html\dw\ruler.hh">
      <Filter>头文件\control\html\dw</Filter>
    </ClInclude>
    <ClInclude Include="control\html\dw\listitem.hh">
      <Filter>头文件\control\html\dw</Filter>
    </ClInclude>
    <ClInclude Include="control\html\dw\types.hh">
      <Filter>头文件\control\html\dw</Filter>
    </ClInclude>
    <ClInclude Include="control\html\dw\widget.hh">
      <Filter>头文件\control\html\dw</Filter>
    </ClInclude>
    <ClInclude Include="control\html\dw\textblock.hh">
      <Filter>头文件\control\html\dw</Filter>
    </ClInclude>
    <ClInclude Include="control\html\dw\style.hh">
      <Filter>头文件\control\html\dw</Filter>
    </ClInclude>
    <ClInclude Include="control\html\dw\selection.hh">
      <Filter>头文件\control\html\dw</Filter>
    </ClInclude>
    <ClInclude Include="control\html\dw\tablecell.hh">
      <Filter>头文件\control\html\dw</Filter>
    </ClInclude>
    <ClInclude Include="control\html\dw\core.hh">
      <Filter>头文件\control\html\dw</Filter>
    </ClInclude>
    <ClInclude Include="control\html\dw\bullet.hh">
      <Filter>头文件\control\html\dw</Filter>
    </ClInclude>
    <ClInclude Include="control\html\dw\image.hh">
      <Filter>头文件\control\html\dw</Filter>
    </ClInclude>
    <ClInclude Include="control\html\dw\imgbuf.hh">
      <Filter>头文件\control\html\dw</Filter>
    </ClInclude>
    <ClInclude Include="control\html\dw\view.hh">
      <Filter>头文件\control\html\dw</Filter>
    </ClInclude>
    <ClInclude Include="control\html\dw\table.hh">
      <Filter>头文件\control\html\dw</Filter>
    </ClInclude>
    <ClInclude Include="control\html\dw\findtext.hh">
      <Filter>头文件\control\html\dw</Filter>
    </ClInclude>
    <ClInclude Include="control\html\dw\events.hh">
      <Filter>源文件\control\html\dw\NewFilter1</Filter>
    </ClInclude>
    <ClInclude Include="control\html\dw\platform.hh">
      <Filter>源文件\control\html\dw\NewFilter1</Filter>
    </ClInclude>
    <ClInclude Include="control\html\dw\ui.hh">
      <Filter>源文件\control\html\dw\NewFilter1</Filter>
    </ClInclude>
    <ClInclude Include="control\html\dw\zuiplatform.hh">
      <Filter>源文件\control\html\dw</Filter>
    </ClInclude>
    <ClInclude Include="control\html\dw\zuiviewport.hh">
      <Filter>源文件\control\html\dw</Filter>
    </ClInclude>
    <ClInclude Include="control\html\dw\zuiviewbase.hh">
      <Filter>源文件\control\html\dw</Filter>
    </ClInclude>
    <ClInclude Include="..\..\ZUI\control\Window.h">
      <Filter>头文件\control</Filter>
    </ClInclude>
    <ClInclude Include="..\..\ZUI\control\Virtual.h">
      <Filter>头文件\control</Filter>
    </ClInclude>
    <ClInclude Include="..\..\ZUI\control\SplitterBar.h">
      <Filter>头文件\control</Filter>
    </ClInclude>
    <ClInclude Include="..\..\ZUI\control\ScrollBar.h">
      <Filter>头文件\control</Filter>
    </ClInclude>
    <ClInclude Include="..\..\ZUI\control\Register.h">
      <Filter>头文件\control</Filter>
    </ClInclude>
    <ClInclude Include="..\..\ZUI\control\Option.h">
      <Filter>头文件\control</Filter>
    </ClInclude>
    <ClInclude Include="..\..\ZUI\control\MenuBar.h">
      <Filter>头文件\control</Filter>
    </ClInclude>
    <ClInclude Include="..\..\ZUI\control\Menu.h">
      <Filter>头文件\control</Filter>
    </ClInclude>
    <ClInclude Include="..\..\ZUI\control\List.h">
      <Filter>头文件\control</Filter>
    </ClInclude>
    <ClInclude Include="..\..\ZUI\control\Label.h">
      <Filter>头文件\control</Filter>
    </ClInclude>
    <ClInclude Include="..\..\ZUI\control\Html.h">
      <Filter>头文件\control</Filter>
    </ClInclude>
    <ClInclude Include="..\..\ZUI\control\Edit.h">
      <Filter>头文件\control</Filter>
    </ClInclude>
    <ClInclude Include="..\..\ZUI\control\Button.h">
      <Filter>头文件\control</Filter>
    </ClInclude>
    <ClInclude Include="..\..\ZUI\control\Browser.h">
      <Filter>头文件\control</Filter>
    </ClInclude>
    <ClInclude Include="..\..\ZUI\ZUI.h">
      <Filter>头文件</Filter>
    </ClInclude>
    <ClInclude Include="..\..\ZUI\resource.h">
      <Filter>头文件</Filter>
    </ClInclude>
    <ClInclude Include="..\..\ZUI\layout\HorizontalLayout.h">
      <Filter>头文件\layout</Filter>
    </ClInclude>
    <ClInclude Include="..\..\ZUI\layout\Layout.h">
      <Filter>头文件\layout</Filter>
    </ClInclude>
    <ClInclude Include="..\..\ZUI\layout\TabLayout.h">
      <Filter>头文件\layout</Filter>
    </ClInclude>
    <ClInclude Include="..\..\ZUI\layout\TileLayout.h">
      <Filter>头文件\layout</Filter>
    </ClInclude>
    <ClInclude Include="..\..\ZUI\layout\VerticalLayout.h">
      <Filter>头文件\layout</Filter>
    </ClInclude>
    <ClInclude Include="..\..\ZUI\core\animation.h">
      <Filter>头文件\core</Filter>
    </ClInclude>
    <ClInclude Include="..\..\ZUI\core\builder.h">
      <Filter>头文件\core</Filter>
    </ClInclude>
    <ClInclude Include="..\..\ZUI\core\carray.h">
      <Filter>头文件\core</Filter>
    </ClInclude>
    <ClInclude Include="..\..\ZUI\core\control.h">
      <Filter>头文件\core</Filter>
    </ClInclude>
    <ClInclude Include="..\..\ZUI\core\debug.h">
      <Filter>头文件\core</Filter>
    </ClInclude>
    <ClInclude Include="..\..\ZUI\core\function.h">
      <Filter>头文件\core</Filter>
    </ClInclude>
    <ClInclude Include="..\..\ZUI\core\global.h">
      <Filter>头文件\core</Filter>
    </ClInclude>
    <ClInclude Include="..\..\ZUI\core\manager.h">
      <Filter>头文件\core</Filter>
    </ClInclude>
    <ClInclude Include="..\..\ZUI\core\memory.h">
      <Filter>头文件\core</Filter>
    </ClInclude>
    <ClInclude Include="..\..\ZUI\core\mxml.h">
      <Filter>头文件\core</Filter>
    </ClInclude>
    <ClInclude Include="..\..\ZUI\core\resdb.h">
      <Filter>头文件\core</Filter>
    </ClInclude>
    <ClInclude Include="..\..\ZUI\core\string.h">
      <Filter>头文件\core</Filter>
    </ClInclude>
    <ClInclude Include="..\..\ZUI\core\template.h">
      <Filter>头文件\core</Filter>
    </ClInclude>
    <ClInclude Include="..\..\ZUI\core\tree.h">
      <Filter>头文件\core</Filter>
    </ClInclude>
    <ClInclude Include="..\..\ZUI\platform\platform.h">
      <Filter>头文件\platform</Filter>
    </ClInclude>
    <ClInclude Include="..\..\ZUI\platform\os\linux.h">
      <Filter>头文件\platform\os</Filter>
    </ClInclude>
    <ClInclude Include="..\..\ZUI\platform\os\os.h">
      <Filter>头文件\platform\os</Filter>
    </ClInclude>
    <ClInclude Include="..\..\ZUI\platform\os\win.h">
      <Filter>头文件\platform\os</Filter>
    </ClInclude>
    <ClInclude Include="..\..\ZUI\platform\graph\skia.h">
      <Filter>头文件\platform\graph</Filter>
    </ClInclude>
    <ClInclude Include="..\..\ZUI\platform\graph\graph.h">
      <Filter>头文件\platform\graph</Filter>
    </ClInclude>
    <ClInclude Include="..\..\ZUI\platform\graph\gdi.h">
      <Filter>头文件\platform\graph</Filter>
    </ClInclude>
    <ClInclude Include="..\..\ZUI\platform\graph\cairo.h">
      <Filter>头文件\platform\graph</Filter>
    </ClInclude>
    <ClInclude Include="..\..\ZUI\platform\graph\agg.h">
      <Filter>头文件\platform\graph</Filter>
    </ClInclude>
    <ClInclude Include="..\..\ZUI\zlib\crc32.h">
      <Filter>头文件\zlib</Filter>
    </ClInclude>
    <ClInclude Include="..\..\ZUI\zlib\deflate.h">
      <Filter>头文件\zlib</Filter>
    </ClInclude>
    <ClInclude Include="..\..\ZUI\zlib\inffast.h">
      <Filter>头文件\zlib</Filter>
    </ClInclude>
    <ClInclude Include="..\..\ZUI\zlib\inffixed.h">
      <Filter>头文件\zlib</Filter>
    </ClInclude>
    <ClInclude Include="..\..\ZUI\zlib\inflate.h">
      <Filter>头文件\zlib</Filter>
    </ClInclude>
    <ClInclude Include="..\..\ZUI\zlib\inftrees.h">
      <Filter>头文件\zlib</Filter>
    </ClInclude>
    <ClInclude Include="..\..\ZUI\zlib\trees.h">
      <Filter>头文件\zlib</Filter>
    </ClInclude>
    <ClInclude Include="..\..\ZUI\zlib\unzip.h">
      <Filter>头文件\zlib</Filter>
    </ClInclude>
    <ClInclude Include="..\..\ZUI\zlib\zconf.h">
      <Filter>头文件\zlib</Filter>
    </ClInclude>
    <ClInclude Include="..\..\ZUI\zlib\zlib.h">
      <Filter>头文件\zlib</Filter>
    </ClInclude>
    <ClInclude Include="..\..\ZUI\zlib\zutil.h">
      <Filter>头文件\zlib</Filter>
    </ClInclude>
    <ClInclude Include="..\..\ZUI\control\TreeView.h">
      <Filter>头文件\control</Filter>
    </ClInclude>
    <ClInclude Include="..\..\ZUI\duktape\duk_api_internal.h">
      <Filter>头文件\duktape</Filter>
    </ClInclude>
    <ClInclude Include="..\..\ZUI\duktape\duk_bi_protos.h">
      <Filter>头文件\duktape</Filter>
    </ClInclude>
    <ClInclude Include="..\..\ZUI\duktape\duk_builtins.h">
      <Filter>头文件\duktape</Filter>
    </ClInclude>
    <ClInclude Include="..\..\ZUI\duktape\duk_config.h">
      <Filter>头文件\duktape</Filter>
    </ClInclude>
    <ClInclude Include="..\..\ZUI\duktape\duk_debug.h">
      <Filter>头文件\duktape</Filter>
    </ClInclude>
    <ClInclude Include="..\..\ZUI\duktape\duk_debugger.h">
      <Filter>头文件\duktape</Filter>
    </ClInclude>
    <ClInclude Include="..\..\ZUI\duktape\duk_error.h">
      <Filter>头文件\duktape</Filter>
    </ClInclude>
    <ClInclude Include="..\..\ZUI\duktape\duk_exception.h">
      <Filter>头文件\duktape</Filter>
    </ClInclude>
    <ClInclude Include="..\..\ZUI\duktape\duk_forwdecl.h">
      <Filter>头文件\duktape</Filter>
    </ClInclude>
    <ClInclude Include="..\..\ZUI\duktape\duk_harray.h">
      <Filter>头文件\duktape</Filter>
    </ClInclude>
    <ClInclude Include="..\..\ZUI\duktape\duk_hbuffer.h">
      <Filter>头文件\duktape</Filter>
    </ClInclude>
    <ClInclude Include="..\..\ZUI\duktape\duk_hbufobj.h">
      <Filter>头文件\duktape</Filter>
    </ClInclude>
    <ClInclude Include="..\..\ZUI\duktape\duk_hcompfunc.h">
      <Filter>头文件\duktape</Filter>
    </ClInclude>
    <ClInclude Include="..\..\ZUI\duktape\duk_heap.h">
      <Filter>头文件\duktape</Filter>
    </ClInclude>
    <ClInclude Include="..\..\ZUI\duktape\duk_heaphdr.h">
      <Filter>头文件\duktape</Filter>
    </ClInclude>
    <ClInclude Include="..\..\ZUI\duktape\duk_hnatfunc.h">
      <Filter>头文件\duktape</Filter>
    </ClInclude>
    <ClInclude Include="..\..\ZUI\duktape\duk_hobject.h">
      <Filter>头文件\duktape</Filter>
    </ClInclude>
    <ClInclude Include="..\..\ZUI\duktape\duk_hstring.h">
      <Filter>头文件\duktape</Filter>
    </ClInclude>
    <ClInclude Include="..\..\ZUI\duktape\duk_hthread.h">
      <Filter>头文件\duktape</Filter>
    </ClInclude>
    <ClInclude Include="..\..\ZUI\duktape\duk_internal.h">
      <Filter>头文件\duktape</Filter>
    </ClInclude>
    <ClInclude Include="..\..\ZUI\duktape\duk_jmpbuf.h">
      <Filter>头文件\duktape</Filter>
    </ClInclude>
    <ClInclude Include="..\..\ZUI\duktape\duk_js.h">
      <Filter>头文件\duktape</Filter>
    </ClInclude>
    <ClInclude Include="..\..\ZUI\duktape\duk_js_bytecode.h">
      <Filter>头文件\duktape</Filter>
    </ClInclude>
    <ClInclude Include="..\..\ZUI\duktape\duk_js_compiler.h">
      <Filter>头文件\duktape</Filter>
    </ClInclude>
    <ClInclude Include="..\..\ZUI\duktape\duk_json.h">
      <Filter>头文件\duktape</Filter>
    </ClInclude>
    <ClInclude Include="..\..\ZUI\duktape\duk_lexer.h">
      <Filter>头文件\duktape</Filter>
    </ClInclude>
    <ClInclude Include="..\..\ZUI\duktape\duk_numconv.h">
      <Filter>头文件\duktape</Filter>
    </ClInclude>
    <ClInclude Include="..\..\ZUI\duktape\duk_regexp.h">
      <Filter>头文件\duktape</Filter>
    </ClInclude>
    <ClInclude Include="..\..\ZUI\duktape\duk_replacements.h">
      <Filter>头文件\duktape</Filter>
    </ClInclude>
    <ClInclude Include="..\..\ZUI\duktape\duk_selftest.h">
      <Filter>头文件\duktape</Filter>
    </ClInclude>
    <ClInclude Include="..\..\ZUI\duktape\duk_strings.h">
      <Filter>头文件\duktape</Filter>
    </ClInclude>
    <ClInclude Include="..\..\ZUI\duktape\duk_tval.h">
      <Filter>头文件\duktape</Filter>
    </ClInclude>
    <ClInclude Include="..\..\ZUI\duktape\duk_unicode.h">
      <Filter>头文件\duktape</Filter>
    </ClInclude>
    <ClInclude Include="..\..\ZUI\duktape\duk_util.h">
      <Filter>头文件\duktape</Filter>
    </ClInclude>
    <ClInclude Include="..\..\ZUI\duktape\duktape.h">
      <Filter>头文件\duktape</Filter>
    </ClInclude>
    <ClInclude Include="..\..\ZUI\libuv\src\win\atomicops-inl.h">
      <Filter>头文件\libuv\win</Filter>
    </ClInclude>
    <ClInclude Include="..\..\ZUI\libuv\src\win\handle-inl.h">
      <Filter>头文件\libuv\win</Filter>
    </ClInclude>
    <ClInclude Include="..\..\ZUI\libuv\src\win\internal.h">
      <Filter>头文件\libuv\win</Filter>
    </ClInclude>
    <ClInclude Include="..\..\ZUI\libuv\src\win\req-inl.h">
      <Filter>头文件\libuv\win</Filter>
    </ClInclude>
    <ClInclude Include="..\..\ZUI\libuv\src\win\stream-inl.h">
      <Filter>头文件\libuv\win</Filter>
    </ClInclude>
    <ClInclude Include="..\..\ZUI\libuv\src\win\winapi.h">
      <Filter>头文件\libuv\win</Filter>
    </ClInclude>
    <ClInclude Include="..\..\ZUI\libuv\src\win\winsock.h">
      <Filter>头文件\libuv\win</Filter>
    </ClInclude>
    <ClInclude Include="..\..\ZUI\libuv\src\heap-inl.h">
      <Filter>头文件\libuv</Filter>
    </ClInclude>
    <ClInclude Include="..\..\ZUI\libuv\src\queue.h">
      <Filter>头文件\libuv</Filter>
    </ClInclude>
    <ClInclude Include="..\..\ZUI\libuv\src\uv-common.h">
      <Filter>头文件\libuv</Filter>
    </ClInclude>
  </ItemGroup>
  <ItemGroup>
    <None Include="..\..\ZUI\res\onload.js">
      <Filter>res</Filter>
    </None>
    <None Include="..\..\ZUI\res\res.zip">
      <Filter>res</Filter>
    </None>
    <None Include="..\..\ZUI\res\default.zip" />
  </ItemGroup>
  <ItemGroup>
    <ResourceCompile Include="..\..\ZUI\Zui.rc">
      <Filter>资源文件</Filter>
    </ResourceCompile>
    <ResourceCompile Include="..\..\ZUI\Default.rc">
      <Filter>资源文件</Filter>
    </ResourceCompile>
  </ItemGroup>
  <ItemGroup>
    <Xml Include="..\..\ZUI\res\default.xml">
      <Filter>res</Filter>
    </Xml>
  </ItemGroup>
  <ItemGroup>
    <Image Include="..\..\ZUI\res\default\1.png">
      <Filter>res\default</Filter>
    </Image>
    <Image Include="..\..\ZUI\res\default\2.png">
      <Filter>res\default</Filter>
    </Image>
    <Image Include="..\..\ZUI\res\default\3.png">
      <Filter>res\default</Filter>
    </Image>
    <Image Include="..\..\ZUI\res\default\5.png">
      <Filter>res\default</Filter>
    </Image>
    <Image Include="..\..\ZUI\res\default\6.png">
      <Filter>res\default</Filter>
    </Image>
    <Image Include="..\..\ZUI\res\default\7.png">
      <Filter>res\default</Filter>
    </Image>
    <Image Include="..\..\ZUI\res\default\8.png">
      <Filter>res\default</Filter>
    </Image>
    <Image Include="..\..\ZUI\res\default\9.png">
      <Filter>res\default</Filter>
    </Image>
    <Image Include="..\..\ZUI\res\default\10.png">
      <Filter>res\default</Filter>
    </Image>
    <Image Include="..\..\ZUI\res\default\11.png">
      <Filter>res\default</Filter>
    </Image>
    <Image Include="..\..\ZUI\res\default\12.png">
      <Filter>res\default</Filter>
    </Image>
    <Image Include="..\..\ZUI\res\default\13.png">
      <Filter>res\default</Filter>
    </Image>
    <Image Include="..\..\ZUI\res\default\21.png">
      <Filter>res\default</Filter>
    </Image>
    <Image Include="..\..\ZUI\res\default\22.png">
      <Filter>res\default</Filter>
    </Image>
    <Image Include="..\..\ZUI\res\default\23.png">
      <Filter>res\default</Filter>
    </Image>
    <Image Include="..\..\ZUI\res\default\24.png">
      <Filter>res\default</Filter>
    </Image>
  </ItemGroup>
</Project>