<?xml version="1.0" encoding="utf-8"?>
<Project ToolsVersion="4.0" xmlns="http://schemas.microsoft.com/developer/msbuild/2003">
  <ItemGroup>
    <Filter Include="源文件">
      <UniqueIdentifier>{4FC737F1-C7A5-4376-A066-2A32D752A2FF}</UniqueIdentifier>
      <Extensions>cpp;c;cc;cxx;def;odl;idl;hpj;bat;asm;asmx</Extensions>
    </Filter>
    <Filter Include="头文件">
      <UniqueIdentifier>{93995380-89BD-4b04-88EB-625FBE52EBFB}</UniqueIdentifier>
      <Extensions>h;hh;hpp;hxx;hm;inl;inc;xsd</Extensions>
    </Filter>
    <Filter Include="资源文件">
      <UniqueIdentifier>{67DA6AB6-F800-4c08-8B7A-83BB121AAD01}</UniqueIdentifier>
      <Extensions>rc;ico;cur;bmp;dlg;rc2;rct;bin;rgs;gif;jpg;jpeg;jpe;resx;tiff;tif;png;wav;mfcribbon-ms</Extensions>
    </Filter>
    <Filter Include="源文件\zlib">
      <UniqueIdentifier>{967023e6-8536-4252-a8a4-817c3825fd11}</UniqueIdentifier>
    </Filter>
    <Filter Include="头文件\zlib">
      <UniqueIdentifier>{58d9feae-40ec-49f7-ba9c-49a08e79bf55}</UniqueIdentifier>
    </Filter>
    <Filter Include="头文件\core">
      <UniqueIdentifier>{4cc4b7e4-3873-458c-9c94-55880b4d9d7b}</UniqueIdentifier>
    </Filter>
    <Filter Include="源文件\core">
      <UniqueIdentifier>{9a255cb2-1369-4899-89a6-5e6c33caa6d7}</UniqueIdentifier>
    </Filter>
    <Filter Include="头文件\layout">
      <UniqueIdentifier>{44e2db9c-3e8b-4dc9-8410-1f194a3cc1e1}</UniqueIdentifier>
    </Filter>
    <Filter Include="源文件\layout">
      <UniqueIdentifier>{197418c8-ebb8-48b0-8930-eafb2742cbbd}</UniqueIdentifier>
    </Filter>
    <Filter Include="头文件\control">
      <UniqueIdentifier>{9d532de3-8ad7-4c94-a703-e208913ea29b}</UniqueIdentifier>
    </Filter>
    <Filter Include="源文件\control">
      <UniqueIdentifier>{001350cb-58cc-48cf-9b30-e8316f91daa3}</UniqueIdentifier>
    </Filter>
    <Filter Include="源文件\mujs">
      <UniqueIdentifier>{b0621af7-5a68-418c-a8c2-1137e5388e1d}</UniqueIdentifier>
    </Filter>
    <Filter Include="头文件\mujs">
      <UniqueIdentifier>{52a5fa0a-b94d-496f-a90d-840159eb8911}</UniqueIdentifier>
    </Filter>
    <Filter Include="源文件\libpng">
      <UniqueIdentifier>{19f6ccd9-fe4b-4ac7-bf16-6807ac1e67fa}</UniqueIdentifier>
    </Filter>
    <Filter Include="源文件\libjpeg">
      <UniqueIdentifier>{57c14423-de2e-4488-9873-48b04b4df8e1}</UniqueIdentifier>
    </Filter>
    <Filter Include="源文件\control\html">
      <UniqueIdentifier>{df80dd9d-3c08-4da3-bd52-11861925b1f1}</UniqueIdentifier>
    </Filter>
    <Filter Include="源文件\control\html\dw">
      <UniqueIdentifier>{5c5efdbe-ff45-4f3a-8b05-732d30d0838c}</UniqueIdentifier>
    </Filter>
    <Filter Include="源文件\control\html\lout">
      <UniqueIdentifier>{8f6c0a57-3855-46c8-b3a4-1a52fd44ae2e}</UniqueIdentifier>
    </Filter>
    <Filter Include="头文件\control\html">
      <UniqueIdentifier>{795fdb1f-a606-4194-821a-68ea7528fe8d}</UniqueIdentifier>
    </Filter>
    <Filter Include="头文件\control\html\lout">
      <UniqueIdentifier>{058493f7-332e-4f67-b5c9-b9470a8baff3}</UniqueIdentifier>
    </Filter>
    <Filter Include="源文件\control\html\dw_ok">
      <UniqueIdentifier>{a737d0b0-2eee-46a7-8280-b53ce6afd6ef}</UniqueIdentifier>
    </Filter>
    <Filter Include="头文件\control\html\dw">
      <UniqueIdentifier>{bff60bc4-f767-4483-bd2a-439736c59178}</UniqueIdentifier>
    </Filter>
    <Filter Include="源文件\control\html\dw\NewFilter1">
      <UniqueIdentifier>{391fbb00-4846-461c-8b23-284f3ce9eb4d}</UniqueIdentifier>
    </Filter>
    <Filter Include="源文件\platform">
      <UniqueIdentifier>{d85332cf-a553-4ec1-aa1f-7cbf33bc6a3e}</UniqueIdentifier>
    </Filter>
    <Filter Include="头文件\platform">
      <UniqueIdentifier>{d8f3aff9-5062-4d5b-b165-b614d0c9b732}</UniqueIdentifier>
    </Filter>
    <Filter Include="源文件\platform\os">
      <UniqueIdentifier>{dd18049f-090d-4d3e-a370-70deb1fd3e55}</UniqueIdentifier>
    </Filter>
    <Filter Include="头文件\platform\os">
      <UniqueIdentifier>{7e188294-2ea9-46ce-a864-cba056cc6ecc}</UniqueIdentifier>
    </Filter>
    <Filter Include="头文件\platform\graph">
      <UniqueIdentifier>{6626e0bf-5a5d-4f33-84ae-74c5a0c1dcf3}</UniqueIdentifier>
    </Filter>
    <Filter Include="源文件\platform\graph">
      <UniqueIdentifier>{d48a0dee-fd25-4158-b580-70a8f9338fe9}</UniqueIdentifier>
    </Filter>
    <Filter Include="源文件\platform\graph\AGG">
      <UniqueIdentifier>{63d6dc0e-9e0b-4f4b-865d-a62b9f251af1}</UniqueIdentifier>
    </Filter>
    <Filter Include="源文件\platform\graph\AGG\src">
      <UniqueIdentifier>{95cabec8-b0bb-4bdf-9a5b-d868697bf3a4}</UniqueIdentifier>
    </Filter>
    <Filter Include="res">
      <UniqueIdentifier>{0b5dbccf-0f84-4ad9-8d64-5ec18d95ea84}</UniqueIdentifier>
    </Filter>
    <Filter Include="res\default">
      <UniqueIdentifier>{007214d0-191f-45bd-873d-b67ee434595f}</UniqueIdentifier>
    </Filter>
  </ItemGroup>
  <ItemGroup>
    <ClCompile Include="control\html\lout\container.cc">
      <Filter>源文件\control\html\lout</Filter>
    </ClCompile>
    <ClCompile Include="control\html\lout\identity.cc">
      <Filter>源文件\control\html\lout</Filter>
    </ClCompile>
    <ClCompile Include="control\html\lout\lmisc.cc">
      <Filter>源文件\control\html\lout</Filter>
    </ClCompile>
    <ClCompile Include="control\html\lout\object.cc">
      <Filter>源文件\control\html\lout</Filter>
    </ClCompile>
    <ClCompile Include="control\html\lout\signal.cc">
      <Filter>源文件\control\html\lout</Filter>
    </ClCompile>
    <ClCompile Include="control\html\Html.cpp">
      <Filter>源文件\control\html</Filter>
    </ClCompile>
    <ClCompile Include="control\html\dw\zuiplatform.cc">
      <Filter>源文件\control\html\dw</Filter>
    </ClCompile>
    <ClCompile Include="control\html\dw\zuiviewport.cc">
      <Filter>源文件\control\html\dw</Filter>
    </ClCompile>
    <ClCompile Include="control\html\dw\zuiviewbase.cc">
      <Filter>源文件\control\html\dw</Filter>
    </ClCompile>
    <ClCompile Include="control\html\dw\alignedtextblock.cc">
      <Filter>源文件\control\html\dw_ok</Filter>
    </ClCompile>
    <ClCompile Include="control\html\dw\bullet.cc">
      <Filter>源文件\control\html\dw_ok</Filter>
    </ClCompile>
    <ClCompile Include="control\html\dw\dwimage.cc">
      <Filter>源文件\control\html\dw_ok</Filter>
    </ClCompile>
    <ClCompile Include="control\html\dw\dwlayout.cc">
      <Filter>源文件\control\html\dw_ok</Filter>
    </ClCompile>
    <ClCompile Include="control\html\dw\dwtable.cc">
      <Filter>源文件\control\html\dw_ok</Filter>
    </ClCompile>
    <ClCompile Include="control\html\dw\dwui.cc">
      <Filter>源文件\control\html\dw_ok</Filter>
    </ClCompile>
    <ClCompile Include="control\html\dw\findtext.cc">
      <Filter>源文件\control\html\dw_ok</Filter>
    </ClCompile>
    <ClCompile Include="control\html\dw\iterator.cc">
      <Filter>源文件\control\html\dw_ok</Filter>
    </ClCompile>
    <ClCompile Include="control\html\dw\listitem.cc">
      <Filter>源文件\control\html\dw_ok</Filter>
    </ClCompile>
    <ClCompile Include="control\html\dw\ruler.cc">
      <Filter>源文件\control\html\dw_ok</Filter>
    </ClCompile>
    <ClCompile Include="control\html\dw\selection.cc">
      <Filter>源文件\control\html\dw_ok</Filter>
    </ClCompile>
    <ClCompile Include="control\html\dw\style.cc">
      <Filter>源文件\control\html\dw_ok</Filter>
    </ClCompile>
    <ClCompile Include="control\html\dw\tablecell.cc">
      <Filter>源文件\control\html\dw_ok</Filter>
    </ClCompile>
    <ClCompile Include="control\html\dw\textblock.cc">
      <Filter>源文件\control\html\dw_ok</Filter>
    </ClCompile>
    <ClCompile Include="control\html\dw\types.cc">
      <Filter>源文件\control\html\dw_ok</Filter>
    </ClCompile>
    <ClCompile Include="control\html\dw\widget.cc">
      <Filter>源文件\control\html\dw_ok</Filter>
    </ClCompile>
    <ClCompile Include="..\..\ZUI\control\window.c">
      <Filter>源文件\control</Filter>
    </ClCompile>
    <ClCompile Include="..\..\ZUI\control\Virtual.c">
      <Filter>源文件\control</Filter>
    </ClCompile>
    <ClCompile Include="..\..\ZUI\control\SplitterBar.c">
      <Filter>源文件\control</Filter>
    </ClCompile>
    <ClCompile Include="..\..\ZUI\control\ScrollBar.c">
      <Filter>源文件\control</Filter>
    </ClCompile>
    <ClCompile Include="..\..\ZUI\control\Register.c">
      <Filter>源文件\control</Filter>
    </ClCompile>
    <ClCompile Include="..\..\ZUI\control\Option.c">
      <Filter>源文件\control</Filter>
    </ClCompile>
    <ClCompile Include="..\..\ZUI\control\MenuBar.c">
      <Filter>源文件\control</Filter>
    </ClCompile>
    <ClCompile Include="..\..\ZUI\control\Menu.c">
      <Filter>源文件\control</Filter>
    </ClCompile>
    <ClCompile Include="..\..\ZUI\control\List.c">
      <Filter>源文件\control</Filter>
    </ClCompile>
    <ClCompile Include="..\..\ZUI\control\Label.c">
      <Filter>源文件\control</Filter>
    </ClCompile>
    <ClCompile Include="..\..\ZUI\control\Edit.c">
      <Filter>源文件\control</Filter>
    </ClCompile>
    <ClCompile Include="..\..\ZUI\control\Button.c">
      <Filter>源文件\control</Filter>
    </ClCompile>
    <ClCompile Include="..\..\ZUI\control\Browser.c">
      <Filter>源文件\control</Filter>
    </ClCompile>
    <ClCompile Include="..\..\ZUI\core\animation.c">
      <Filter>源文件\core</Filter>
    </ClCompile>
    <ClCompile Include="..\..\ZUI\core\builder.c">
      <Filter>源文件\core</Filter>
    </ClCompile>
    <ClCompile Include="..\..\ZUI\core\carray.c">
      <Filter>源文件\core</Filter>
    </ClCompile>
    <ClCompile Include="..\..\ZUI\core\control.c">
      <Filter>源文件\core</Filter>
    </ClCompile>
    <ClCompile Include="..\..\ZUI\core\debug.c">
      <Filter>源文件\core</Filter>
    </ClCompile>
    <ClCompile Include="..\..\ZUI\core\function.c">
      <Filter>源文件\core</Filter>
    </ClCompile>
    <ClCompile Include="..\..\ZUI\core\global.c">
      <Filter>源文件\core</Filter>
    </ClCompile>
    <ClCompile Include="..\..\ZUI\core\manager.c">
      <Filter>源文件\core</Filter>
    </ClCompile>
    <ClCompile Include="..\..\ZUI\core\memory.c">
      <Filter>源文件\core</Filter>
    </ClCompile>
    <ClCompile Include="..\..\ZUI\core\mxml.c">
      <Filter>源文件\core</Filter>
    </ClCompile>
    <ClCompile Include="..\..\ZUI\core\resdb.c">
      <Filter>源文件\core</Filter>
    </ClCompile>
    <ClCompile Include="..\..\ZUI\core\string.c">
      <Filter>源文件\core</Filter>
    </ClCompile>
    <ClCompile Include="..\..\ZUI\core\template.c">
      <Filter>源文件\core</Filter>
    </ClCompile>
    <ClCompile Include="..\..\ZUI\core\tree.c">
      <Filter>源文件\core</Filter>
    </ClCompile>
    <ClCompile Include="..\..\ZUI\layout\HorizontalLayout.c">
      <Filter>源文件\layout</Filter>
    </ClCompile>
    <ClCompile Include="..\..\ZUI\layout\Layout.c">
      <Filter>源文件\layout</Filter>
    </ClCompile>
    <ClCompile Include="..\..\ZUI\layout\TabLayout.c">
      <Filter>源文件\layout</Filter>
    </ClCompile>
    <ClCompile Include="..\..\ZUI\layout\TileLayout.c">
      <Filter>源文件\layout</Filter>
    </ClCompile>
    <ClCompile Include="..\..\ZUI\layout\VerticalLayout.c">
      <Filter>源文件\layout</Filter>
    </ClCompile>
    <ClCompile Include="..\..\ZUI\mujs\jsarray.c">
      <Filter>源文件\mujs</Filter>
    </ClCompile>
    <ClCompile Include="..\..\ZUI\mujs\jsboolean.c">
      <Filter>源文件\mujs</Filter>
    </ClCompile>
    <ClCompile Include="..\..\ZUI\mujs\jsbuiltin.c">
      <Filter>源文件\mujs</Filter>
    </ClCompile>
    <ClCompile Include="..\..\ZUI\mujs\jscompile.c">
      <Filter>源文件\mujs</Filter>
    </ClCompile>
    <ClCompile Include="..\..\ZUI\mujs\jsdate.c">
      <Filter>源文件\mujs</Filter>
    </ClCompile>
    <ClCompile Include="..\..\ZUI\mujs\jsdtoa.c">
      <Filter>源文件\mujs</Filter>
    </ClCompile>
    <ClCompile Include="..\..\ZUI\mujs\jsdump.c">
      <Filter>源文件\mujs</Filter>
    </ClCompile>
    <ClCompile Include="..\..\ZUI\mujs\jserror.c">
      <Filter>源文件\mujs</Filter>
    </ClCompile>
    <ClCompile Include="..\..\ZUI\mujs\jsfunction.c">
      <Filter>源文件\mujs</Filter>
    </ClCompile>
    <ClCompile Include="..\..\ZUI\mujs\jsgc.c">
      <Filter>源文件\mujs</Filter>
    </ClCompile>
    <ClCompile Include="..\..\ZUI\mujs\jsintern.c">
      <Filter>源文件\mujs</Filter>
    </ClCompile>
    <ClCompile Include="..\..\ZUI\mujs\jslex.c">
      <Filter>源文件\mujs</Filter>
    </ClCompile>
    <ClCompile Include="..\..\ZUI\mujs\jsmath.c">
      <Filter>源文件\mujs</Filter>
    </ClCompile>
    <ClCompile Include="..\..\ZUI\mujs\jsnumber.c">
      <Filter>源文件\mujs</Filter>
    </ClCompile>
    <ClCompile Include="..\..\ZUI\mujs\jsobject.c">
      <Filter>源文件\mujs</Filter>
    </ClCompile>
    <ClCompile Include="..\..\ZUI\mujs\json.c">
      <Filter>源文件\mujs</Filter>
    </ClCompile>
    <ClCompile Include="..\..\ZUI\mujs\jsparse.c">
      <Filter>源文件\mujs</Filter>
    </ClCompile>
    <ClCompile Include="..\..\ZUI\mujs\jsproperty.c">
      <Filter>源文件\mujs</Filter>
    </ClCompile>
    <ClCompile Include="..\..\ZUI\mujs\jsregexp.c">
      <Filter>源文件\mujs</Filter>
    </ClCompile>
    <ClCompile Include="..\..\ZUI\mujs\jsrun.c">
      <Filter>源文件\mujs</Filter>
    </ClCompile>
    <ClCompile Include="..\..\ZUI\mujs\jsstate.c">
      <Filter>源文件\mujs</Filter>
    </ClCompile>
    <ClCompile Include="..\..\ZUI\mujs\jsstring.c">
      <Filter>源文件\mujs</Filter>
    </ClCompile>
    <ClCompile Include="..\..\ZUI\mujs\jsvalue.c">
      <Filter>源文件\mujs</Filter>
    </ClCompile>
    <ClCompile Include="..\..\ZUI\mujs\regexp.c">
      <Filter>源文件\mujs</Filter>
    </ClCompile>
    <ClCompile Include="..\..\ZUI\platform\graph\cario.c">
      <Filter>源文件\platform\graph</Filter>
    </ClCompile>
    <ClCompile Include="..\..\ZUI\platform\graph\gdi.c">
      <Filter>源文件\platform\graph</Filter>
    </ClCompile>
    <ClCompile Include="..\..\ZUI\platform\graph\skia.c">
      <Filter>源文件\platform\graph</Filter>
    </ClCompile>
    <ClCompile Include="..\..\ZUI\platform\graph\agg.cpp">
      <Filter>源文件\platform\graph</Filter>
    </ClCompile>
    <ClCompile Include="..\..\ZUI\platform\os\win.c">
      <Filter>源文件\platform\os</Filter>
    </ClCompile>
    <ClCompile Include="..\..\ZUI\platform\os\linux.c">
      <Filter>源文件\platform\os</Filter>
    </ClCompile>
    <ClCompile Include="..\..\ZUI\zlib\adler32.c">
      <Filter>源文件\zlib</Filter>
    </ClCompile>
    <ClCompile Include="..\..\ZUI\zlib\crc32.c">
      <Filter>源文件\zlib</Filter>
    </ClCompile>
    <ClCompile Include="..\..\ZUI\zlib\deflate.c">
      <Filter>源文件\zlib</Filter>
    </ClCompile>
    <ClCompile Include="..\..\ZUI\zlib\inffast.c">
      <Filter>源文件\zlib</Filter>
    </ClCompile>
    <ClCompile Include="..\..\ZUI\zlib\inflate.c">
      <Filter>源文件\zlib</Filter>
    </ClCompile>
    <ClCompile Include="..\..\ZUI\zlib\inftrees.c">
      <Filter>源文件\zlib</Filter>
    </ClCompile>
    <ClCompile Include="..\..\ZUI\zlib\trees.c">
      <Filter>源文件\zlib</Filter>
    </ClCompile>
    <ClCompile Include="..\..\ZUI\zlib\unzip.c">
      <Filter>源文件\zlib</Filter>
    </ClCompile>
    <ClCompile Include="..\..\ZUI\zlib\zutil.c">
      <Filter>源文件\zlib</Filter>
    </ClCompile>
    <ClCompile Include="..\..\ZUI\vc6.cpp">
      <Filter>源文件</Filter>
    </ClCompile>
    <ClCompile Include="..\..\ZUI\zuidebug.c">
      <Filter>源文件</Filter>
    </ClCompile>
    <ClCompile Include="..\..\ZUI\platform\graph\agg\agg_font_win32_tt.cpp">
      <Filter>源文件\platform\graph\AGG</Filter>
    </ClCompile>
    <ClCompile Include="..\..\ZUI\platform\graph\agg\src\agg_curves.cpp">
      <Filter>源文件\platform\graph\AGG\src</Filter>
    </ClCompile>
    <ClCompile Include="..\..\ZUI\platform\graph\agg\src\agg_trans_affine.cpp">
      <Filter>源文件\platform\graph\AGG\src</Filter>
    </ClCompile>
    <ClCompile Include="..\..\ZUI\platform\graph\agg\src\agg_vcgen_stroke.cpp">
      <Filter>源文件\platform\graph\AGG\src</Filter>
    </ClCompile>
  </ItemGroup>
  <ItemGroup>
    <ClInclude Include="control\html\lout\container.hh">
      <Filter>头文件\control\html\lout</Filter>
    </ClInclude>
    <ClInclude Include="control\html\lout\debug.hh">
      <Filter>头文件\control\html\lout</Filter>
    </ClInclude>
    <ClInclude Include="control\html\lout\identity.hh">
      <Filter>头文件\control\html\lout</Filter>
    </ClInclude>
    <ClInclude Include="control\html\lout\misc.hh">
      <Filter>头文件\control\html\lout</Filter>
    </ClInclude>
    <ClInclude Include="control\html\lout\msg.h">
      <Filter>头文件\control\html\lout</Filter>
    </ClInclude>
    <ClInclude Include="control\html\lout\object.hh">
      <Filter>头文件\control\html\lout</Filter>
    </ClInclude>
    <ClInclude Include="control\html\lout\signal.hh">
      <Filter>头文件\control\html\lout</Filter>
    </ClInclude>
    <ClInclude Include="control\html\dw\alignedtextblock.hh">
      <Filter>头文件\control\html\dw</Filter>
    </ClInclude>
    <ClInclude Include="control\html\dw\iterator.hh">
      <Filter>头文件\control\html\dw</Filter>
    </ClInclude>
    <ClInclude Include="control\html\dw\layout.hh">
      <Filter>头文件\control\html\dw</Filter>
    </ClInclude>
    <ClInclude Include="control\html\dw\ruler.hh">
      <Filter>头文件\control\html\dw</Filter>
    </ClInclude>
    <ClInclude Include="control\html\dw\listitem.hh">
      <Filter>头文件\control\html\dw</Filter>
    </ClInclude>
    <ClInclude Include="control\html\dw\types.hh">
      <Filter>头文件\control\html\dw</Filter>
    </ClInclude>
    <ClInclude Include="control\html\dw\widget.hh">
      <Filter>头文件\control\html\dw</Filter>
    </ClInclude>
    <ClInclude Include="control\html\dw\textblock.hh">
      <Filter>头文件\control\html\dw</Filter>
    </ClInclude>
    <ClInclude Include="control\html\dw\style.hh">
      <Filter>头文件\control\html\dw</Filter>
    </ClInclude>
    <ClInclude Include="control\html\dw\selection.hh">
      <Filter>头文件\control\html\dw</Filter>
    </ClInclude>
    <ClInclude Include="control\html\dw\tablecell.hh">
      <Filter>头文件\control\html\dw</Filter>
    </ClInclude>
    <ClInclude Include="control\html\dw\core.hh">
      <Filter>头文件\control\html\dw</Filter>
    </ClInclude>
    <ClInclude Include="control\html\dw\bullet.hh">
      <Filter>头文件\control\html\dw</Filter>
    </ClInclude>
    <ClInclude Include="control\html\dw\image.hh">
      <Filter>头文件\control\html\dw</Filter>
    </ClInclude>
    <ClInclude Include="control\html\dw\imgbuf.hh">
      <Filter>头文件\control\html\dw</Filter>
    </ClInclude>
    <ClInclude Include="control\html\dw\view.hh">
      <Filter>头文件\control\html\dw</Filter>
    </ClInclude>
    <ClInclude Include="control\html\dw\table.hh">
      <Filter>头文件\control\html\dw</Filter>
    </ClInclude>
    <ClInclude Include="control\html\dw\findtext.hh">
      <Filter>头文件\control\html\dw</Filter>
    </ClInclude>
    <ClInclude Include="control\html\dw\events.hh">
      <Filter>源文件\control\html\dw\NewFilter1</Filter>
    </ClInclude>
    <ClInclude Include="control\html\dw\platform.hh">
      <Filter>源文件\control\html\dw\NewFilter1</Filter>
    </ClInclude>
    <ClInclude Include="control\html\dw\ui.hh">
      <Filter>源文件\control\html\dw\NewFilter1</Filter>
    </ClInclude>
    <ClInclude Include="control\html\dw\zuiplatform.hh">
      <Filter>源文件\control\html\dw</Filter>
    </ClInclude>
    <ClInclude Include="control\html\dw\zuiviewport.hh">
      <Filter>源文件\control\html\dw</Filter>
    </ClInclude>
    <ClInclude Include="control\html\dw\zuiviewbase.hh">
      <Filter>源文件\control\html\dw</Filter>
    </ClInclude>
    <ClInclude Include="..\..\ZUI\control\Window.h">
      <Filter>头文件\control</Filter>
    </ClInclude>
    <ClInclude Include="..\..\ZUI\control\Virtual.h">
      <Filter>头文件\control</Filter>
    </ClInclude>
    <ClInclude Include="..\..\ZUI\control\SplitterBar.h">
      <Filter>头文件\control</Filter>
    </ClInclude>
    <ClInclude Include="..\..\ZUI\control\ScrollBar.h">
      <Filter>头文件\control</Filter>
    </ClInclude>
    <ClInclude Include="..\..\ZUI\control\Register.h">
      <Filter>头文件\control</Filter>
    </ClInclude>
    <ClInclude Include="..\..\ZUI\control\Option.h">
      <Filter>头文件\control</Filter>
    </ClInclude>
    <ClInclude Include="..\..\ZUI\control\MenuBar.h">
      <Filter>头文件\control</Filter>
    </ClInclude>
    <ClInclude Include="..\..\ZUI\control\Menu.h">
      <Filter>头文件\control</Filter>
    </ClInclude>
    <ClInclude Include="..\..\ZUI\control\List.h">
      <Filter>头文件\control</Filter>
    </ClInclude>
    <ClInclude Include="..\..\ZUI\control\Label.h">
      <Filter>头文件\control</Filter>
    </ClInclude>
    <ClInclude Include="..\..\ZUI\control\Html.h">
      <Filter>头文件\control</Filter>
    </ClInclude>
    <ClInclude Include="..\..\ZUI\control\Edit.h">
      <Filter>头文件\control</Filter>
    </ClInclude>
    <ClInclude Include="..\..\ZUI\control\Button.h">
      <Filter>头文件\control</Filter>
    </ClInclude>
    <ClInclude Include="..\..\ZUI\control\Browser.h">
      <Filter>头文件\control</Filter>
    </ClInclude>
    <ClInclude Include="..\..\ZUI\ZUI.h">
      <Filter>头文件</Filter>
    </ClInclude>
    <ClInclude Include="..\..\ZUI\resource.h">
      <Filter>头文件</Filter>
    </ClInclude>
    <ClInclude Include="..\..\ZUI\layout\HorizontalLayout.h">
      <Filter>头文件\layout</Filter>
    </ClInclude>
    <ClInclude Include="..\..\ZUI\layout\Layout.h">
      <Filter>头文件\layout</Filter>
    </ClInclude>
    <ClInclude Include="..\..\ZUI\layout\TabLayout.h">
      <Filter>头文件\layout</Filter>
    </ClInclude>
    <ClInclude Include="..\..\ZUI\layout\TileLayout.h">
      <Filter>头文件\layout</Filter>
    </ClInclude>
    <ClInclude Include="..\..\ZUI\layout\VerticalLayout.h">
      <Filter>头文件\layout</Filter>
    </ClInclude>
    <ClInclude Include="..\..\ZUI\mujs\astnames.h">
      <Filter>头文件\mujs</Filter>
    </ClInclude>
    <ClInclude Include="..\..\ZUI\mujs\jsbuiltin.h">
      <Filter>头文件\mujs</Filter>
    </ClInclude>
    <ClInclude Include="..\..\ZUI\mujs\jscompile.h">
      <Filter>头文件\mujs</Filter>
    </ClInclude>
    <ClInclude Include="..\..\ZUI\mujs\jsi.h">
      <Filter>头文件\mujs</Filter>
    </ClInclude>
    <ClInclude Include="..\..\ZUI\mujs\jslex.h">
      <Filter>头文件\mujs</Filter>
    </ClInclude>
    <ClInclude Include="..\..\ZUI\mujs\jsparse.h">
      <Filter>头文件\mujs</Filter>
    </ClInclude>
    <ClInclude Include="..\..\ZUI\mujs\jsrun.h">
      <Filter>头文件\mujs</Filter>
    </ClInclude>
    <ClInclude Include="..\..\ZUI\mujs\jsvalue.h">
      <Filter>头文件\mujs</Filter>
    </ClInclude>
    <ClInclude Include="..\..\ZUI\mujs\mujs.h">
      <Filter>头文件\mujs</Filter>
    </ClInclude>
    <ClInclude Include="..\..\ZUI\mujs\opnames.h">
      <Filter>头文件\mujs</Filter>
    </ClInclude>
    <ClInclude Include="..\..\ZUI\mujs\regexp.h">
      <Filter>头文件\mujs</Filter>
    </ClInclude>
    <ClInclude Include="..\..\ZUI\mujs\utf.h">
      <Filter>头文件\mujs</Filter>
    </ClInclude>
    <ClInclude Include="..\..\ZUI\core\animation.h">
      <Filter>头文件\core</Filter>
    </ClInclude>
    <ClInclude Include="..\..\ZUI\core\builder.h">
      <Filter>头文件\core</Filter>
    </ClInclude>
    <ClInclude Include="..\..\ZUI\core\carray.h">
      <Filter>头文件\core</Filter>
    </ClInclude>
    <ClInclude Include="..\..\ZUI\core\control.h">
      <Filter>头文件\core</Filter>
    </ClInclude>
    <ClInclude Include="..\..\ZUI\core\debug.h">
      <Filter>头文件\core</Filter>
    </ClInclude>
    <ClInclude Include="..\..\ZUI\core\function.h">
      <Filter>头文件\core</Filter>
    </ClInclude>
    <ClInclude Include="..\..\ZUI\core\global.h">
      <Filter>头文件\core</Filter>
    </ClInclude>
    <ClInclude Include="..\..\ZUI\core\manager.h">
      <Filter>头文件\core</Filter>
    </ClInclude>
    <ClInclude Include="..\..\ZUI\core\memory.h">
      <Filter>头文件\core</Filter>
    </ClInclude>
    <ClInclude Include="..\..\ZUI\core\mxml.h">
      <Filter>头文件\core</Filter>
    </ClInclude>
    <ClInclude Include="..\..\ZUI\core\resdb.h">
      <Filter>头文件\core</Filter>
    </ClInclude>
    <ClInclude Include="..\..\ZUI\core\string.h">
      <Filter>头文件\core</Filter>
    </ClInclude>
    <ClInclude Include="..\..\ZUI\core\template.h">
      <Filter>头文件\core</Filter>
    </ClInclude>
    <ClInclude Include="..\..\ZUI\core\tree.h">
      <Filter>头文件\core</Filter>
    </ClInclude>
    <ClInclude Include="..\..\ZUI\platform\platform.h">
      <Filter>头文件\platform</Filter>
    </ClInclude>
    <ClInclude Include="..\..\ZUI\platform\os\linux.h">
      <Filter>头文件\platform\os</Filter>
    </ClInclude>
    <ClInclude Include="..\..\ZUI\platform\os\os.h">
      <Filter>头文件\platform\os</Filter>
    </ClInclude>
    <ClInclude Include="..\..\ZUI\platform\os\win.h">
      <Filter>头文件\platform\os</Filter>
    </ClInclude>
    <ClInclude Include="..\..\ZUI\platform\graph\skia.h">
      <Filter>头文件\platform\graph</Filter>
    </ClInclude>
    <ClInclude Include="..\..\ZUI\platform\graph\graph.h">
      <Filter>头文件\platform\graph</Filter>
    </ClInclude>
    <ClInclude Include="..\..\ZUI\platform\graph\gdi.h">
      <Filter>头文件\platform\graph</Filter>
    </ClInclude>
    <ClInclude Include="..\..\ZUI\platform\graph\cairo.h">
      <Filter>头文件\platform\graph</Filter>
    </ClInclude>
    <ClInclude Include="..\..\ZUI\platform\graph\agg.h">
      <Filter>头文件\platform\graph</Filter>
    </ClInclude>
    <ClInclude Include="..\..\ZUI\zlib\crc32.h">
      <Filter>头文件\zlib</Filter>
    </ClInclude>
    <ClInclude Include="..\..\ZUI\zlib\deflate.h">
      <Filter>头文件\zlib</Filter>
    </ClInclude>
    <ClInclude Include="..\..\ZUI\zlib\inffast.h">
      <Filter>头文件\zlib</Filter>
    </ClInclude>
    <ClInclude Include="..\..\ZUI\zlib\inffixed.h">
      <Filter>头文件\zlib</Filter>
    </ClInclude>
    <ClInclude Include="..\..\ZUI\zlib\inflate.h">
      <Filter>头文件\zlib</Filter>
    </ClInclude>
    <ClInclude Include="..\..\ZUI\zlib\inftrees.h">
      <Filter>头文件\zlib</Filter>
    </ClInclude>
    <ClInclude Include="..\..\ZUI\zlib\trees.h">
      <Filter>头文件\zlib</Filter>
    </ClInclude>
    <ClInclude Include="..\..\ZUI\zlib\unzip.h">
      <Filter>头文件\zlib</Filter>
    </ClInclude>
    <ClInclude Include="..\..\ZUI\zlib\zconf.h">
      <Filter>头文件\zlib</Filter>
    </ClInclude>
    <ClInclude Include="..\..\ZUI\zlib\zlib.h">
      <Filter>头文件\zlib</Filter>
    </ClInclude>
    <ClInclude Include="..\..\ZUI\zlib\zutil.h">
      <Filter>头文件\zlib</Filter>
    </ClInclude>
  </ItemGroup>
  <ItemGroup>
    <None Include="..\..\ZUI\res\onload.js">
      <Filter>res</Filter>
    </None>
    <None Include="..\..\ZUI\res\res.zip">
      <Filter>res</Filter>
    </None>
  </ItemGroup>
  <ItemGroup>
    <ResourceCompile Include="..\..\ZUI\Zui.rc">
      <Filter>资源文件</Filter>
    </ResourceCompile>
    <ResourceCompile Include="..\..\ZUI\Default.rc">
      <Filter>资源文件</Filter>
    </ResourceCompile>
  </ItemGroup>
  <ItemGroup>
    <Xml Include="..\..\ZUI\res\default.xml">
      <Filter>res</Filter>
    </Xml>
  </ItemGroup>
  <ItemGroup>
    <Image Include="..\..\ZUI\res\default\1.png">
      <Filter>res\default</Filter>
    </Image>
    <Image Include="..\..\ZUI\res\default\2.png">
      <Filter>res\default</Filter>
    </Image>
    <Image Include="..\..\ZUI\res\default\3.png">
      <Filter>res\default</Filter>
    </Image>
    <Image Include="..\..\ZUI\res\default\5.png">
      <Filter>res\default</Filter>
    </Image>
    <Image Include="..\..\ZUI\res\default\6.png">
      <Filter>res\default</Filter>
    </Image>
    <Image Include="..\..\ZUI\res\default\7.png">
      <Filter>res\default</Filter>
    </Image>
    <Image Include="..\..\ZUI\res\default\8.png">
      <Filter>res\default</Filter>
    </Image>
    <Image Include="..\..\ZUI\res\default\9.png">
      <Filter>res\default</Filter>
    </Image>
    <Image Include="..\..\ZUI\res\default\10.png">
      <Filter>res\default</Filter>
    </Image>
    <Image Include="..\..\ZUI\res\default\11.png">
      <Filter>res\default</Filter>
    </Image>
    <Image Include="..\..\ZUI\res\default\12.png">
      <Filter>res\default</Filter>
    </Image>
    <Image Include="..\..\ZUI\res\default\13.png">
      <Filter>res\default</Filter>
    </Image>
    <Image Include="..\..\ZUI\res\default\21.png">
      <Filter>res\default</Filter>
    </Image>
    <Image Include="..\..\ZUI\res\default\22.png">
      <Filter>res\default</Filter>
    </Image>
    <Image Include="..\..\ZUI\res\default\23.png">
      <Filter>res\default</Filter>
    </Image>
    <Image Include="..\..\ZUI\res\default\24.png">
      <Filter>res\default</Filter>
    </Image>
  </ItemGroup>
</Project>