
Microsoft Visual Studio Solution File, Format Version 12.00
# Visual Studio Version 16
VisualStudioVersion = 16.0.28803.452
MinimumVisualStudioVersion = 10.0.40219.1
Project("{8BC9CEB8-8B4A-11D0-8D11-00A0C91BC942}") = "ZUI", "ZUI\ZUI.vcxproj", "{22BC8FDB-392F-49C4-AE49-AA0E38409549}"
	ProjectSection(ProjectDependencies) = postProject
		{ECB05A2A-46D0-41E9-A7D7-BDEAD305CAA5} = {ECB05A2A-46D0-41E9-A7D7-BDEAD305CAA5}
		{713D47AC-A11F-4F5F-AB54-806CA3D6E0AE} = {713D47AC-A11F-4F5F-AB54-806CA3D6E0AE}
		{8C2C4CB2-D4D5-4D7D-9DA1-9402DBF08C60} = {8C2C4CB2-D4D5-4D7D-9DA1-9402DBF08C60}
		{EF94D9B9-0235-4DBE-8AA3-0FC213F22C4E} = {EF94D9B9-0235-4DBE-8AA3-0FC213F22C4E}
		{31A964C9-A85F-494A-9562-3224A6A3C544} = {31A964C9-A85F-494A-9562-3224A6A3C544}
	EndProjectSection
EndProject
Project("{8BC9CEB8-8B4A-11D0-8D11-00A0C91BC942}") = "duktape", "duktape\duktape.vcxproj", "{31A964C9-A85F-494A-9562-3224A6A3C544}"
EndProject
Project("{8BC9CEB8-8B4A-11D0-8D11-00A0C91BC942}") = "libuv", "libuv\libuv.vcxproj", "{ECB05A2A-46D0-41E9-A7D7-BDEAD305CAA5}"
EndProject
Project("{8BC9CEB8-8B4A-11D0-8D11-00A0C91BC942}") = "AGG", "AGG\AGG.vcxproj", "{713D47AC-A11F-4F5F-AB54-806CA3D6E0AE}"
EndProject
Project("{8BC9CEB8-8B4A-11D0-8D11-00A0C91BC942}") = "zlib", "zlib\zlib.vcxproj", "{8C2C4CB2-D4D5-4D7D-9DA1-9402DBF08C60}"
EndProject
Project("{2150E333-8FDC-42A3-9474-1A3956D46DE8}") = "依赖库", "依赖库", "{E073B356-BD01-4DFB-9C2D-BE1744D74890}"
EndProject
Project("{8BC9CEB8-8B4A-11D0-8D11-00A0C91BC942}") = "dukluv", "dukluv\dukluv.vcxproj", "{EF94D9B9-0235-4DBE-8AA3-0FC213F22C4E}"
EndProject
Project("{2150E333-8FDC-42A3-9474-1A3956D46DE8}") = "Example", "Example", "{180BEDA5-919A-4482-8B5C-B391E919B9AB}"
EndProject
Project("{8BC9CEB8-8B4A-11D0-8D11-00A0C91BC942}") = "Test", "example\Test\Test.vcxproj", "{FC6DEDCA-36B7-4D4C-91EF-23B730031188}"
	ProjectSection(ProjectDependencies) = postProject
		{22BC8FDB-392F-49C4-AE49-AA0E38409549} = {22BC8FDB-392F-49C4-AE49-AA0E38409549}
	EndProjectSection
EndProject
Project("{2150E333-8FDC-42A3-9474-1A3956D46DE8}") = "Plugin", "Plugin", "{E684B56E-1ED0-4304-99C1-5E231662F9E9}"
EndProject
Project("{8BC9CEB8-8B4A-11D0-8D11-00A0C91BC942}") = "skia", "skia\skia.vcxproj", "{48E89FF9-4636-4C7A-8D9C-44328C253081}"
EndProject
Project("{8BC9CEB8-8B4A-11D0-8D11-00A0C91BC942}") = "libpng", "libpng\libpng.vcxproj", "{679582BE-08D6-4C93-8292-D7322DFFE6C0}"
EndProject
Global
	GlobalSection(SolutionConfigurationPlatforms) = preSolution
		Debug|x64 = Debug|x64
		Debug|x86 = Debug|x86
		Release_vc6|x64 = Release_vc6|x64
		Release_vc6|x86 = Release_vc6|x86
		Release|x64 = Release|x64
		Release|x86 = Release|x86
	EndGlobalSection
	GlobalSection(ProjectConfigurationPlatforms) = postSolution
		{22BC8FDB-392F-49C4-AE49-AA0E38409549}.Debug|x64.ActiveCfg = Debug|x64
		{22BC8FDB-392F-49C4-AE49-AA0E38409549}.Debug|x64.Build.0 = Debug|x64
		{22BC8FDB-392F-49C4-AE49-AA0E38409549}.Debug|x86.ActiveCfg = Debug|Win32
		{22BC8FDB-392F-49C4-AE49-AA0E38409549}.Debug|x86.Build.0 = Debug|Win32
		{22BC8FDB-392F-49C4-AE49-AA0E38409549}.Release_vc6|x64.ActiveCfg = Release_vc6|x64
		{22BC8FDB-392F-49C4-AE49-AA0E38409549}.Release_vc6|x64.Build.0 = Release_vc6|x64
		{22BC8FDB-392F-49C4-AE49-AA0E38409549}.Release_vc6|x86.ActiveCfg = Release_vc6|Win32
		{22BC8FDB-392F-49C4-AE49-AA0E38409549}.Release_vc6|x86.Build.0 = Release_vc6|Win32
		{22BC8FDB-392F-49C4-AE49-AA0E38409549}.Release|x64.ActiveCfg = Release|x64
		{22BC8FDB-392F-49C4-AE49-AA0E38409549}.Release|x64.Build.0 = Release|x64
		{22BC8FDB-392F-49C4-AE49-AA0E38409549}.Release|x86.ActiveCfg = Release|Win32
		{22BC8FDB-392F-49C4-AE49-AA0E38409549}.Release|x86.Build.0 = Release|Win32
		{31A964C9-A85F-494A-9562-3224A6A3C544}.Debug|x64.ActiveCfg = Debug|x64
		{31A964C9-A85F-494A-9562-3224A6A3C544}.Debug|x64.Build.0 = Debug|x64
		{31A964C9-A85F-494A-9562-3224A6A3C544}.Debug|x86.ActiveCfg = Debug|Win32
		{31A964C9-A85F-494A-9562-3224A6A3C544}.Debug|x86.Build.0 = Debug|Win32
		{31A964C9-A85F-494A-9562-3224A6A3C544}.Release_vc6|x64.ActiveCfg = Release_vc6|x64
		{31A964C9-A85F-494A-9562-3224A6A3C544}.Release_vc6|x64.Build.0 = Release_vc6|x64
		{31A964C9-A85F-494A-9562-3224A6A3C544}.Release_vc6|x86.ActiveCfg = Release_vc6|Win32
		{31A964C9-A85F-494A-9562-3224A6A3C544}.Release_vc6|x86.Build.0 = Release_vc6|Win32
		{31A964C9-A85F-494A-9562-3224A6A3C544}.Release|x64.ActiveCfg = Release|x64
		{31A964C9-A85F-494A-9562-3224A6A3C544}.Release|x64.Build.0 = Release|x64
		{31A964C9-A85F-494A-9562-3224A6A3C544}.Release|x86.ActiveCfg = Release|Win32
		{31A964C9-A85F-494A-9562-3224A6A3C544}.Release|x86.Build.0 = Release|Win32
		{ECB05A2A-46D0-41E9-A7D7-BDEAD305CAA5}.Debug|x64.ActiveCfg = Debug|x64
		{ECB05A2A-46D0-41E9-A7D7-BDEAD305CAA5}.Debug|x64.Build.0 = Debug|x64
		{ECB05A2A-46D0-41E9-A7D7-BDEAD305CAA5}.Debug|x86.ActiveCfg = Debug|Win32
		{ECB05A2A-46D0-41E9-A7D7-BDEAD305CAA5}.Debug|x86.Build.0 = Debug|Win32
		{ECB05A2A-46D0-41E9-A7D7-BDEAD305CAA5}.Release_vc6|x64.ActiveCfg = Release_vc6|x64
		{ECB05A2A-46D0-41E9-A7D7-BDEAD305CAA5}.Release_vc6|x64.Build.0 = Release_vc6|x64
		{ECB05A2A-46D0-41E9-A7D7-BDEAD305CAA5}.Release_vc6|x86.ActiveCfg = Release_vc6|Win32
		{ECB05A2A-46D0-41E9-A7D7-BDEAD305CAA5}.Release_vc6|x86.Build.0 = Release_vc6|Win32
		{ECB05A2A-46D0-41E9-A7D7-BDEAD305CAA5}.Release|x64.ActiveCfg = Release|x64
		{ECB05A2A-46D0-41E9-A7D7-BDEAD305CAA5}.Release|x64.Build.0 = Release|x64
		{ECB05A2A-46D0-41E9-A7D7-BDEAD305CAA5}.Release|x86.ActiveCfg = Release|Win32
		{ECB05A2A-46D0-41E9-A7D7-BDEAD305CAA5}.Release|x86.Build.0 = Release|Win32
		{713D47AC-A11F-4F5F-AB54-806CA3D6E0AE}.Debug|x64.ActiveCfg = Debug|x64
		{713D47AC-A11F-4F5F-AB54-806CA3D6E0AE}.Debug|x64.Build.0 = Debug|x64
		{713D47AC-A11F-4F5F-AB54-806CA3D6E0AE}.Debug|x86.ActiveCfg = Debug|Win32
		{713D47AC-A11F-4F5F-AB54-806CA3D6E0AE}.Debug|x86.Build.0 = Debug|Win32
		{713D47AC-A11F-4F5F-AB54-806CA3D6E0AE}.Release_vc6|x64.ActiveCfg = Release_vc6|x64
		{713D47AC-A11F-4F5F-AB54-806CA3D6E0AE}.Release_vc6|x64.Build.0 = Release_vc6|x64
		{713D47AC-A11F-4F5F-AB54-806CA3D6E0AE}.Release_vc6|x86.ActiveCfg = Release_vc6|Win32
		{713D47AC-A11F-4F5F-AB54-806CA3D6E0AE}.Release_vc6|x86.Build.0 = Release_vc6|Win32
		{713D47AC-A11F-4F5F-AB54-806CA3D6E0AE}.Release|x64.ActiveCfg = Release|x64
		{713D47AC-A11F-4F5F-AB54-806CA3D6E0AE}.Release|x64.Build.0 = Release|x64
		{713D47AC-A11F-4F5F-AB54-806CA3D6E0AE}.Release|x86.ActiveCfg = Release|Win32
		{713D47AC-A11F-4F5F-AB54-806CA3D6E0AE}.Release|x86.Build.0 = Release|Win32
		{8C2C4CB2-D4D5-4D7D-9DA1-9402DBF08C60}.Debug|x64.ActiveCfg = Debug|x64
		{8C2C4CB2-D4D5-4D7D-9DA1-9402DBF08C60}.Debug|x64.Build.0 = Debug|x64
		{8C2C4CB2-D4D5-4D7D-9DA1-9402DBF08C60}.Debug|x86.ActiveCfg = Debug|Win32
		{8C2C4CB2-D4D5-4D7D-9DA1-9402DBF08C60}.Debug|x86.Build.0 = Debug|Win32
		{8C2C4CB2-D4D5-4D7D-9DA1-9402DBF08C60}.Release_vc6|x64.ActiveCfg = Release_vc6|x64
		{8C2C4CB2-D4D5-4D7D-9DA1-9402DBF08C60}.Release_vc6|x64.Build.0 = Release_vc6|x64
		{8C2C4CB2-D4D5-4D7D-9DA1-9402DBF08C60}.Release_vc6|x86.ActiveCfg = Release_vc6|Win32
		{8C2C4CB2-D4D5-4D7D-9DA1-9402DBF08C60}.Release_vc6|x86.Build.0 = Release_vc6|Win32
		{8C2C4CB2-D4D5-4D7D-9DA1-9402DBF08C60}.Release|x64.ActiveCfg = Release|x64
		{8C2C4CB2-D4D5-4D7D-9DA1-9402DBF08C60}.Release|x64.Build.0 = Release|x64
		{8C2C4CB2-D4D5-4D7D-9DA1-9402DBF08C60}.Release|x86.ActiveCfg = Release|Win32
		{8C2C4CB2-D4D5-4D7D-9DA1-9402DBF08C60}.Release|x86.Build.0 = Release|Win32
		{EF94D9B9-0235-4DBE-8AA3-0FC213F22C4E}.Debug|x64.ActiveCfg = Debug|x64
		{EF94D9B9-0235-4DBE-8AA3-0FC213F22C4E}.Debug|x64.Build.0 = Debug|x64
		{EF94D9B9-0235-4DBE-8AA3-0FC213F22C4E}.Debug|x86.ActiveCfg = Debug|Win32
		{EF94D9B9-0235-4DBE-8AA3-0FC213F22C4E}.Debug|x86.Build.0 = Debug|Win32
		{EF94D9B9-0235-4DBE-8AA3-0FC213F22C4E}.Release_vc6|x64.ActiveCfg = Release_vc6|x64
		{EF94D9B9-0235-4DBE-8AA3-0FC213F22C4E}.Release_vc6|x64.Build.0 = Release_vc6|x64
		{EF94D9B9-0235-4DBE-8AA3-0FC213F22C4E}.Release_vc6|x86.ActiveCfg = Release_vc6|Win32
		{EF94D9B9-0235-4DBE-8AA3-0FC213F22C4E}.Release_vc6|x86.Build.0 = Release_vc6|Win32
		{EF94D9B9-0235-4DBE-8AA3-0FC213F22C4E}.Release|x64.ActiveCfg = Release|x64
		{EF94D9B9-0235-4DBE-8AA3-0FC213F22C4E}.Release|x64.Build.0 = Release|x64
		{EF94D9B9-0235-4DBE-8AA3-0FC213F22C4E}.Release|x86.ActiveCfg = Release|Win32
		{EF94D9B9-0235-4DBE-8AA3-0FC213F22C4E}.Release|x86.Build.0 = Release|Win32
		{FC6DEDCA-36B7-4D4C-91EF-23B730031188}.Debug|x64.ActiveCfg = Debug|x64
		{FC6DEDCA-36B7-4D4C-91EF-23B730031188}.Debug|x64.Build.0 = Debug|x64
		{FC6DEDCA-36B7-4D4C-91EF-23B730031188}.Debug|x86.ActiveCfg = Debug|Win32
		{FC6DEDCA-36B7-4D4C-91EF-23B730031188}.Debug|x86.Build.0 = Debug|Win32
		{FC6DEDCA-36B7-4D4C-91EF-23B730031188}.Release_vc6|x64.ActiveCfg = Release_vc6|x64
		{FC6DEDCA-36B7-4D4C-91EF-23B730031188}.Release_vc6|x64.Build.0 = Release_vc6|x64
		{FC6DEDCA-36B7-4D4C-91EF-23B730031188}.Release_vc6|x86.ActiveCfg = Release_vc6|Win32
		{FC6DEDCA-36B7-4D4C-91EF-23B730031188}.Release_vc6|x86.Build.0 = Release_vc6|Win32
		{FC6DEDCA-36B7-4D4C-91EF-23B730031188}.Release|x64.ActiveCfg = Release|x64
		{FC6DEDCA-36B7-4D4C-91EF-23B730031188}.Release|x64.Build.0 = Release|x64
		{FC6DEDCA-36B7-4D4C-91EF-23B730031188}.Release|x86.ActiveCfg = Release|Win32
		{FC6DEDCA-36B7-4D4C-91EF-23B730031188}.Release|x86.Build.0 = Release|Win32
		{48E89FF9-4636-4C7A-8D9C-44328C253081}.Debug|x64.ActiveCfg = Debug|x64
		{48E89FF9-4636-4C7A-8D9C-44328C253081}.Debug|x64.Build.0 = Debug|x64
		{48E89FF9-4636-4C7A-8D9C-44328C253081}.Debug|x86.ActiveCfg = Debug|Win32
		{48E89FF9-4636-4C7A-8D9C-44328C253081}.Debug|x86.Build.0 = Debug|Win32
		{48E89FF9-4636-4C7A-8D9C-44328C253081}.Release_vc6|x64.ActiveCfg = Release_vc6|x64
		{48E89FF9-4636-4C7A-8D9C-44328C253081}.Release_vc6|x64.Build.0 = Release_vc6|x64
		{48E89FF9-4636-4C7A-8D9C-44328C253081}.Release_vc6|x86.ActiveCfg = Release_vc6|Win32
		{48E89FF9-4636-4C7A-8D9C-44328C253081}.Release_vc6|x86.Build.0 = Release_vc6|Win32
		{48E89FF9-4636-4C7A-8D9C-44328C253081}.Release|x64.ActiveCfg = Release|x64
		{48E89FF9-4636-4C7A-8D9C-44328C253081}.Release|x64.Build.0 = Release|x64
		{48E89FF9-4636-4C7A-8D9C-44328C253081}.Release|x86.ActiveCfg = Release|Win32
		{48E89FF9-4636-4C7A-8D9C-44328C253081}.Release|x86.Build.0 = Release|Win32
		{679582BE-08D6-4C93-8292-D7322DFFE6C0}.Debug|x64.ActiveCfg = Debug|x64
		{679582BE-08D6-4C93-8292-D7322DFFE6C0}.Debug|x64.Build.0 = Debug|x64
		{679582BE-08D6-4C93-8292-D7322DFFE6C0}.Debug|x86.ActiveCfg = Debug|Win32
		{679582BE-08D6-4C93-8292-D7322DFFE6C0}.Debug|x86.Build.0 = Debug|Win32
		{679582BE-08D6-4C93-8292-D7322DFFE6C0}.Release_vc6|x64.ActiveCfg = Release_vc6|x64
		{679582BE-08D6-4C93-8292-D7322DFFE6C0}.Release_vc6|x64.Build.0 = Release_vc6|x64
		{679582BE-08D6-4C93-8292-D7322DFFE6C0}.Release_vc6|x86.ActiveCfg = Release_vc6|Win32
		{679582BE-08D6-4C93-8292-D7322DFFE6C0}.Release_vc6|x86.Build.0 = Release_vc6|Win32
		{679582BE-08D6-4C93-8292-D7322DFFE6C0}.Release|x64.ActiveCfg = Release|x64
		{679582BE-08D6-4C93-8292-D7322DFFE6C0}.Release|x64.Build.0 = Release|x64
		{679582BE-08D6-4C93-8292-D7322DFFE6C0}.Release|x86.ActiveCfg = Release|Win32
		{679582BE-08D6-4C93-8292-D7322DFFE6C0}.Release|x86.Build.0 = Release|Win32
	EndGlobalSection
	GlobalSection(SolutionProperties) = preSolution
		HideSolutionNode = FALSE
	EndGlobalSection
	GlobalSection(NestedProjects) = preSolution
		{31A964C9-A85F-494A-9562-3224A6A3C544} = {E073B356-BD01-4DFB-9C2D-BE1744D74890}
		{ECB05A2A-46D0-41E9-A7D7-BDEAD305CAA5} = {E073B356-BD01-4DFB-9C2D-BE1744D74890}
		{713D47AC-A11F-4F5F-AB54-806CA3D6E0AE} = {E073B356-BD01-4DFB-9C2D-BE1744D74890}
		{8C2C4CB2-D4D5-4D7D-9DA1-9402DBF08C60} = {E073B356-BD01-4DFB-9C2D-BE1744D74890}
		{EF94D9B9-0235-4DBE-8AA3-0FC213F22C4E} = {E073B356-BD01-4DFB-9C2D-BE1744D74890}
		{FC6DEDCA-36B7-4D4C-91EF-23B730031188} = {180BEDA5-919A-4482-8B5C-B391E919B9AB}
		{48E89FF9-4636-4C7A-8D9C-44328C253081} = {E073B356-BD01-4DFB-9C2D-BE1744D74890}
		{679582BE-08D6-4C93-8292-D7322DFFE6C0} = {E073B356-BD01-4DFB-9C2D-BE1744D74890}
	EndGlobalSection
	GlobalSection(ExtensibilityGlobals) = postSolution
		SolutionGuid = {5D0F0719-0AFB-48F1-B530-1C4BE55BEFD3}
	EndGlobalSection
EndGlobal
