<?xml version="1.0" encoding="utf-8"?>
<Project ToolsVersion="4.0" xmlns="http://schemas.microsoft.com/developer/msbuild/2003">
  <ItemGroup>
    <ClCompile Include="..\..\dukluv\duv.c" />
    <ClCompile Include="..\..\dukluv\duv_callbacks.c" />
    <ClCompile Include="..\..\dukluv\duv_fs.c" />
    <ClCompile Include="..\..\dukluv\duv_handle.c" />
    <ClCompile Include="..\..\dukluv\duv_main.c" />
    <ClCompile Include="..\..\dukluv\duv_misc.c" />
    <ClCompile Include="..\..\dukluv\duv_module.c" />
    <ClCompile Include="..\..\dukluv\duv_pipe.c" />
    <ClCompile Include="..\..\dukluv\duv_refs.c" />
    <ClCompile Include="..\..\dukluv\duv_req.c" />
    <ClCompile Include="..\..\dukluv\duv_schema.c" />
    <ClCompile Include="..\..\dukluv\duv_stream.c" />
    <ClCompile Include="..\..\dukluv\duv_tcp.c" />
    <ClCompile Include="..\..\dukluv\duv_timer.c" />
    <ClCompile Include="..\..\dukluv\duv_udp.c" />
    <ClCompile Include="..\..\dukluv\duv_utils.c" />
    <ClCompile Include="..\..\dukluv\uv_schema.c" />
  </ItemGroup>
  <ItemGroup>
    <ClInclude Include="..\..\dukluv\duv.h" />
    <ClInclude Include="..\..\dukluv\duv_callbacks.h" />
    <ClInclude Include="..\..\dukluv\duv_fs.h" />
    <ClInclude Include="..\..\dukluv\duv_handle.h" />
    <ClInclude Include="..\..\dukluv\duv_misc.h" />
    <ClInclude Include="..\..\dukluv\duv_module.h" />
    <ClInclude Include="..\..\dukluv\duv_module_core.h" />
    <ClInclude Include="..\..\dukluv\duv_pipe.h" />
    <ClInclude Include="..\..\dukluv\duv_refs.h" />
    <ClInclude Include="..\..\dukluv\duv_req.h" />
    <ClInclude Include="..\..\dukluv\duv_schema.h" />
    <ClInclude Include="..\..\dukluv\duv_stream.h" />
    <ClInclude Include="..\..\dukluv\duv_tcp.h" />
    <ClInclude Include="..\..\dukluv\duv_timer.h" />
    <ClInclude Include="..\..\dukluv\duv_udp.h" />
    <ClInclude Include="..\..\dukluv\duv_utils.h" />
    <ClInclude Include="..\..\dukluv\uv_schema.h" />
  </ItemGroup>
</Project>