<?xml version="1.0" encoding="utf-8"?>
<Project ToolsVersion="4.0" xmlns="http://schemas.microsoft.com/developer/msbuild/2003">
  <ItemGroup>
    <Filter Include="win">
      <UniqueIdentifier>{be1e8150-8980-49f8-a33d-bec3679a7616}</UniqueIdentifier>
    </Filter>
  </ItemGroup>
  <ItemGroup>
    <ClCompile Include="..\..\libuv\src\win\async.c">
      <Filter>win</Filter>
    </ClCompile>
    <ClCompile Include="..\..\libuv\src\win\core.c">
      <Filter>win</Filter>
    </ClCompile>
    <ClCompile Include="..\..\libuv\src\win\dl.c">
      <Filter>win</Filter>
    </ClCompile>
    <ClCompile Include="..\..\libuv\src\win\error.c">
      <Filter>win</Filter>
    </ClCompile>
    <ClCompile Include="..\..\libuv\src\win\fs.c">
      <Filter>win</Filter>
    </ClCompile>
    <ClCompile Include="..\..\libuv\src\win\fs-event.c">
      <Filter>win</Filter>
    </ClCompile>
    <ClCompile Include="..\..\libuv\src\win\getaddrinfo.c">
      <Filter>win</Filter>
    </ClCompile>
    <ClCompile Include="..\..\libuv\src\win\getnameinfo.c">
      <Filter>win</Filter>
    </ClCompile>
    <ClCompile Include="..\..\libuv\src\win\handle.c">
      <Filter>win</Filter>
    </ClCompile>
    <ClCompile Include="..\..\libuv\src\win\loop-watcher.c">
      <Filter>win</Filter>
    </ClCompile>
    <ClCompile Include="..\..\libuv\src\win\pipe.c">
      <Filter>win</Filter>
    </ClCompile>
    <ClCompile Include="..\..\libuv\src\win\poll.c">
      <Filter>win</Filter>
    </ClCompile>
    <ClCompile Include="..\..\libuv\src\win\process.c">
      <Filter>win</Filter>
    </ClCompile>
    <ClCompile Include="..\..\libuv\src\win\process-stdio.c">
      <Filter>win</Filter>
    </ClCompile>
    <ClCompile Include="..\..\libuv\src\win\req.c">
      <Filter>win</Filter>
    </ClCompile>
    <ClCompile Include="..\..\libuv\src\win\signal.c">
      <Filter>win</Filter>
    </ClCompile>
    <ClCompile Include="..\..\libuv\src\win\snprintf.c">
      <Filter>win</Filter>
    </ClCompile>
    <ClCompile Include="..\..\libuv\src\win\stream.c">
      <Filter>win</Filter>
    </ClCompile>
    <ClCompile Include="..\..\libuv\src\win\tcp.c">
      <Filter>win</Filter>
    </ClCompile>
    <ClCompile Include="..\..\libuv\src\win\thread.c">
      <Filter>win</Filter>
    </ClCompile>
    <ClCompile Include="..\..\libuv\src\win\timer.c">
      <Filter>win</Filter>
    </ClCompile>
    <ClCompile Include="..\..\libuv\src\win\udp.c">
      <Filter>win</Filter>
    </ClCompile>
    <ClCompile Include="..\..\libuv\src\win\util.c">
      <Filter>win</Filter>
    </ClCompile>
    <ClCompile Include="..\..\libuv\src\win\winapi.c">
      <Filter>win</Filter>
    </ClCompile>
    <ClCompile Include="..\..\libuv\src\win\winsock.c">
      <Filter>win</Filter>
    </ClCompile>
    <ClCompile Include="..\..\libuv\src\fs-poll.c" />
    <ClCompile Include="..\..\libuv\src\inet.c" />
    <ClCompile Include="..\..\libuv\src\threadpool.c" />
    <ClCompile Include="..\..\libuv\src\uv-common.c" />
    <ClCompile Include="..\..\libuv\src\version.c" />
  </ItemGroup>
  <ItemGroup>
    <ClInclude Include="..\..\libuv\src\win\atomicops-inl.h">
      <Filter>win</Filter>
    </ClInclude>
    <ClInclude Include="..\..\libuv\src\win\handle-inl.h">
      <Filter>win</Filter>
    </ClInclude>
    <ClInclude Include="..\..\libuv\src\win\internal.h">
      <Filter>win</Filter>
    </ClInclude>
    <ClInclude Include="..\..\libuv\src\win\req-inl.h">
      <Filter>win</Filter>
    </ClInclude>
    <ClInclude Include="..\..\libuv\src\win\stream-inl.h">
      <Filter>win</Filter>
    </ClInclude>
    <ClInclude Include="..\..\libuv\src\win\winapi.h">
      <Filter>win</Filter>
    </ClInclude>
    <ClInclude Include="..\..\libuv\src\win\winsock.h">
      <Filter>win</Filter>
    </ClInclude>
    <ClInclude Include="..\..\libuv\src\heap-inl.h" />
    <ClInclude Include="..\..\libuv\src\queue.h" />
    <ClInclude Include="..\..\libuv\src\uv-common.h" />
  </ItemGroup>
</Project>