<?xml version="1.0" encoding="utf-8"?>
<Project ToolsVersion="4.0" xmlns="http://schemas.microsoft.com/developer/msbuild/2003">
  <ItemGroup>
    <Filter Include="源文件">
      <UniqueIdentifier>{4FC737F1-C7A5-4376-A066-2A32D752A2FF}</UniqueIdentifier>
      <Extensions>cpp;c;cc;cxx;def;odl;idl;hpj;bat;asm;asmx</Extensions>
    </Filter>
    <Filter Include="头文件">
      <UniqueIdentifier>{93995380-89BD-4b04-88EB-625FBE52EBFB}</UniqueIdentifier>
      <Extensions>h;hh;hpp;hxx;hm;inl;inc;xsd</Extensions>
    </Filter>
    <Filter Include="资源文件">
      <UniqueIdentifier>{67DA6AB6-F800-4c08-8B7A-83BB121AAD01}</UniqueIdentifier>
      <Extensions>rc;ico;cur;bmp;dlg;rc2;rct;bin;rgs;gif;jpg;jpeg;jpe;resx;tiff;tif;png;wav;mfcribbon-ms</Extensions>
    </Filter>
    <Filter Include="源文件\ZUI">
      <UniqueIdentifier>{a644b317-af91-400d-b04a-3dc6ce04958a}</UniqueIdentifier>
    </Filter>
    <Filter Include="源文件\ZUI\core">
      <UniqueIdentifier>{d33ebd70-593e-417b-8c19-0555cd3876db}</UniqueIdentifier>
    </Filter>
    <Filter Include="源文件\ZUI\layout">
      <UniqueIdentifier>{c61ac0b6-8bbd-4181-b0e7-8a76afb2f504}</UniqueIdentifier>
    </Filter>
    <Filter Include="源文件\ZUI\control">
      <UniqueIdentifier>{2a04994e-496d-4e55-9a99-a87c904c76ca}</UniqueIdentifier>
    </Filter>
    <Filter Include="源文件\ZUI\zlib">
      <UniqueIdentifier>{c2040230-fbcf-4d38-b70e-884f6d96dd29}</UniqueIdentifier>
    </Filter>
    <Filter Include="源文件\ZUI\platform">
      <UniqueIdentifier>{02dab5c7-d5b8-47cd-8543-c2533a8a307c}</UniqueIdentifier>
    </Filter>
    <Filter Include="源文件\ZUI\platform\graph">
      <UniqueIdentifier>{0780342e-fedc-44a8-9f29-d82aa900e192}</UniqueIdentifier>
    </Filter>
    <Filter Include="源文件\ZUI\platform\os">
      <UniqueIdentifier>{791b9167-ee45-4da6-83a6-5dc77fa09011}</UniqueIdentifier>
    </Filter>
    <Filter Include="res">
      <UniqueIdentifier>{a90f9f18-13a3-4732-8899-f98cc25eb9ae}</UniqueIdentifier>
    </Filter>
    <Filter Include="res\img">
      <UniqueIdentifier>{428b899d-64aa-4009-a797-c7022c05b2a7}</UniqueIdentifier>
    </Filter>
    <Filter Include="源文件\ZUI\duktape">
      <UniqueIdentifier>{81afd6b2-6635-4b22-8403-7d9b453f381c}</UniqueIdentifier>
    </Filter>
  </ItemGroup>
  <ItemGroup>
    <ClCompile Include="..\..\Designer\CodeEdit.c">
      <Filter>源文件</Filter>
    </ClCompile>
    <ClCompile Include="..\..\Designer\Designer.c">
      <Filter>源文件</Filter>
    </ClCompile>
    <ClCompile Include="..\..\ZUI\control\Browser.c">
      <Filter>源文件\ZUI\control</Filter>
    </ClCompile>
    <ClCompile Include="..\..\ZUI\control\Button.c">
      <Filter>源文件\ZUI\control</Filter>
    </ClCompile>
    <ClCompile Include="..\..\ZUI\control\Edit.c">
      <Filter>源文件\ZUI\control</Filter>
    </ClCompile>
    <ClCompile Include="..\..\ZUI\control\Label.c">
      <Filter>源文件\ZUI\control</Filter>
    </ClCompile>
    <ClCompile Include="..\..\ZUI\control\List.c">
      <Filter>源文件\ZUI\control</Filter>
    </ClCompile>
    <ClCompile Include="..\..\ZUI\control\Menu.c">
      <Filter>源文件\ZUI\control</Filter>
    </ClCompile>
    <ClCompile Include="..\..\ZUI\control\MenuBar.c">
      <Filter>源文件\ZUI\control</Filter>
    </ClCompile>
    <ClCompile Include="..\..\ZUI\control\Option.c">
      <Filter>源文件\ZUI\control</Filter>
    </ClCompile>
    <ClCompile Include="..\..\ZUI\control\Register.c">
      <Filter>源文件\ZUI\control</Filter>
    </ClCompile>
    <ClCompile Include="..\..\ZUI\control\ScrollBar.c">
      <Filter>源文件\ZUI\control</Filter>
    </ClCompile>
    <ClCompile Include="..\..\ZUI\control\SplitterBar.c">
      <Filter>源文件\ZUI\control</Filter>
    </ClCompile>
    <ClCompile Include="..\..\ZUI\control\Virtual.c">
      <Filter>源文件\ZUI\control</Filter>
    </ClCompile>
    <ClCompile Include="..\..\ZUI\control\window.c">
      <Filter>源文件\ZUI\control</Filter>
    </ClCompile>
    <ClCompile Include="..\..\ZUI\core\animation.c">
      <Filter>源文件\ZUI\core</Filter>
    </ClCompile>
    <ClCompile Include="..\..\ZUI\core\builder.c">
      <Filter>源文件\ZUI\core</Filter>
    </ClCompile>
    <ClCompile Include="..\..\ZUI\core\carray.c">
      <Filter>源文件\ZUI\core</Filter>
    </ClCompile>
    <ClCompile Include="..\..\ZUI\core\control.c">
      <Filter>源文件\ZUI\core</Filter>
    </ClCompile>
    <ClCompile Include="..\..\ZUI\core\debug.c">
      <Filter>源文件\ZUI\core</Filter>
    </ClCompile>
    <ClCompile Include="..\..\ZUI\core\function.c">
      <Filter>源文件\ZUI\core</Filter>
    </ClCompile>
    <ClCompile Include="..\..\ZUI\core\global.c">
      <Filter>源文件\ZUI\core</Filter>
    </ClCompile>
    <ClCompile Include="..\..\ZUI\core\manager.c">
      <Filter>源文件\ZUI\core</Filter>
    </ClCompile>
    <ClCompile Include="..\..\ZUI\core\memory.c">
      <Filter>源文件\ZUI\core</Filter>
    </ClCompile>
    <ClCompile Include="..\..\ZUI\core\mxml.c">
      <Filter>源文件\ZUI\core</Filter>
    </ClCompile>
    <ClCompile Include="..\..\ZUI\core\resdb.c">
      <Filter>源文件\ZUI\core</Filter>
    </ClCompile>
    <ClCompile Include="..\..\ZUI\core\string.c">
      <Filter>源文件\ZUI\core</Filter>
    </ClCompile>
    <ClCompile Include="..\..\ZUI\core\template.c">
      <Filter>源文件\ZUI\core</Filter>
    </ClCompile>
    <ClCompile Include="..\..\ZUI\core\tree.c">
      <Filter>源文件\ZUI\core</Filter>
    </ClCompile>
    <ClCompile Include="..\..\ZUI\layout\HorizontalLayout.c">
      <Filter>源文件\ZUI\layout</Filter>
    </ClCompile>
    <ClCompile Include="..\..\ZUI\layout\Layout.c">
      <Filter>源文件\ZUI\layout</Filter>
    </ClCompile>
    <ClCompile Include="..\..\ZUI\layout\TabLayout.c">
      <Filter>源文件\ZUI\layout</Filter>
    </ClCompile>
    <ClCompile Include="..\..\ZUI\layout\TileLayout.c">
      <Filter>源文件\ZUI\layout</Filter>
    </ClCompile>
    <ClCompile Include="..\..\ZUI\layout\VerticalLayout.c">
      <Filter>源文件\ZUI\layout</Filter>
    </ClCompile>
    <ClCompile Include="..\..\ZUI\platform\graph\gdi.c">
      <Filter>源文件\ZUI\platform\graph</Filter>
    </ClCompile>
    <ClCompile Include="..\..\ZUI\platform\os\win.c">
      <Filter>源文件\ZUI\platform\os</Filter>
    </ClCompile>
    <ClCompile Include="..\..\ZUI\zlib\adler32.c">
      <Filter>源文件\ZUI\zlib</Filter>
    </ClCompile>
    <ClCompile Include="..\..\ZUI\zlib\crc32.c">
      <Filter>源文件\ZUI\zlib</Filter>
    </ClCompile>
    <ClCompile Include="..\..\ZUI\zlib\deflate.c">
      <Filter>源文件\ZUI\zlib</Filter>
    </ClCompile>
    <ClCompile Include="..\..\ZUI\zlib\inffast.c">
      <Filter>源文件\ZUI\zlib</Filter>
    </ClCompile>
    <ClCompile Include="..\..\ZUI\zlib\inflate.c">
      <Filter>源文件\ZUI\zlib</Filter>
    </ClCompile>
    <ClCompile Include="..\..\ZUI\zlib\inftrees.c">
      <Filter>源文件\ZUI\zlib</Filter>
    </ClCompile>
    <ClCompile Include="..\..\ZUI\zlib\trees.c">
      <Filter>源文件\ZUI\zlib</Filter>
    </ClCompile>
    <ClCompile Include="..\..\ZUI\zlib\unzip.c">
      <Filter>源文件\ZUI\zlib</Filter>
    </ClCompile>
    <ClCompile Include="..\..\ZUI\zlib\zutil.c">
      <Filter>源文件\ZUI\zlib</Filter>
    </ClCompile>
    <ClCompile Include="..\..\ZUI\vc6.cpp">
      <Filter>源文件\ZUI</Filter>
    </ClCompile>
    <ClCompile Include="..\..\ZUI\control\TreeView.c">
      <Filter>源文件\ZUI\control</Filter>
    </ClCompile>
    <ClCompile Include="..\..\ZUI\duktape\duk_alloc_default.c">
      <Filter>源文件\ZUI\duktape</Filter>
    </ClCompile>
    <ClCompile Include="..\..\ZUI\duktape\duk_api_buffer.c">
      <Filter>源文件\ZUI\duktape</Filter>
    </ClCompile>
    <ClCompile Include="..\..\ZUI\duktape\duk_api_bytecode.c">
      <Filter>源文件\ZUI\duktape</Filter>
    </ClCompile>
    <ClCompile Include="..\..\ZUI\duktape\duk_api_call.c">
      <Filter>源文件\ZUI\duktape</Filter>
    </ClCompile>
    <ClCompile Include="..\..\ZUI\duktape\duk_api_codec.c">
      <Filter>源文件\ZUI\duktape</Filter>
    </ClCompile>
    <ClCompile Include="..\..\ZUI\duktape\duk_api_compile.c">
      <Filter>源文件\ZUI\duktape</Filter>
    </ClCompile>
    <ClCompile Include="..\..\ZUI\duktape\duk_api_debug.c">
      <Filter>源文件\ZUI\duktape</Filter>
    </ClCompile>
    <ClCompile Include="..\..\ZUI\duktape\duk_api_heap.c">
      <Filter>源文件\ZUI\duktape</Filter>
    </ClCompile>
    <ClCompile Include="..\..\ZUI\duktape\duk_api_inspect.c">
      <Filter>源文件\ZUI\duktape</Filter>
    </ClCompile>
    <ClCompile Include="..\..\ZUI\duktape\duk_api_memory.c">
      <Filter>源文件\ZUI\duktape</Filter>
    </ClCompile>
    <ClCompile Include="..\..\ZUI\duktape\duk_api_object.c">
      <Filter>源文件\ZUI\duktape</Filter>
    </ClCompile>
    <ClCompile Include="..\..\ZUI\duktape\duk_api_stack.c">
      <Filter>源文件\ZUI\duktape</Filter>
    </ClCompile>
    <ClCompile Include="..\..\ZUI\duktape\duk_api_string.c">
      <Filter>源文件\ZUI\duktape</Filter>
    </ClCompile>
    <ClCompile Include="..\..\ZUI\duktape\duk_api_time.c">
      <Filter>源文件\ZUI\duktape</Filter>
    </ClCompile>
    <ClCompile Include="..\..\ZUI\duktape\duk_bi_array.c">
      <Filter>源文件\ZUI\duktape</Filter>
    </ClCompile>
    <ClCompile Include="..\..\ZUI\duktape\duk_bi_boolean.c">
      <Filter>源文件\ZUI\duktape</Filter>
    </ClCompile>
    <ClCompile Include="..\..\ZUI\duktape\duk_bi_buffer.c">
      <Filter>源文件\ZUI\duktape</Filter>
    </ClCompile>
    <ClCompile Include="..\..\ZUI\duktape\duk_bi_date.c">
      <Filter>源文件\ZUI\duktape</Filter>
    </ClCompile>
    <ClCompile Include="..\..\ZUI\duktape\duk_bi_date_unix.c">
      <Filter>源文件\ZUI\duktape</Filter>
    </ClCompile>
    <ClCompile Include="..\..\ZUI\duktape\duk_bi_date_windows.c">
      <Filter>源文件\ZUI\duktape</Filter>
    </ClCompile>
    <ClCompile Include="..\..\ZUI\duktape\duk_bi_duktape.c">
      <Filter>源文件\ZUI\duktape</Filter>
    </ClCompile>
    <ClCompile Include="..\..\ZUI\duktape\duk_bi_encoding.c">
      <Filter>源文件\ZUI\duktape</Filter>
    </ClCompile>
    <ClCompile Include="..\..\ZUI\duktape\duk_bi_error.c">
      <Filter>源文件\ZUI\duktape</Filter>
    </ClCompile>
    <ClCompile Include="..\..\ZUI\duktape\duk_bi_function.c">
      <Filter>源文件\ZUI\duktape</Filter>
    </ClCompile>
    <ClCompile Include="..\..\ZUI\duktape\duk_bi_global.c">
      <Filter>源文件\ZUI\duktape</Filter>
    </ClCompile>
    <ClCompile Include="..\..\ZUI\duktape\duk_bi_json.c">
      <Filter>源文件\ZUI\duktape</Filter>
    </ClCompile>
    <ClCompile Include="..\..\ZUI\duktape\duk_bi_math.c">
      <Filter>源文件\ZUI\duktape</Filter>
    </ClCompile>
    <ClCompile Include="..\..\ZUI\duktape\duk_bi_number.c">
      <Filter>源文件\ZUI\duktape</Filter>
    </ClCompile>
    <ClCompile Include="..\..\ZUI\duktape\duk_bi_object.c">
      <Filter>源文件\ZUI\duktape</Filter>
    </ClCompile>
    <ClCompile Include="..\..\ZUI\duktape\duk_bi_pointer.c">
      <Filter>源文件\ZUI\duktape</Filter>
    </ClCompile>
    <ClCompile Include="..\..\ZUI\duktape\duk_bi_proxy.c">
      <Filter>源文件\ZUI\duktape</Filter>
    </ClCompile>
    <ClCompile Include="..\..\ZUI\duktape\duk_bi_reflect.c">
      <Filter>源文件\ZUI\duktape</Filter>
    </ClCompile>
    <ClCompile Include="..\..\ZUI\duktape\duk_bi_regexp.c">
      <Filter>源文件\ZUI\duktape</Filter>
    </ClCompile>
    <ClCompile Include="..\..\ZUI\duktape\duk_bi_string.c">
      <Filter>源文件\ZUI\duktape</Filter>
    </ClCompile>
    <ClCompile Include="..\..\ZUI\duktape\duk_bi_symbol.c">
      <Filter>源文件\ZUI\duktape</Filter>
    </ClCompile>
    <ClCompile Include="..\..\ZUI\duktape\duk_bi_thread.c">
      <Filter>源文件\ZUI\duktape</Filter>
    </ClCompile>
    <ClCompile Include="..\..\ZUI\duktape\duk_bi_thrower.c">
      <Filter>源文件\ZUI\duktape</Filter>
    </ClCompile>
    <ClCompile Include="..\..\ZUI\duktape\duk_builtins.c">
      <Filter>源文件\ZUI\duktape</Filter>
    </ClCompile>
    <ClCompile Include="..\..\ZUI\duktape\duk_debug_fixedbuffer.c">
      <Filter>源文件\ZUI\duktape</Filter>
    </ClCompile>
    <ClCompile Include="..\..\ZUI\duktape\duk_debug_macros.c">
      <Filter>源文件\ZUI\duktape</Filter>
    </ClCompile>
    <ClCompile Include="..\..\ZUI\duktape\duk_debug_vsnprintf.c">
      <Filter>源文件\ZUI\duktape</Filter>
    </ClCompile>
    <ClCompile Include="..\..\ZUI\duktape\duk_debugger.c">
      <Filter>源文件\ZUI\duktape</Filter>
    </ClCompile>
    <ClCompile Include="..\..\ZUI\duktape\duk_error_augment.c">
      <Filter>源文件\ZUI\duktape</Filter>
    </ClCompile>
    <ClCompile Include="..\..\ZUI\duktape\duk_error_longjmp.c">
      <Filter>源文件\ZUI\duktape</Filter>
    </ClCompile>
    <ClCompile Include="..\..\ZUI\duktape\duk_error_macros.c">
      <Filter>源文件\ZUI\duktape</Filter>
    </ClCompile>
    <ClCompile Include="..\..\ZUI\duktape\duk_error_misc.c">
      <Filter>源文件\ZUI\duktape</Filter>
    </ClCompile>
    <ClCompile Include="..\..\ZUI\duktape\duk_error_throw.c">
      <Filter>源文件\ZUI\duktape</Filter>
    </ClCompile>
    <ClCompile Include="..\..\ZUI\duktape\duk_hbuffer_alloc.c">
      <Filter>源文件\ZUI\duktape</Filter>
    </ClCompile>
    <ClCompile Include="..\..\ZUI\duktape\duk_hbuffer_ops.c">
      <Filter>源文件\ZUI\duktape</Filter>
    </ClCompile>
    <ClCompile Include="..\..\ZUI\duktape\duk_hbufobj_misc.c">
      <Filter>源文件\ZUI\duktape</Filter>
    </ClCompile>
    <ClCompile Include="..\..\ZUI\duktape\duk_heap_alloc.c">
      <Filter>源文件\ZUI\duktape</Filter>
    </ClCompile>
    <ClCompile Include="..\..\ZUI\duktape\duk_heap_hashstring.c">
      <Filter>源文件\ZUI\duktape</Filter>
    </ClCompile>
    <ClCompile Include="..\..\ZUI\duktape\duk_heap_markandsweep.c">
      <Filter>源文件\ZUI\duktape</Filter>
    </ClCompile>
    <ClCompile Include="..\..\ZUI\duktape\duk_heap_memory.c">
      <Filter>源文件\ZUI\duktape</Filter>
    </ClCompile>
    <ClCompile Include="..\..\ZUI\duktape\duk_heap_misc.c">
      <Filter>源文件\ZUI\duktape</Filter>
    </ClCompile>
    <ClCompile Include="..\..\ZUI\duktape\duk_heap_refcount.c">
      <Filter>源文件\ZUI\duktape</Filter>
    </ClCompile>
    <ClCompile Include="..\..\ZUI\duktape\duk_heap_stringcache.c">
      <Filter>源文件\ZUI\duktape</Filter>
    </ClCompile>
    <ClCompile Include="..\..\ZUI\duktape\duk_heap_stringtable.c">
      <Filter>源文件\ZUI\duktape</Filter>
    </ClCompile>
    <ClCompile Include="..\..\ZUI\duktape\duk_hobject_alloc.c">
      <Filter>源文件\ZUI\duktape</Filter>
    </ClCompile>
    <ClCompile Include="..\..\ZUI\duktape\duk_hobject_class.c">
      <Filter>源文件\ZUI\duktape</Filter>
    </ClCompile>
    <ClCompile Include="..\..\ZUI\duktape\duk_hobject_enum.c">
      <Filter>源文件\ZUI\duktape</Filter>
    </ClCompile>
    <ClCompile Include="..\..\ZUI\duktape\duk_hobject_finalizer.c">
      <Filter>源文件\ZUI\duktape</Filter>
    </ClCompile>
    <ClCompile Include="..\..\ZUI\duktape\duk_hobject_misc.c">
      <Filter>源文件\ZUI\duktape</Filter>
    </ClCompile>
    <ClCompile Include="..\..\ZUI\duktape\duk_hobject_pc2line.c">
      <Filter>源文件\ZUI\duktape</Filter>
    </ClCompile>
    <ClCompile Include="..\..\ZUI\duktape\duk_hobject_props.c">
      <Filter>源文件\ZUI\duktape</Filter>
    </ClCompile>
    <ClCompile Include="..\..\ZUI\duktape\duk_hstring_misc.c">
      <Filter>源文件\ZUI\duktape</Filter>
    </ClCompile>
    <ClCompile Include="..\..\ZUI\duktape\duk_hthread_alloc.c">
      <Filter>源文件\ZUI\duktape</Filter>
    </ClCompile>
    <ClCompile Include="..\..\ZUI\duktape\duk_hthread_builtins.c">
      <Filter>源文件\ZUI\duktape</Filter>
    </ClCompile>
    <ClCompile Include="..\..\ZUI\duktape\duk_hthread_misc.c">
      <Filter>源文件\ZUI\duktape</Filter>
    </ClCompile>
    <ClCompile Include="..\..\ZUI\duktape\duk_hthread_stacks.c">
      <Filter>源文件\ZUI\duktape</Filter>
    </ClCompile>
    <ClCompile Include="..\..\ZUI\duktape\duk_js_arith.c">
      <Filter>源文件\ZUI\duktape</Filter>
    </ClCompile>
    <ClCompile Include="..\..\ZUI\duktape\duk_js_call.c">
      <Filter>源文件\ZUI\duktape</Filter>
    </ClCompile>
    <ClCompile Include="..\..\ZUI\duktape\duk_js_compiler.c">
      <Filter>源文件\ZUI\duktape</Filter>
    </ClCompile>
    <ClCompile Include="..\..\ZUI\duktape\duk_js_executor.c">
      <Filter>源文件\ZUI\duktape</Filter>
    </ClCompile>
    <ClCompile Include="..\..\ZUI\duktape\duk_js_ops.c">
      <Filter>源文件\ZUI\duktape</Filter>
    </ClCompile>
    <ClCompile Include="..\..\ZUI\duktape\duk_js_var.c">
      <Filter>源文件\ZUI\duktape</Filter>
    </ClCompile>
    <ClCompile Include="..\..\ZUI\duktape\duk_lexer.c">
      <Filter>源文件\ZUI\duktape</Filter>
    </ClCompile>
    <ClCompile Include="..\..\ZUI\duktape\duk_numconv.c">
      <Filter>源文件\ZUI\duktape</Filter>
    </ClCompile>
    <ClCompile Include="..\..\ZUI\duktape\duk_regexp_compiler.c">
      <Filter>源文件\ZUI\duktape</Filter>
    </ClCompile>
    <ClCompile Include="..\..\ZUI\duktape\duk_regexp_executor.c">
      <Filter>源文件\ZUI\duktape</Filter>
    </ClCompile>
    <ClCompile Include="..\..\ZUI\duktape\duk_replacements.c">
      <Filter>源文件\ZUI\duktape</Filter>
    </ClCompile>
    <ClCompile Include="..\..\ZUI\duktape\duk_selftest.c">
      <Filter>源文件\ZUI\duktape</Filter>
    </ClCompile>
    <ClCompile Include="..\..\ZUI\duktape\duk_tval.c">
      <Filter>源文件\ZUI\duktape</Filter>
    </ClCompile>
    <ClCompile Include="..\..\ZUI\duktape\duk_unicode_support.c">
      <Filter>源文件\ZUI\duktape</Filter>
    </ClCompile>
    <ClCompile Include="..\..\ZUI\duktape\duk_unicode_tables.c">
      <Filter>源文件\ZUI\duktape</Filter>
    </ClCompile>
    <ClCompile Include="..\..\ZUI\duktape\duk_util_bitdecoder.c">
      <Filter>源文件\ZUI\duktape</Filter>
    </ClCompile>
    <ClCompile Include="..\..\ZUI\duktape\duk_util_bitencoder.c">
      <Filter>源文件\ZUI\duktape</Filter>
    </ClCompile>
    <ClCompile Include="..\..\ZUI\duktape\duk_util_bufwriter.c">
      <Filter>源文件\ZUI\duktape</Filter>
    </ClCompile>
    <ClCompile Include="..\..\ZUI\duktape\duk_util_hashbytes.c">
      <Filter>源文件\ZUI\duktape</Filter>
    </ClCompile>
    <ClCompile Include="..\..\ZUI\duktape\duk_util_hashprime.c">
      <Filter>源文件\ZUI\duktape</Filter>
    </ClCompile>
    <ClCompile Include="..\..\ZUI\duktape\duk_util_misc.c">
      <Filter>源文件\ZUI\duktape</Filter>
    </ClCompile>
    <ClCompile Include="..\..\ZUI\duktape\duk_util_tinyrandom.c">
      <Filter>源文件\ZUI\duktape</Filter>
    </ClCompile>
  </ItemGroup>
  <ItemGroup>
    <ResourceCompile Include="..\..\Designer\Designer.rc">
      <Filter>资源文件</Filter>
    </ResourceCompile>
    <ResourceCompile Include="..\..\ZUI\Default.rc">
      <Filter>资源文件</Filter>
    </ResourceCompile>
  </ItemGroup>
  <ItemGroup>
    <ClInclude Include="CodeEdit.h">
      <Filter>头文件</Filter>
    </ClInclude>
    <ClInclude Include="..\ZUI\resource.h">
      <Filter>头文件</Filter>
    </ClInclude>
    <ClInclude Include="..\..\ZUI\resource.h">
      <Filter>头文件</Filter>
    </ClInclude>
  </ItemGroup>
  <ItemGroup>
    <None Include="..\..\Designer\res\Designer.js">
      <Filter>res</Filter>
    </None>
    <None Include="..\..\Designer\res\onload.js">
      <Filter>res</Filter>
    </None>
    <None Include="..\..\ZUI\res\default.zip" />
  </ItemGroup>
  <ItemGroup>
    <Xml Include="..\..\Designer\res\Designer.xml">
      <Filter>res</Filter>
    </Xml>
  </ItemGroup>
  <ItemGroup>
    <Image Include="..\..\Designer\res\img\clos.png">
      <Filter>res\img</Filter>
    </Image>
  </ItemGroup>
</Project>